// !$*UTF8*$!
{
	archiveVersion = 1;
	classes = {
	};
	objectVersion = 56;
	objects = {

/* Begin PBXBuildFile section */
		F07FBDB02A7FBA1C00ACA10F /* AppDelegate.swift in Sources */ = {isa = PBXBuildFile; fileRef = F07FBDAF2A7FBA1C00ACA10F /* AppDelegate.swift */; };
		F07FBDB22A7FBA1C00ACA10F /* SceneDelegate.swift in Sources */ = {isa = PBXBuildFile; fileRef = F07FBDB12A7FBA1C00ACA10F /* SceneDelegate.swift */; };
		F07FBDB92A7FBA1D00ACA10F /* Assets.xcassets in Resources */ = {isa = PBXBuildFile; fileRef = F07FBDB82A7FBA1D00ACA10F /* Assets.xcassets */; };
		F07FBDBC2A7FBA1D00ACA10F /* LaunchScreen.storyboard in Resources */ = {isa = PBXBuildFile; fileRef = F07FBDBA2A7FBA1D00ACA10F /* LaunchScreen.storyboard */; };
		F07FBDC92A7FBABD00ACA10F /* Coordinator.swift in Sources */ = {isa = PBXBuildFile; fileRef = F07FBDC82A7FBABD00ACA10F /* Coordinator.swift */; };
		F07FBDCB2A7FBADF00ACA10F /* AppCoordinator.swift in Sources */ = {isa = PBXBuildFile; fileRef = F07FBDCA2A7FBADF00ACA10F /* AppCoordinator.swift */; };
		F07FBDD02A7FBB9D00ACA10F /* MainTabBarController.swift in Sources */ = {isa = PBXBuildFile; fileRef = F07FBDCF2A7FBB9D00ACA10F /* MainTabBarController.swift */; };
		F07FBDD22A7FBBB700ACA10F /* MainCoordinator.swift in Sources */ = {isa = PBXBuildFile; fileRef = F07FBDD12A7FBBB700ACA10F /* MainCoordinator.swift */; };
		F07FBDD52A7FBC9400ACA10F /* HomeChatCoordinator.swift in Sources */ = {isa = PBXBuildFile; fileRef = F07FBDD42A7FBC9400ACA10F /* HomeChatCoordinator.swift */; };
		F07FBDDB2A7FBD4A00ACA10F /* HomeChatViewController.swift in Sources */ = {isa = PBXBuildFile; fileRef = F07FBDDA2A7FBD4A00ACA10F /* HomeChatViewController.swift */; };
		F07FBDE02A7FD01B00ACA10F /* Moya in Frameworks */ = {isa = PBXBuildFile; productRef = F07FBDDF2A7FD01B00ACA10F /* Moya */; };
		F07FBDE22A7FD03E00ACA10F /* NetworkEndPointCases.swift in Sources */ = {isa = PBXBuildFile; fileRef = F07FBDE12A7FD03E00ACA10F /* NetworkEndPointCases.swift */; };
		F07FBDE42A7FD07900ACA10F /* NetworkManager.swift in Sources */ = {isa = PBXBuildFile; fileRef = F07FBDE32A7FD07900ACA10F /* NetworkManager.swift */; };
		F07FBDE72A7FD1B900ACA10F /* OpenAIChatBody.swift in Sources */ = {isa = PBXBuildFile; fileRef = F07FBDE62A7FD1B900ACA10F /* OpenAIChatBody.swift */; };
		F07FBDEB2A7FD28400ACA10F /* NetworkConstants.swift in Sources */ = {isa = PBXBuildFile; fileRef = F07FBDEA2A7FD28400ACA10F /* NetworkConstants.swift */; };
		F07FBDEE2A7FD2E900ACA10F /* OpenAIChatResponse.swift in Sources */ = {isa = PBXBuildFile; fileRef = F07FBDED2A7FD2E900ACA10F /* OpenAIChatResponse.swift */; };
		F07FBDF22A7FD57B00ACA10F /* HomeModel.swift in Sources */ = {isa = PBXBuildFile; fileRef = F07FBDF12A7FD57B00ACA10F /* HomeModel.swift */; };
		F07FBDF52A7FD72100ACA10F /* NetworkService.swift in Sources */ = {isa = PBXBuildFile; fileRef = F07FBDF42A7FD72100ACA10F /* NetworkService.swift */; };
		F07FBDF72A7FD74B00ACA10F /* OpenAIChatService.swift in Sources */ = {isa = PBXBuildFile; fileRef = F07FBDF62A7FD74B00ACA10F /* OpenAIChatService.swift */; };
		F07FBDFA2A7FD84F00ACA10F /* HomeChatViewModel.swift in Sources */ = {isa = PBXBuildFile; fileRef = F07FBDF92A7FD84F00ACA10F /* HomeChatViewModel.swift */; };
		F07FBDFC2A7FE1F400ACA10F /* HomeChatView.swift in Sources */ = {isa = PBXBuildFile; fileRef = F07FBDFB2A7FE1F400ACA10F /* HomeChatView.swift */; };
		F07FBDFF2A7FE37E00ACA10F /* UserChatCollectionCell.swift in Sources */ = {isa = PBXBuildFile; fileRef = F07FBDFE2A7FE37E00ACA10F /* UserChatCollectionCell.swift */; };
		F07FBE022A7FE66C00ACA10F /* SnapKit in Frameworks */ = {isa = PBXBuildFile; productRef = F07FBE012A7FE66C00ACA10F /* SnapKit */; };
		F07FBE042A7FE96D00ACA10F /* AssistantChatCollectionCell.swift in Sources */ = {isa = PBXBuildFile; fileRef = F07FBE032A7FE96D00ACA10F /* AssistantChatCollectionCell.swift */; };
		F07FBE0B2A7FFAF300ACA10F /* UIViewController+KeyboardAppears.swift in Sources */ = {isa = PBXBuildFile; fileRef = F07FBE0A2A7FFAF300ACA10F /* UIViewController+KeyboardAppears.swift */; };
		F07FBE0F2A801CB600ACA10F /* ColorSet.swift in Sources */ = {isa = PBXBuildFile; fileRef = F07FBE0E2A801CB600ACA10F /* ColorSet.swift */; };
		F0DADC2F2A81893F00BFC78D /* ProgressHUD in Frameworks */ = {isa = PBXBuildFile; productRef = F0DADC2E2A81893F00BFC78D /* ProgressHUD */; };
/* End PBXBuildFile section */

/* Begin PBXFileReference section */
		F07FBDAC2A7FBA1C00ACA10F /* AI-Chat-Assistant.app */ = {isa = PBXFileReference; explicitFileType = wrapper.application; includeInIndex = 0; path = "AI-Chat-Assistant.app"; sourceTree = BUILT_PRODUCTS_DIR; };
		F07FBDAF2A7FBA1C00ACA10F /* AppDelegate.swift */ = {isa = PBXFileReference; lastKnownFileType = sourcecode.swift; path = AppDelegate.swift; sourceTree = "<group>"; };
		F07FBDB12A7FBA1C00ACA10F /* SceneDelegate.swift */ = {isa = PBXFileReference; lastKnownFileType = sourcecode.swift; path = SceneDelegate.swift; sourceTree = "<group>"; };
		F07FBDB82A7FBA1D00ACA10F /* Assets.xcassets */ = {isa = PBXFileReference; lastKnownFileType = folder.assetcatalog; path = Assets.xcassets; sourceTree = "<group>"; };
		F07FBDBB2A7FBA1D00ACA10F /* Base */ = {isa = PBXFileReference; lastKnownFileType = file.storyboard; name = Base; path = Base.lproj/LaunchScreen.storyboard; sourceTree = "<group>"; };
		F07FBDBD2A7FBA1D00ACA10F /* Info.plist */ = {isa = PBXFileReference; lastKnownFileType = text.plist.xml; path = Info.plist; sourceTree = "<group>"; };
		F07FBDC82A7FBABD00ACA10F /* Coordinator.swift */ = {isa = PBXFileReference; lastKnownFileType = sourcecode.swift; path = Coordinator.swift; sourceTree = "<group>"; };
		F07FBDCA2A7FBADF00ACA10F /* AppCoordinator.swift */ = {isa = PBXFileReference; lastKnownFileType = sourcecode.swift; path = AppCoordinator.swift; sourceTree = "<group>"; };
		F07FBDCF2A7FBB9D00ACA10F /* MainTabBarController.swift */ = {isa = PBXFileReference; lastKnownFileType = sourcecode.swift; path = MainTabBarController.swift; sourceTree = "<group>"; };
		F07FBDD12A7FBBB700ACA10F /* MainCoordinator.swift */ = {isa = PBXFileReference; lastKnownFileType = sourcecode.swift; path = MainCoordinator.swift; sourceTree = "<group>"; };
		F07FBDD42A7FBC9400ACA10F /* HomeChatCoordinator.swift */ = {isa = PBXFileReference; lastKnownFileType = sourcecode.swift; path = HomeChatCoordinator.swift; sourceTree = "<group>"; };
		F07FBDDA2A7FBD4A00ACA10F /* HomeChatViewController.swift */ = {isa = PBXFileReference; lastKnownFileType = sourcecode.swift; path = HomeChatViewController.swift; sourceTree = "<group>"; };
		F07FBDE12A7FD03E00ACA10F /* NetworkEndPointCases.swift */ = {isa = PBXFileReference; lastKnownFileType = sourcecode.swift; path = NetworkEndPointCases.swift; sourceTree = "<group>"; };
		F07FBDE32A7FD07900ACA10F /* NetworkManager.swift */ = {isa = PBXFileReference; lastKnownFileType = sourcecode.swift; path = NetworkManager.swift; sourceTree = "<group>"; };
		F07FBDE62A7FD1B900ACA10F /* OpenAIChatBody.swift */ = {isa = PBXFileReference; lastKnownFileType = sourcecode.swift; path = OpenAIChatBody.swift; sourceTree = "<group>"; };
		F07FBDEA2A7FD28400ACA10F /* NetworkConstants.swift */ = {isa = PBXFileReference; lastKnownFileType = sourcecode.swift; path = NetworkConstants.swift; sourceTree = "<group>"; };
		F07FBDED2A7FD2E900ACA10F /* OpenAIChatResponse.swift */ = {isa = PBXFileReference; lastKnownFileType = sourcecode.swift; path = OpenAIChatResponse.swift; sourceTree = "<group>"; };
		F07FBDF12A7FD57B00ACA10F /* HomeModel.swift */ = {isa = PBXFileReference; lastKnownFileType = sourcecode.swift; path = HomeModel.swift; sourceTree = "<group>"; };
		F07FBDF42A7FD72100ACA10F /* NetworkService.swift */ = {isa = PBXFileReference; lastKnownFileType = sourcecode.swift; path = NetworkService.swift; sourceTree = "<group>"; };
		F07FBDF62A7FD74B00ACA10F /* OpenAIChatService.swift */ = {isa = PBXFileReference; lastKnownFileType = sourcecode.swift; path = OpenAIChatService.swift; sourceTree = "<group>"; };
		F07FBDF92A7FD84F00ACA10F /* HomeChatViewModel.swift */ = {isa = PBXFileReference; lastKnownFileType = sourcecode.swift; path = HomeChatViewModel.swift; sourceTree = "<group>"; };
		F07FBDFB2A7FE1F400ACA10F /* HomeChatView.swift */ = {isa = PBXFileReference; lastKnownFileType = sourcecode.swift; path = HomeChatView.swift; sourceTree = "<group>"; };
		F07FBDFE2A7FE37E00ACA10F /* UserChatCollectionCell.swift */ = {isa = PBXFileReference; lastKnownFileType = sourcecode.swift; path = UserChatCollectionCell.swift; sourceTree = "<group>"; };
		F07FBE032A7FE96D00ACA10F /* AssistantChatCollectionCell.swift */ = {isa = PBXFileReference; lastKnownFileType = sourcecode.swift; path = AssistantChatCollectionCell.swift; sourceTree = "<group>"; };
		F07FBE0A2A7FFAF300ACA10F /* UIViewController+KeyboardAppears.swift */ = {isa = PBXFileReference; lastKnownFileType = sourcecode.swift; path = "UIViewController+KeyboardAppears.swift"; sourceTree = "<group>"; };
		F07FBE0E2A801CB600ACA10F /* ColorSet.swift */ = {isa = PBXFileReference; lastKnownFileType = sourcecode.swift; path = ColorSet.swift; sourceTree = "<group>"; };
/* End PBXFileReference section */

/* Begin PBXFrameworksBuildPhase section */
		F07FBDA92A7FBA1C00ACA10F /* Frameworks */ = {
			isa = PBXFrameworksBuildPhase;
			buildActionMask = 2147483647;
			files = (
				F0DADC2F2A81893F00BFC78D /* ProgressHUD in Frameworks */,
				F07FBDE02A7FD01B00ACA10F /* Moya in Frameworks */,
				F07FBE022A7FE66C00ACA10F /* SnapKit in Frameworks */,
			);
			runOnlyForDeploymentPostprocessing = 0;
		};
/* End PBXFrameworksBuildPhase section */

/* Begin PBXGroup section */
		F07FBDA32A7FBA1C00ACA10F = {
			isa = PBXGroup;
			children = (
				F07FBDAE2A7FBA1C00ACA10F /* AI-Chat-Assistant */,
				F07FBDAD2A7FBA1C00ACA10F /* Products */,
			);
			sourceTree = "<group>";
		};
		F07FBDAD2A7FBA1C00ACA10F /* Products */ = {
			isa = PBXGroup;
			children = (
				F07FBDAC2A7FBA1C00ACA10F /* AI-Chat-Assistant.app */,
			);
			name = Products;
			sourceTree = "<group>";
		};
		F07FBDAE2A7FBA1C00ACA10F /* AI-Chat-Assistant */ = {
			isa = PBXGroup;
			children = (
				F07FBDC32A7FBA3A00ACA10F /* App */,
				F07FBDC62A7FBA8C00ACA10F /* Helper */,
				F07FBDCC2A7FBB5800ACA10F /* Scenes */,
				F07FBDDC2A7FCFF000ACA10F /* Network */,
				F07FBDC52A7FBA5500ACA10F /* Support */,
				F07FBDC42A7FBA4700ACA10F /* Resources */,
			);
			path = "AI-Chat-Assistant";
			sourceTree = "<group>";
		};
		F07FBDC32A7FBA3A00ACA10F /* App */ = {
			isa = PBXGroup;
			children = (
				F07FBDAF2A7FBA1C00ACA10F /* AppDelegate.swift */,
				F07FBDB12A7FBA1C00ACA10F /* SceneDelegate.swift */,
				F07FBDCA2A7FBADF00ACA10F /* AppCoordinator.swift */,
			);
			path = App;
			sourceTree = "<group>";
		};
		F07FBDC42A7FBA4700ACA10F /* Resources */ = {
			isa = PBXGroup;
			children = (
				F07FBDB82A7FBA1D00ACA10F /* Assets.xcassets */,
				F07FBDBA2A7FBA1D00ACA10F /* LaunchScreen.storyboard */,
			);
			path = Resources;
			sourceTree = "<group>";
		};
		F07FBDC52A7FBA5500ACA10F /* Support */ = {
			isa = PBXGroup;
			children = (
				F07FBDBD2A7FBA1D00ACA10F /* Info.plist */,
			);
			path = Support;
			sourceTree = "<group>";
		};
		F07FBDC62A7FBA8C00ACA10F /* Helper */ = {
			isa = PBXGroup;
			children = (
				F07FBE0C2A801C2800ACA10F /* Assets */,
				F07FBE092A7FFADD00ACA10F /* Extensions */,
				F07FBE052A7FED3500ACA10F /* Components */,
				F07FBDC72A7FBAB400ACA10F /* Protocols */,
			);
			path = Helper;
			sourceTree = "<group>";
		};
		F07FBDC72A7FBAB400ACA10F /* Protocols */ = {
			isa = PBXGroup;
			children = (
				F07FBDC82A7FBABD00ACA10F /* Coordinator.swift */,
			);
			path = Protocols;
			sourceTree = "<group>";
		};
		F07FBDCC2A7FBB5800ACA10F /* Scenes */ = {
			isa = PBXGroup;
			children = (
				F07FBDCD2A7FBB5F00ACA10F /* TabBar */,
				F07FBDD32A7FBBE700ACA10F /* HomeChat */,
			);
			path = Scenes;
			sourceTree = "<group>";
		};
		F07FBDCD2A7FBB5F00ACA10F /* TabBar */ = {
			isa = PBXGroup;
			children = (
				F07FBDD12A7FBBB700ACA10F /* MainCoordinator.swift */,
				F07FBDCE2A7FBB6D00ACA10F /* View */,
			);
			path = TabBar;
			sourceTree = "<group>";
		};
		F07FBDCE2A7FBB6D00ACA10F /* View */ = {
			isa = PBXGroup;
			children = (
				F07FBDCF2A7FBB9D00ACA10F /* MainTabBarController.swift */,
			);
			path = View;
			sourceTree = "<group>";
		};
		F07FBDD32A7FBBE700ACA10F /* HomeChat */ = {
			isa = PBXGroup;
			children = (
				F07FBDD42A7FBC9400ACA10F /* HomeChatCoordinator.swift */,
				F07FBDF02A7FD57100ACA10F /* Model */,
				F07FBDD62A7FBD0B00ACA10F /* View */,
				F07FBDF82A7FD83D00ACA10F /* ViewModel */,
			);
			path = HomeChat;
			sourceTree = "<group>";
		};
		F07FBDD62A7FBD0B00ACA10F /* View */ = {
			isa = PBXGroup;
			children = (
				F07FBDFD2A7FE35900ACA10F /* Cell */,
				F07FBDDA2A7FBD4A00ACA10F /* HomeChatViewController.swift */,
				F07FBDFB2A7FE1F400ACA10F /* HomeChatView.swift */,
			);
			path = View;
			sourceTree = "<group>";
		};
		F07FBDDC2A7FCFF000ACA10F /* Network */ = {
			isa = PBXGroup;
			children = (
				F07FBDF32A7FD6C400ACA10F /* Service */,
				F07FBDEC2A7FD2DD00ACA10F /* Model */,
				F07FBDDD2A7FCFF600ACA10F /* Core */,
				F07FBDE52A7FD1A000ACA10F /* RequestBody */,
			);
			path = Network;
			sourceTree = "<group>";
		};
		F07FBDDD2A7FCFF600ACA10F /* Core */ = {
			isa = PBXGroup;
			children = (
				F07FBDE82A7FD25B00ACA10F /* Manager */,
				F07FBDE92A7FD26400ACA10F /* Constants */,
			);
			path = Core;
			sourceTree = "<group>";
		};
		F07FBDE52A7FD1A000ACA10F /* RequestBody */ = {
			isa = PBXGroup;
			children = (
				F07FBDE62A7FD1B900ACA10F /* OpenAIChatBody.swift */,
			);
			path = RequestBody;
			sourceTree = "<group>";
		};
		F07FBDE82A7FD25B00ACA10F /* Manager */ = {
			isa = PBXGroup;
			children = (
				F07FBDE32A7FD07900ACA10F /* NetworkManager.swift */,
				F07FBDE12A7FD03E00ACA10F /* NetworkEndPointCases.swift */,
			);
			path = Manager;
			sourceTree = "<group>";
		};
		F07FBDE92A7FD26400ACA10F /* Constants */ = {
			isa = PBXGroup;
			children = (
				F07FBDEA2A7FD28400ACA10F /* NetworkConstants.swift */,
			);
			path = Constants;
			sourceTree = "<group>";
		};
		F07FBDEC2A7FD2DD00ACA10F /* Model */ = {
			isa = PBXGroup;
			children = (
				F07FBDED2A7FD2E900ACA10F /* OpenAIChatResponse.swift */,
			);
			path = Model;
			sourceTree = "<group>";
		};
		F07FBDF02A7FD57100ACA10F /* Model */ = {
			isa = PBXGroup;
			children = (
				F07FBDF12A7FD57B00ACA10F /* HomeModel.swift */,
			);
			path = Model;
			sourceTree = "<group>";
		};
		F07FBDF32A7FD6C400ACA10F /* Service */ = {
			isa = PBXGroup;
			children = (
				F07FBDF42A7FD72100ACA10F /* NetworkService.swift */,
				F07FBDF62A7FD74B00ACA10F /* OpenAIChatService.swift */,
			);
			path = Service;
			sourceTree = "<group>";
		};
		F07FBDF82A7FD83D00ACA10F /* ViewModel */ = {
			isa = PBXGroup;
			children = (
				F07FBDF92A7FD84F00ACA10F /* HomeChatViewModel.swift */,
			);
			path = ViewModel;
			sourceTree = "<group>";
		};
		F07FBDFD2A7FE35900ACA10F /* Cell */ = {
			isa = PBXGroup;
			children = (
				F07FBDFE2A7FE37E00ACA10F /* UserChatCollectionCell.swift */,
				F07FBE032A7FE96D00ACA10F /* AssistantChatCollectionCell.swift */,
			);
			path = Cell;
			sourceTree = "<group>";
		};
		F07FBE052A7FED3500ACA10F /* Components */ = {
			isa = PBXGroup;
			children = (
			);
			path = Components;
			sourceTree = "<group>";
		};
		F07FBE092A7FFADD00ACA10F /* Extensions */ = {
			isa = PBXGroup;
			children = (
				F07FBE0A2A7FFAF300ACA10F /* UIViewController+KeyboardAppears.swift */,
			);
			path = Extensions;
			sourceTree = "<group>";
		};
		F07FBE0C2A801C2800ACA10F /* Assets */ = {
			isa = PBXGroup;
			children = (
				F07FBE0E2A801CB600ACA10F /* ColorSet.swift */,
			);
			path = Assets;
			sourceTree = "<group>";
		};
/* End PBXGroup section */

/* Begin PBXNativeTarget section */
		F07FBDAB2A7FBA1C00ACA10F /* AI-Chat-Assistant */ = {
			isa = PBXNativeTarget;
			buildConfigurationList = F07FBDC02A7FBA1D00ACA10F /* Build configuration list for PBXNativeTarget "AI-Chat-Assistant" */;
			buildPhases = (
				F07FBDA82A7FBA1C00ACA10F /* Sources */,
				F07FBDA92A7FBA1C00ACA10F /* Frameworks */,
				F07FBDAA2A7FBA1C00ACA10F /* Resources */,
			);
			buildRules = (
			);
			dependencies = (
			);
			name = "AI-Chat-Assistant";
			packageProductDependencies = (
				F07FBDDF2A7FD01B00ACA10F /* Moya */,
				F07FBE012A7FE66C00ACA10F /* SnapKit */,
				F0DADC2E2A81893F00BFC78D /* ProgressHUD */,
			);
			productName = "AI-Chat-Assistant";
			productReference = F07FBDAC2A7FBA1C00ACA10F /* AI-Chat-Assistant.app */;
			productType = "com.apple.product-type.application";
		};
/* End PBXNativeTarget section */

/* Begin PBXProject section */
		F07FBDA42A7FBA1C00ACA10F /* Project object */ = {
			isa = PBXProject;
			attributes = {
				BuildIndependentTargetsInParallel = 1;
				LastSwiftUpdateCheck = 1430;
				LastUpgradeCheck = 1430;
				TargetAttributes = {
					F07FBDAB2A7FBA1C00ACA10F = {
						CreatedOnToolsVersion = 14.3.1;
					};
				};
			};
			buildConfigurationList = F07FBDA72A7FBA1C00ACA10F /* Build configuration list for PBXProject "AI-Chat-Assistant" */;
			compatibilityVersion = "Xcode 14.0";
			developmentRegion = en;
			hasScannedForEncodings = 0;
			knownRegions = (
				en,
				Base,
			);
			mainGroup = F07FBDA32A7FBA1C00ACA10F;
			packageReferences = (
				F07FBDDE2A7FD01B00ACA10F /* XCRemoteSwiftPackageReference "Moya" */,
				F07FBE002A7FE66C00ACA10F /* XCRemoteSwiftPackageReference "SnapKit" */,
				F0DADC2D2A81893F00BFC78D /* XCRemoteSwiftPackageReference "ProgressHUD" */,
			);
			productRefGroup = F07FBDAD2A7FBA1C00ACA10F /* Products */;
			projectDirPath = "";
			projectRoot = "";
			targets = (
				F07FBDAB2A7FBA1C00ACA10F /* AI-Chat-Assistant */,
			);
		};
/* End PBXProject section */

/* Begin PBXResourcesBuildPhase section */
		F07FBDAA2A7FBA1C00ACA10F /* Resources */ = {
			isa = PBXResourcesBuildPhase;
			buildActionMask = 2147483647;
			files = (
				F07FBDBC2A7FBA1D00ACA10F /* LaunchScreen.storyboard in Resources */,
				F07FBDB92A7FBA1D00ACA10F /* Assets.xcassets in Resources */,
			);
			runOnlyForDeploymentPostprocessing = 0;
		};
/* End PBXResourcesBuildPhase section */

/* Begin PBXSourcesBuildPhase section */
		F07FBDA82A7FBA1C00ACA10F /* Sources */ = {
			isa = PBXSourcesBuildPhase;
			buildActionMask = 2147483647;
			files = (
				F07FBDEB2A7FD28400ACA10F /* NetworkConstants.swift in Sources */,
				F07FBDCB2A7FBADF00ACA10F /* AppCoordinator.swift in Sources */,
				F07FBDD22A7FBBB700ACA10F /* MainCoordinator.swift in Sources */,
				F07FBDE42A7FD07900ACA10F /* NetworkManager.swift in Sources */,
				F07FBDE72A7FD1B900ACA10F /* OpenAIChatBody.swift in Sources */,
				F07FBDFC2A7FE1F400ACA10F /* HomeChatView.swift in Sources */,
				F07FBE0F2A801CB600ACA10F /* ColorSet.swift in Sources */,
				F07FBDB02A7FBA1C00ACA10F /* AppDelegate.swift in Sources */,
				F07FBDD52A7FBC9400ACA10F /* HomeChatCoordinator.swift in Sources */,
				F07FBDD02A7FBB9D00ACA10F /* MainTabBarController.swift in Sources */,
				F07FBDFA2A7FD84F00ACA10F /* HomeChatViewModel.swift in Sources */,
				F07FBDB22A7FBA1C00ACA10F /* SceneDelegate.swift in Sources */,
				F07FBDFF2A7FE37E00ACA10F /* UserChatCollectionCell.swift in Sources */,
				F07FBDE22A7FD03E00ACA10F /* NetworkEndPointCases.swift in Sources */,
				F07FBDF52A7FD72100ACA10F /* NetworkService.swift in Sources */,
				F07FBE0B2A7FFAF300ACA10F /* UIViewController+KeyboardAppears.swift in Sources */,
				F07FBE042A7FE96D00ACA10F /* AssistantChatCollectionCell.swift in Sources */,
				F07FBDF22A7FD57B00ACA10F /* HomeModel.swift in Sources */,
				F07FBDEE2A7FD2E900ACA10F /* OpenAIChatResponse.swift in Sources */,
				F07FBDC92A7FBABD00ACA10F /* Coordinator.swift in Sources */,
				F07FBDDB2A7FBD4A00ACA10F /* HomeChatViewController.swift in Sources */,
				F07FBDF72A7FD74B00ACA10F /* OpenAIChatService.swift in Sources */,
			);
			runOnlyForDeploymentPostprocessing = 0;
		};
/* End PBXSourcesBuildPhase section */

/* Begin PBXVariantGroup section */
		F07FBDBA2A7FBA1D00ACA10F /* LaunchScreen.storyboard */ = {
			isa = PBXVariantGroup;
			children = (
				F07FBDBB2A7FBA1D00ACA10F /* Base */,
			);
			name = LaunchScreen.storyboard;
			sourceTree = "<group>";
		};
/* End PBXVariantGroup section */

/* Begin XCBuildConfiguration section */
		F07FBDBE2A7FBA1D00ACA10F /* Debug */ = {
			isa = XCBuildConfiguration;
			buildSettings = {
				ALWAYS_SEARCH_USER_PATHS = NO;
				CLANG_ANALYZER_NONNULL = YES;
				CLANG_ANALYZER_NUMBER_OBJECT_CONVERSION = YES_AGGRESSIVE;
				CLANG_CXX_LANGUAGE_STANDARD = "gnu++20";
				CLANG_ENABLE_MODULES = YES;
				CLANG_ENABLE_OBJC_ARC = YES;
				CLANG_ENABLE_OBJC_WEAK = YES;
				CLANG_WARN_BLOCK_CAPTURE_AUTORELEASING = YES;
				CLANG_WARN_BOOL_CONVERSION = YES;
				CLANG_WARN_COMMA = YES;
				CLANG_WARN_CONSTANT_CONVERSION = YES;
				CLANG_WARN_DEPRECATED_OBJC_IMPLEMENTATIONS = YES;
				CLANG_WARN_DIRECT_OBJC_ISA_USAGE = YES_ERROR;
				CLANG_WARN_DOCUMENTATION_COMMENTS = YES;
				CLANG_WARN_EMPTY_BODY = YES;
				CLANG_WARN_ENUM_CONVERSION = YES;
				CLANG_WARN_INFINITE_RECURSION = YES;
				CLANG_WARN_INT_CONVERSION = YES;
				CLANG_WARN_NON_LITERAL_NULL_CONVERSION = YES;
				CLANG_WARN_OBJC_IMPLICIT_RETAIN_SELF = YES;
				CLANG_WARN_OBJC_LITERAL_CONVERSION = YES;
				CLANG_WARN_OBJC_ROOT_CLASS = YES_ERROR;
				CLANG_WARN_QUOTED_INCLUDE_IN_FRAMEWORK_HEADER = YES;
				CLANG_WARN_RANGE_LOOP_ANALYSIS = YES;
				CLANG_WARN_STRICT_PROTOTYPES = YES;
				CLANG_WARN_SUSPICIOUS_MOVE = YES;
				CLANG_WARN_UNGUARDED_AVAILABILITY = YES_AGGRESSIVE;
				CLANG_WARN_UNREACHABLE_CODE = YES;
				CLANG_WARN__DUPLICATE_METHOD_MATCH = YES;
				COPY_PHASE_STRIP = NO;
				DEBUG_INFORMATION_FORMAT = dwarf;
				ENABLE_STRICT_OBJC_MSGSEND = YES;
				ENABLE_TESTABILITY = YES;
				GCC_C_LANGUAGE_STANDARD = gnu11;
				GCC_DYNAMIC_NO_PIC = NO;
				GCC_NO_COMMON_BLOCKS = YES;
				GCC_OPTIMIZATION_LEVEL = 0;
				GCC_PREPROCESSOR_DEFINITIONS = (
					"DEBUG=1",
					"$(inherited)",
				);
				GCC_WARN_64_TO_32_BIT_CONVERSION = YES;
				GCC_WARN_ABOUT_RETURN_TYPE = YES_ERROR;
				GCC_WARN_UNDECLARED_SELECTOR = YES;
				GCC_WARN_UNINITIALIZED_AUTOS = YES_AGGRESSIVE;
				GCC_WARN_UNUSED_FUNCTION = YES;
				GCC_WARN_UNUSED_VARIABLE = YES;
				IPHONEOS_DEPLOYMENT_TARGET = 16.4;
				MTL_ENABLE_DEBUG_INFO = INCLUDE_SOURCE;
				MTL_FAST_MATH = YES;
				ONLY_ACTIVE_ARCH = YES;
				SDKROOT = iphoneos;
				SWIFT_ACTIVE_COMPILATION_CONDITIONS = DEBUG;
				SWIFT_OPTIMIZATION_LEVEL = "-Onone";
			};
			name = Debug;
		};
		F07FBDBF2A7FBA1D00ACA10F /* Release */ = {
			isa = XCBuildConfiguration;
			buildSettings = {
				ALWAYS_SEARCH_USER_PATHS = NO;
				CLANG_ANALYZER_NONNULL = YES;
				CLANG_ANALYZER_NUMBER_OBJECT_CONVERSION = YES_AGGRESSIVE;
				CLANG_CXX_LANGUAGE_STANDARD = "gnu++20";
				CLANG_ENABLE_MODULES = YES;
				CLANG_ENABLE_OBJC_ARC = YES;
				CLANG_ENABLE_OBJC_WEAK = YES;
				CLANG_WARN_BLOCK_CAPTURE_AUTORELEASING = YES;
				CLANG_WARN_BOOL_CONVERSION = YES;
				CLANG_WARN_COMMA = YES;
				CLANG_WARN_CONSTANT_CONVERSION = YES;
				CLANG_WARN_DEPRECATED_OBJC_IMPLEMENTATIONS = YES;
				CLANG_WARN_DIRECT_OBJC_ISA_USAGE = YES_ERROR;
				CLANG_WARN_DOCUMENTATION_COMMENTS = YES;
				CLANG_WARN_EMPTY_BODY = YES;
				CLANG_WARN_ENUM_CONVERSION = YES;
				CLANG_WARN_INFINITE_RECURSION = YES;
				CLANG_WARN_INT_CONVERSION = YES;
				CLANG_WARN_NON_LITERAL_NULL_CONVERSION = YES;
				CLANG_WARN_OBJC_IMPLICIT_RETAIN_SELF = YES;
				CLANG_WARN_OBJC_LITERAL_CONVERSION = YES;
				CLANG_WARN_OBJC_ROOT_CLASS = YES_ERROR;
				CLANG_WARN_QUOTED_INCLUDE_IN_FRAMEWORK_HEADER = YES;
				CLANG_WARN_RANGE_LOOP_ANALYSIS = YES;
				CLANG_WARN_STRICT_PROTOTYPES = YES;
				CLANG_WARN_SUSPICIOUS_MOVE = YES;
				CLANG_WARN_UNGUARDED_AVAILABILITY = YES_AGGRESSIVE;
				CLANG_WARN_UNREACHABLE_CODE = YES;
				CLANG_WARN__DUPLICATE_METHOD_MATCH = YES;
				COPY_PHASE_STRIP = NO;
				DEBUG_INFORMATION_FORMAT = "dwarf-with-dsym";
				ENABLE_NS_ASSERTIONS = NO;
				ENABLE_STRICT_OBJC_MSGSEND = YES;
				GCC_C_LANGUAGE_STANDARD = gnu11;
				GCC_NO_COMMON_BLOCKS = YES;
				GCC_WARN_64_TO_32_BIT_CONVERSION = YES;
				GCC_WARN_ABOUT_RETURN_TYPE = YES_ERROR;
				GCC_WARN_UNDECLARED_SELECTOR = YES;
				GCC_WARN_UNINITIALIZED_AUTOS = YES_AGGRESSIVE;
				GCC_WARN_UNUSED_FUNCTION = YES;
				GCC_WARN_UNUSED_VARIABLE = YES;
				IPHONEOS_DEPLOYMENT_TARGET = 16.4;
				MTL_ENABLE_DEBUG_INFO = NO;
				MTL_FAST_MATH = YES;
				SDKROOT = iphoneos;
				SWIFT_COMPILATION_MODE = wholemodule;
				SWIFT_OPTIMIZATION_LEVEL = "-O";
				VALIDATE_PRODUCT = YES;
			};
			name = Release;
		};
		F07FBDC12A7FBA1D00ACA10F /* Debug */ = {
			isa = XCBuildConfiguration;
			buildSettings = {
				ASSETCATALOG_COMPILER_APPICON_NAME = AppIcon;
				ASSETCATALOG_COMPILER_GLOBAL_ACCENT_COLOR_NAME = AccentColor;
				CODE_SIGN_STYLE = Automatic;
				CURRENT_PROJECT_VERSION = 1;
				DEVELOPMENT_TEAM = 78Y3UD747G;
				GENERATE_INFOPLIST_FILE = YES;
				INFOPLIST_FILE = "AI-Chat-Assistant/Support/Info.plist";
				INFOPLIST_KEY_UIApplicationSupportsIndirectInputEvents = YES;
				INFOPLIST_KEY_UILaunchStoryboardName = LaunchScreen;
				INFOPLIST_KEY_UISupportedInterfaceOrientations = UIInterfaceOrientationPortrait;
				INFOPLIST_KEY_UISupportedInterfaceOrientations_iPad = "UIInterfaceOrientationLandscapeLeft UIInterfaceOrientationLandscapeRight UIInterfaceOrientationPortrait UIInterfaceOrientationPortraitUpsideDown";
				IPHONEOS_DEPLOYMENT_TARGET = 14.0;
				LD_RUNPATH_SEARCH_PATHS = (
					"$(inherited)",
					"@executable_path/Frameworks",
				);
				MARKETING_VERSION = 1.0.0;
				PRODUCT_BUNDLE_IDENTIFIER = "com.ekremalkan.AI-Chat-Assistant";
				PRODUCT_NAME = "$(TARGET_NAME)";
				SUPPORTED_PLATFORMS = "iphoneos iphonesimulator";
				SUPPORTS_MACCATALYST = NO;
				SUPPORTS_MAC_DESIGNED_FOR_IPHONE_IPAD = NO;
				SWIFT_EMIT_LOC_STRINGS = YES;
				SWIFT_VERSION = 5.0;
				TARGETED_DEVICE_FAMILY = "1,2";
			};
			name = Debug;
		};
		F07FBDC22A7FBA1D00ACA10F /* Release */ = {
			isa = XCBuildConfiguration;
			buildSettings = {
				ASSETCATALOG_COMPILER_APPICON_NAME = AppIcon;
				ASSETCATALOG_COMPILER_GLOBAL_ACCENT_COLOR_NAME = AccentColor;
				CODE_SIGN_STYLE = Automatic;
				CURRENT_PROJECT_VERSION = 1;
				DEVELOPMENT_TEAM = 78Y3UD747G;
				GENERATE_INFOPLIST_FILE = YES;
				INFOPLIST_FILE = "AI-Chat-Assistant/Support/Info.plist";
				INFOPLIST_KEY_UIApplicationSupportsIndirectInputEvents = YES;
				INFOPLIST_KEY_UILaunchStoryboardName = LaunchScreen;
				INFOPLIST_KEY_UISupportedInterfaceOrientations = UIInterfaceOrientationPortrait;
				INFOPLIST_KEY_UISupportedInterfaceOrientations_iPad = "UIInterfaceOrientationLandscapeLeft UIInterfaceOrientationLandscapeRight UIInterfaceOrientationPortrait UIInterfaceOrientationPortraitUpsideDown";
				IPHONEOS_DEPLOYMENT_TARGET = 14.0;
				LD_RUNPATH_SEARCH_PATHS = (
					"$(inherited)",
					"@executable_path/Frameworks",
				);
				MARKETING_VERSION = 1.0.0;
				PRODUCT_BUNDLE_IDENTIFIER = "com.ekremalkan.AI-Chat-Assistant";
				PRODUCT_NAME = "$(TARGET_NAME)";
				SUPPORTED_PLATFORMS = "iphoneos iphonesimulator";
				SUPPORTS_MACCATALYST = NO;
				SUPPORTS_MAC_DESIGNED_FOR_IPHONE_IPAD = NO;
				SWIFT_EMIT_LOC_STRINGS = YES;
				SWIFT_VERSION = 5.0;
				TARGETED_DEVICE_FAMILY = "1,2";
			};
			name = Release;
		};
/* End XCBuildConfiguration section */

/* Begin XCConfigurationList section */
		F07FBDA72A7FBA1C00ACA10F /* Build configuration list for PBXProject "AI-Chat-Assistant" */ = {
			isa = XCConfigurationList;
			buildConfigurations = (
				F07FBDBE2A7FBA1D00ACA10F /* Debug */,
				F07FBDBF2A7FBA1D00ACA10F /* Release */,
			);
			defaultConfigurationIsVisible = 0;
			defaultConfigurationName = Release;
		};
		F07FBDC02A7FBA1D00ACA10F /* Build configuration list for PBXNativeTarget "AI-Chat-Assistant" */ = {
			isa = XCConfigurationList;
			buildConfigurations = (
				F07FBDC12A7FBA1D00ACA10F /* Debug */,
				F07FBDC22A7FBA1D00ACA10F /* Release */,
			);
			defaultConfigurationIsVisible = 0;
			defaultConfigurationName = Release;
		};
/* End XCConfigurationList section */

/* Begin XCRemoteSwiftPackageReference section */
		F07FBDDE2A7FD01B00ACA10F /* XCRemoteSwiftPackageReference "Moya" */ = {
			isa = XCRemoteSwiftPackageReference;
			repositoryURL = "https://github.com/Moya/Moya.git";
			requirement = {
				kind = upToNextMajorVersion;
				minimumVersion = 15.0.0;
			};
		};
		F07FBE002A7FE66C00ACA10F /* XCRemoteSwiftPackageReference "SnapKit" */ = {
			isa = XCRemoteSwiftPackageReference;
			repositoryURL = "https://github.com/SnapKit/SnapKit.git";
			requirement = {
				kind = upToNextMajorVersion;
				minimumVersion = 5.0.0;
			};
		};
		F0DADC2D2A81893F00BFC78D /* XCRemoteSwiftPackageReference "ProgressHUD" */ = {
			isa = XCRemoteSwiftPackageReference;
			repositoryURL = "https://github.com/relatedcode/ProgressHUD";
			requirement = {
				kind = upToNextMajorVersion;
				minimumVersion = 13.0.0;
			};
		};
/* End XCRemoteSwiftPackageReference section */

/* Begin XCSwiftPackageProductDependency section */
		F07FBDDF2A7FD01B00ACA10F /* Moya */ = {
			isa = XCSwiftPackageProductDependency;
			package = F07FBDDE2A7FD01B00ACA10F /* XCRemoteSwiftPackageReference "Moya" */;
			productName = Moya;
		};
		F07FBE012A7FE66C00ACA10F /* SnapKit */ = {
			isa = XCSwiftPackageProductDependency;
			package = F07FBE002A7FE66C00ACA10F /* XCRemoteSwiftPackageReference "SnapKit" */;
			productName = SnapKit;
		};
		F0DADC2E2A81893F00BFC78D /* ProgressHUD */ = {
			isa = XCSwiftPackageProductDependency;
			package = F0DADC2D2A81893F00BFC78D /* XCRemoteSwiftPackageReference "ProgressHUD" */;
			productName = ProgressHUD;
		};
/* End XCSwiftPackageProductDependency section */
	};
	rootObject = F07FBDA42A7FBA1C00ACA10F /* Project object */;
}
