// !$*UTF8*$!
{
	archiveVersion = 1;
	classes = {
	};
	objectVersion = 56;
	objects = {

/* Begin PBXBuildFile section */
		F01BA7F12A968E2C008E0DA3 /* String+CopyToClipboard.swift in Sources */ = {isa = PBXBuildFile; fileRef = F01BA7F02A968E2C008E0DA3 /* String+CopyToClipboard.swift */; };
		F01BA7F32A968F5C008E0DA3 /* UIViewController+ShowToast.swift in Sources */ = {isa = PBXBuildFile; fileRef = F01BA7F22A968F5C008E0DA3 /* UIViewController+ShowToast.swift */; };
		F02563D92AB7369A00D10150 /* BetterSegmentedControl in Frameworks */ = {isa = PBXBuildFile; productRef = F02563D82AB7369A00D10150 /* BetterSegmentedControl */; };
		F02563DD2AB7486000D10150 /* SuggestionsResponseCoordinator.swift in Sources */ = {isa = PBXBuildFile; fileRef = F02563DC2AB7486000D10150 /* SuggestionsResponseCoordinator.swift */; };
		F02563E02AB7493B00D10150 /* SuggestionsResponseView.swift in Sources */ = {isa = PBXBuildFile; fileRef = F02563DF2AB7493B00D10150 /* SuggestionsResponseView.swift */; };
		F02563E22AB7497E00D10150 /* SuggestionsResponseViewController.swift in Sources */ = {isa = PBXBuildFile; fileRef = F02563E12AB7497E00D10150 /* SuggestionsResponseViewController.swift */; };
		F02563E52AB7499300D10150 /* SuggestionsResponseViewModel.swift in Sources */ = {isa = PBXBuildFile; fileRef = F02563E42AB7499300D10150 /* SuggestionsResponseViewModel.swift */; };
		F02563E72AB74F0800D10150 /* UIViewController+CopyToClipboard.swift in Sources */ = {isa = PBXBuildFile; fileRef = F02563E62AB74F0800D10150 /* UIViewController+CopyToClipboard.swift */; };
		F02563E92AB7626900D10150 /* UIView+Snapshot.swift in Sources */ = {isa = PBXBuildFile; fileRef = F02563E82AB7626900D10150 /* UIView+Snapshot.swift */; };
		F02753302AB0C474003220B9 /* AssistantsCoordinator.swift in Sources */ = {isa = PBXBuildFile; fileRef = F027532F2AB0C474003220B9 /* AssistantsCoordinator.swift */; };
		F02753332AB0C4DD003220B9 /* AssistantsViewController.swift in Sources */ = {isa = PBXBuildFile; fileRef = F02753322AB0C4DD003220B9 /* AssistantsViewController.swift */; };
		F02753362AB0C50C003220B9 /* AssistantsViewModel.swift in Sources */ = {isa = PBXBuildFile; fileRef = F02753352AB0C50C003220B9 /* AssistantsViewModel.swift */; };
		F02753382AB0CE80003220B9 /* AssistantsView.swift in Sources */ = {isa = PBXBuildFile; fileRef = F02753372AB0CE80003220B9 /* AssistantsView.swift */; };
		F02FA0862AA49A3A0089B680 /* SuggestionModel.swift in Sources */ = {isa = PBXBuildFile; fileRef = F02FA0852AA49A3A0089B680 /* SuggestionModel.swift */; };
		F02FA08B2AA4D5810089B680 /* SuggestionsCollectionCell.swift in Sources */ = {isa = PBXBuildFile; fileRef = F02FA08A2AA4D5810089B680 /* SuggestionsCollectionCell.swift */; };
		F04879D32AB598AB0075A0C6 /* AssistantsPromptEditCoordinator.swift in Sources */ = {isa = PBXBuildFile; fileRef = F04879D22AB598AB0075A0C6 /* AssistantsPromptEditCoordinator.swift */; };
		F04879D72AB5991B0075A0C6 /* AssistantsPromptEditViewModel.swift in Sources */ = {isa = PBXBuildFile; fileRef = F04879D62AB5991B0075A0C6 /* AssistantsPromptEditViewModel.swift */; };
		F04879D92AB5992F0075A0C6 /* AssistantsPromptEditViewController.swift in Sources */ = {isa = PBXBuildFile; fileRef = F04879D82AB5992F0075A0C6 /* AssistantsPromptEditViewController.swift */; };
		F04879DB2AB5997C0075A0C6 /* AssistantsPromptEditView.swift in Sources */ = {isa = PBXBuildFile; fileRef = F04879DA2AB5997C0075A0C6 /* AssistantsPromptEditView.swift */; };
		F04879DE2AB59BC20075A0C6 /* AssistantsPromptEditCollectionCell.swift in Sources */ = {isa = PBXBuildFile; fileRef = F04879DD2AB59BC20075A0C6 /* AssistantsPromptEditCollectionCell.swift */; };
		F04879E12AB5A94B0075A0C6 /* AssistantsPromptEditCollectionSectionHeader.swift in Sources */ = {isa = PBXBuildFile; fileRef = F04879E02AB5A94B0075A0C6 /* AssistantsPromptEditCollectionSectionHeader.swift */; };
		F04879E32AB5B67D0075A0C6 /* SubmitButtonPromptEditScreen.swift in Sources */ = {isa = PBXBuildFile; fileRef = F04879E22AB5B67D0075A0C6 /* SubmitButtonPromptEditScreen.swift */; };
		F04879E62AB5D7680075A0C6 /* IQKeyboardManagerSwift in Frameworks */ = {isa = PBXBuildFile; productRef = F04879E52AB5D7680075A0C6 /* IQKeyboardManagerSwift */; };
		F04879E92AB5D8FD0075A0C6 /* KeyboardManager.swift in Sources */ = {isa = PBXBuildFile; fileRef = F04879E82AB5D8FD0075A0C6 /* KeyboardManager.swift */; };
		F04879EC2AB5E82B0075A0C6 /* AssistantsResponseCoordinator.swift in Sources */ = {isa = PBXBuildFile; fileRef = F04879EB2AB5E82B0075A0C6 /* AssistantsResponseCoordinator.swift */; };
		F04879EF2AB5E9590075A0C6 /* AssistantsResponseViewController.swift in Sources */ = {isa = PBXBuildFile; fileRef = F04879EE2AB5E9590075A0C6 /* AssistantsResponseViewController.swift */; };
		F04879F22AB5E98D0075A0C6 /* AssistantsResponseViewModel.swift in Sources */ = {isa = PBXBuildFile; fileRef = F04879F12AB5E98D0075A0C6 /* AssistantsResponseViewModel.swift */; };
		F04879F42AB5EE220075A0C6 /* AssistantsResponseView.swift in Sources */ = {isa = PBXBuildFile; fileRef = F04879F32AB5EE220075A0C6 /* AssistantsResponseView.swift */; };
		F066E99C2A9B8F61004A6964 /* ModelSelectCoordinator.swift in Sources */ = {isa = PBXBuildFile; fileRef = F066E99B2A9B8F61004A6964 /* ModelSelectCoordinator.swift */; };
		F066E99E2A9B8FD3004A6964 /* ModelSelectView.swift in Sources */ = {isa = PBXBuildFile; fileRef = F066E99D2A9B8FD3004A6964 /* ModelSelectView.swift */; };
		F066E9A12A9B9022004A6964 /* ModelSelectCollectionCell.swift in Sources */ = {isa = PBXBuildFile; fileRef = F066E9A02A9B9022004A6964 /* ModelSelectCollectionCell.swift */; };
		F066E9A32A9B9654004A6964 /* ModelConstants.swift in Sources */ = {isa = PBXBuildFile; fileRef = F066E9A22A9B9654004A6964 /* ModelConstants.swift */; };
		F066E9A52A9B9894004A6964 /* ModelSelectViewController.swift in Sources */ = {isa = PBXBuildFile; fileRef = F066E9A42A9B9894004A6964 /* ModelSelectViewController.swift */; };
		F066E9A82A9B9994004A6964 /* ModelSelectViewModel.swift in Sources */ = {isa = PBXBuildFile; fileRef = F066E9A72A9B9994004A6964 /* ModelSelectViewModel.swift */; };
		F066E9AB2A9BA1DE004A6964 /* ChatModelSelectButton.swift in Sources */ = {isa = PBXBuildFile; fileRef = F066E9AA2A9BA1DE004A6964 /* ChatModelSelectButton.swift */; };
		F066E9AE2A9BB19E004A6964 /* CustomPresentationController.swift in Sources */ = {isa = PBXBuildFile; fileRef = F066E9AD2A9BB19E004A6964 /* CustomPresentationController.swift */; };
		F06AA0802AA507B900B5B424 /* SuggestionsProvider.swift in Sources */ = {isa = PBXBuildFile; fileRef = F06AA07F2AA507B900B5B424 /* SuggestionsProvider.swift */; };
		F07F3E7A2AA7934500075CE5 /* AppName.swift in Sources */ = {isa = PBXBuildFile; fileRef = F07F3E792AA7934500075CE5 /* AppName.swift */; };
		F07FBDB02A7FBA1C00ACA10F /* AppDelegate.swift in Sources */ = {isa = PBXBuildFile; fileRef = F07FBDAF2A7FBA1C00ACA10F /* AppDelegate.swift */; };
		F07FBDB22A7FBA1C00ACA10F /* SceneDelegate.swift in Sources */ = {isa = PBXBuildFile; fileRef = F07FBDB12A7FBA1C00ACA10F /* SceneDelegate.swift */; };
		F07FBDB92A7FBA1D00ACA10F /* Assets.xcassets in Resources */ = {isa = PBXBuildFile; fileRef = F07FBDB82A7FBA1D00ACA10F /* Assets.xcassets */; };
		F07FBDBC2A7FBA1D00ACA10F /* LaunchScreen.storyboard in Resources */ = {isa = PBXBuildFile; fileRef = F07FBDBA2A7FBA1D00ACA10F /* LaunchScreen.storyboard */; };
		F07FBDC92A7FBABD00ACA10F /* Coordinator.swift in Sources */ = {isa = PBXBuildFile; fileRef = F07FBDC82A7FBABD00ACA10F /* Coordinator.swift */; };
		F07FBDCB2A7FBADF00ACA10F /* AppCoordinator.swift in Sources */ = {isa = PBXBuildFile; fileRef = F07FBDCA2A7FBADF00ACA10F /* AppCoordinator.swift */; };
		F07FBDD02A7FBB9D00ACA10F /* MainTabBarController.swift in Sources */ = {isa = PBXBuildFile; fileRef = F07FBDCF2A7FBB9D00ACA10F /* MainTabBarController.swift */; };
		F07FBDD22A7FBBB700ACA10F /* MainCoordinator.swift in Sources */ = {isa = PBXBuildFile; fileRef = F07FBDD12A7FBBB700ACA10F /* MainCoordinator.swift */; };
		F07FBDD52A7FBC9400ACA10F /* ChatCoordinator.swift in Sources */ = {isa = PBXBuildFile; fileRef = F07FBDD42A7FBC9400ACA10F /* ChatCoordinator.swift */; };
		F07FBDDB2A7FBD4A00ACA10F /* ChatViewController.swift in Sources */ = {isa = PBXBuildFile; fileRef = F07FBDDA2A7FBD4A00ACA10F /* ChatViewController.swift */; };
		F07FBDE02A7FD01B00ACA10F /* Moya in Frameworks */ = {isa = PBXBuildFile; productRef = F07FBDDF2A7FD01B00ACA10F /* Moya */; };
		F07FBDE22A7FD03E00ACA10F /* NetworkEndPointCases.swift in Sources */ = {isa = PBXBuildFile; fileRef = F07FBDE12A7FD03E00ACA10F /* NetworkEndPointCases.swift */; };
		F07FBDE42A7FD07900ACA10F /* NetworkManager.swift in Sources */ = {isa = PBXBuildFile; fileRef = F07FBDE32A7FD07900ACA10F /* NetworkManager.swift */; };
		F07FBDE72A7FD1B900ACA10F /* OpenAIChatBody.swift in Sources */ = {isa = PBXBuildFile; fileRef = F07FBDE62A7FD1B900ACA10F /* OpenAIChatBody.swift */; };
		F07FBDEB2A7FD28400ACA10F /* NetworkConstants.swift in Sources */ = {isa = PBXBuildFile; fileRef = F07FBDEA2A7FD28400ACA10F /* NetworkConstants.swift */; };
		F07FBDEE2A7FD2E900ACA10F /* OpenAIChatResponse.swift in Sources */ = {isa = PBXBuildFile; fileRef = F07FBDED2A7FD2E900ACA10F /* OpenAIChatResponse.swift */; };
		F07FBDF22A7FD57B00ACA10F /* ChatModel.swift in Sources */ = {isa = PBXBuildFile; fileRef = F07FBDF12A7FD57B00ACA10F /* ChatModel.swift */; };
		F07FBDF52A7FD72100ACA10F /* NetworkService.swift in Sources */ = {isa = PBXBuildFile; fileRef = F07FBDF42A7FD72100ACA10F /* NetworkService.swift */; };
		F07FBDF72A7FD74B00ACA10F /* OpenAIChatService.swift in Sources */ = {isa = PBXBuildFile; fileRef = F07FBDF62A7FD74B00ACA10F /* OpenAIChatService.swift */; };
		F07FBDFA2A7FD84F00ACA10F /* ChatViewModel.swift in Sources */ = {isa = PBXBuildFile; fileRef = F07FBDF92A7FD84F00ACA10F /* ChatViewModel.swift */; };
		F07FBDFC2A7FE1F400ACA10F /* ChatView.swift in Sources */ = {isa = PBXBuildFile; fileRef = F07FBDFB2A7FE1F400ACA10F /* ChatView.swift */; };
		F07FBDFF2A7FE37E00ACA10F /* UserChatCollectionCell.swift in Sources */ = {isa = PBXBuildFile; fileRef = F07FBDFE2A7FE37E00ACA10F /* UserChatCollectionCell.swift */; };
		F07FBE022A7FE66C00ACA10F /* SnapKit in Frameworks */ = {isa = PBXBuildFile; productRef = F07FBE012A7FE66C00ACA10F /* SnapKit */; };
		F07FBE042A7FE96D00ACA10F /* AssistantChatCollectionCell.swift in Sources */ = {isa = PBXBuildFile; fileRef = F07FBE032A7FE96D00ACA10F /* AssistantChatCollectionCell.swift */; };
		F07FBE0F2A801CB600ACA10F /* ColorSet.swift in Sources */ = {isa = PBXBuildFile; fileRef = F07FBE0E2A801CB600ACA10F /* ColorSet.swift */; };
		F0817FF02A9BCEBB0054C15E /* SuggestionsCoordinator.swift in Sources */ = {isa = PBXBuildFile; fileRef = F0817FEF2A9BCEBB0054C15E /* SuggestionsCoordinator.swift */; };
		F0817FF32A9BD1160054C15E /* SuggestionsView.swift in Sources */ = {isa = PBXBuildFile; fileRef = F0817FF22A9BD1160054C15E /* SuggestionsView.swift */; };
		F0817FF62A9BD1F00054C15E /* SuggestionsCollectionHeader.swift in Sources */ = {isa = PBXBuildFile; fileRef = F0817FF52A9BD1F00054C15E /* SuggestionsCollectionHeader.swift */; };
		F0817FF82A9BD49B0054C15E /* SuggestionsViewController.swift in Sources */ = {isa = PBXBuildFile; fileRef = F0817FF72A9BD49B0054C15E /* SuggestionsViewController.swift */; };
		F0817FFB2A9BD5090054C15E /* SuggestionsViewModel.swift in Sources */ = {isa = PBXBuildFile; fileRef = F0817FFA2A9BD5090054C15E /* SuggestionsViewModel.swift */; };
		F0817FFE2A9BE5930054C15E /* SuggestionCategoryCollectionCell.swift in Sources */ = {isa = PBXBuildFile; fileRef = F0817FFD2A9BE5930054C15E /* SuggestionCategoryCollectionCell.swift */; };
		F08D005C2AB8B4630071E324 /* SuggestionsChatCollectionHeader.swift in Sources */ = {isa = PBXBuildFile; fileRef = F08D005B2AB8B4630071E324 /* SuggestionsChatCollectionHeader.swift */; };
		F08D005F2AB8C1DC0071E324 /* ChatHistoryCoordinator.swift in Sources */ = {isa = PBXBuildFile; fileRef = F08D005E2AB8C1DC0071E324 /* ChatHistoryCoordinator.swift */; };
		F08D00622AB8C2710071E324 /* ChatHistoryViewController.swift in Sources */ = {isa = PBXBuildFile; fileRef = F08D00612AB8C2710071E324 /* ChatHistoryViewController.swift */; };
		F08D00652AB8C2C10071E324 /* ChatHistoryViewModel.swift in Sources */ = {isa = PBXBuildFile; fileRef = F08D00642AB8C2C10071E324 /* ChatHistoryViewModel.swift */; };
		F08D00672AB8C2FD0071E324 /* ChatHistoryView.swift in Sources */ = {isa = PBXBuildFile; fileRef = F08D00662AB8C2FD0071E324 /* ChatHistoryView.swift */; };
		F08D006A2AB8C4D60071E324 /* ChatHistoryCollectionCell.swift in Sources */ = {isa = PBXBuildFile; fileRef = F08D00692AB8C4D60071E324 /* ChatHistoryCollectionCell.swift */; };
		F08D006D2AB8C6A10071E324 /* ChatHistorySenderView.swift in Sources */ = {isa = PBXBuildFile; fileRef = F08D006C2AB8C6A10071E324 /* ChatHistorySenderView.swift */; };
		F08D00712AB8CCBC0071E324 /* ChatAssistantDataModel.xcdatamodeld in Sources */ = {isa = PBXBuildFile; fileRef = F08D006F2AB8CCBC0071E324 /* ChatAssistantDataModel.xcdatamodeld */; };
		F08D00742AB8CCDC0071E324 /* CoreDataManager.swift in Sources */ = {isa = PBXBuildFile; fileRef = F08D00732AB8CCDC0071E324 /* CoreDataManager.swift */; };
		F08D00802AB8D8360071E324 /* CoreDataService.swift in Sources */ = {isa = PBXBuildFile; fileRef = F08D007F2AB8D8360071E324 /* CoreDataService.swift */; };
		F08D00822AB8D8A10071E324 /* ChatHistoryService.swift in Sources */ = {isa = PBXBuildFile; fileRef = F08D00812AB8D8A10071E324 /* ChatHistoryService.swift */; };
		F0A3849D2ABA0204001D627C /* ChatMessageItem+CoreDataClass.swift in Sources */ = {isa = PBXBuildFile; fileRef = F0A384992ABA0204001D627C /* ChatMessageItem+CoreDataClass.swift */; };
		F0A3849E2ABA0204001D627C /* ChatMessageItem+CoreDataProperties.swift in Sources */ = {isa = PBXBuildFile; fileRef = F0A3849A2ABA0204001D627C /* ChatMessageItem+CoreDataProperties.swift */; };
		F0A3849F2ABA0204001D627C /* ChatHistoryItem+CoreDataClass.swift in Sources */ = {isa = PBXBuildFile; fileRef = F0A3849B2ABA0204001D627C /* ChatHistoryItem+CoreDataClass.swift */; };
		F0A384A02ABA0204001D627C /* ChatHistoryItem+CoreDataProperties.swift in Sources */ = {isa = PBXBuildFile; fileRef = F0A3849C2ABA0204001D627C /* ChatHistoryItem+CoreDataProperties.swift */; };
		F0A384A22ABA0C50001D627C /* Date+LocalizedString.swift in Sources */ = {isa = PBXBuildFile; fileRef = F0A384A12ABA0C50001D627C /* Date+LocalizedString.swift */; };
		F0A5E3922A93D036000AE129 /* GhostTypewriter in Frameworks */ = {isa = PBXBuildFile; productRef = F0A5E3912A93D036000AE129 /* GhostTypewriter */; };
		F0A5E3972A93E87C000AE129 /* AssistantTypingAnimation.json in Resources */ = {isa = PBXBuildFile; fileRef = F0A5E3962A93E87C000AE129 /* AssistantTypingAnimation.json */; };
		F0A5E39A2A93E8D8000AE129 /* Lottie in Frameworks */ = {isa = PBXBuildFile; productRef = F0A5E3992A93E8D8000AE129 /* Lottie */; };
		F0ADEF972AA65B2F008403CA /* EducationSuggestions.swift in Sources */ = {isa = PBXBuildFile; fileRef = F0ADEF962AA65B2F008403CA /* EducationSuggestions.swift */; };
		F0ADEF992AA65BAD008403CA /* FunSuggestions.swift in Sources */ = {isa = PBXBuildFile; fileRef = F0ADEF982AA65BAD008403CA /* FunSuggestions.swift */; };
		F0ADEF9B2AA65BF3008403CA /* BeautyLifestyleSuggestions.swift in Sources */ = {isa = PBXBuildFile; fileRef = F0ADEF9A2AA65BF3008403CA /* BeautyLifestyleSuggestions.swift */; };
		F0ADEF9D2AA65C26008403CA /* HealthNutritionSuggestions.swift in Sources */ = {isa = PBXBuildFile; fileRef = F0ADEF9C2AA65C26008403CA /* HealthNutritionSuggestions.swift */; };
		F0ADEF9F2AA65C48008403CA /* AstrologySuggestions.swift in Sources */ = {isa = PBXBuildFile; fileRef = F0ADEF9E2AA65C48008403CA /* AstrologySuggestions.swift */; };
		F0ADEFA32AA65C94008403CA /* TravelSuggestions.swift in Sources */ = {isa = PBXBuildFile; fileRef = F0ADEFA22AA65C94008403CA /* TravelSuggestions.swift */; };
		F0ADEFA52AA65CB9008403CA /* BusinessMarketingSuggestions.swift in Sources */ = {isa = PBXBuildFile; fileRef = F0ADEFA42AA65CB9008403CA /* BusinessMarketingSuggestions.swift */; };
		F0ADEFA72AA65CDD008403CA /* FashionSuggestions.swift in Sources */ = {isa = PBXBuildFile; fileRef = F0ADEFA62AA65CDD008403CA /* FashionSuggestions.swift */; };
		F0ADEFA92AA65CFD008403CA /* SocialMediaSuggestions.swift in Sources */ = {isa = PBXBuildFile; fileRef = F0ADEFA82AA65CFD008403CA /* SocialMediaSuggestions.swift */; };
		F0ADEFAB2AA65D23008403CA /* CareerSuggestions.swift in Sources */ = {isa = PBXBuildFile; fileRef = F0ADEFAA2AA65D23008403CA /* CareerSuggestions.swift */; };
		F0ADEFAD2AA65D47008403CA /* EmailSuggestions.swift in Sources */ = {isa = PBXBuildFile; fileRef = F0ADEFAC2AA65D47008403CA /* EmailSuggestions.swift */; };
		F0ADEFB12AA65D7C008403CA /* CreativeIdeaSuggestions.swift in Sources */ = {isa = PBXBuildFile; fileRef = F0ADEFB02AA65D7C008403CA /* CreativeIdeaSuggestions.swift */; };
		F0DADC2F2A81893F00BFC78D /* ProgressHUD in Frameworks */ = {isa = PBXBuildFile; productRef = F0DADC2E2A81893F00BFC78D /* ProgressHUD */; };
		F0E493712AB3718C00767FF2 /* AssistantTagModel.swift in Sources */ = {isa = PBXBuildFile; fileRef = F0E493702AB3718C00767FF2 /* AssistantTagModel.swift */; };
		F0E493732AB37E3000767FF2 /* AssistantModel.swift in Sources */ = {isa = PBXBuildFile; fileRef = F0E493722AB37E3000767FF2 /* AssistantModel.swift */; };
		F0E493752AB37FB200767FF2 /* AssistantsService.swift in Sources */ = {isa = PBXBuildFile; fileRef = F0E493742AB37FB200767FF2 /* AssistantsService.swift */; };
		F0E493772AB3887800767FF2 /* UIColor+HEXString.swift in Sources */ = {isa = PBXBuildFile; fileRef = F0E493762AB3887800767FF2 /* UIColor+HEXString.swift */; };
		F0F272EB2AB215BF00D63259 /* AssistantsCollectionCell.swift in Sources */ = {isa = PBXBuildFile; fileRef = F0F272EA2AB215BF00D63259 /* AssistantsCollectionCell.swift */; };
		F0F272ED2AB217DF00D63259 /* AssistantsCollectionHeader.swift in Sources */ = {isa = PBXBuildFile; fileRef = F0F272EC2AB217DE00D63259 /* AssistantsCollectionHeader.swift */; };
		F0F272EF2AB2185500D63259 /* AssistantsCategoryCollectionCell.swift in Sources */ = {isa = PBXBuildFile; fileRef = F0F272EE2AB2185500D63259 /* AssistantsCategoryCollectionCell.swift */; };
/* End PBXBuildFile section */

/* Begin PBXFileReference section */
		F01BA7F02A968E2C008E0DA3 /* String+CopyToClipboard.swift */ = {isa = PBXFileReference; lastKnownFileType = sourcecode.swift; path = "String+CopyToClipboard.swift"; sourceTree = "<group>"; };
		F01BA7F22A968F5C008E0DA3 /* UIViewController+ShowToast.swift */ = {isa = PBXFileReference; lastKnownFileType = sourcecode.swift; path = "UIViewController+ShowToast.swift"; sourceTree = "<group>"; };
		F02563DC2AB7486000D10150 /* SuggestionsResponseCoordinator.swift */ = {isa = PBXFileReference; lastKnownFileType = sourcecode.swift; path = SuggestionsResponseCoordinator.swift; sourceTree = "<group>"; };
		F02563DF2AB7493B00D10150 /* SuggestionsResponseView.swift */ = {isa = PBXFileReference; lastKnownFileType = sourcecode.swift; path = SuggestionsResponseView.swift; sourceTree = "<group>"; };
		F02563E12AB7497E00D10150 /* SuggestionsResponseViewController.swift */ = {isa = PBXFileReference; lastKnownFileType = sourcecode.swift; path = SuggestionsResponseViewController.swift; sourceTree = "<group>"; };
		F02563E42AB7499300D10150 /* SuggestionsResponseViewModel.swift */ = {isa = PBXFileReference; lastKnownFileType = sourcecode.swift; path = SuggestionsResponseViewModel.swift; sourceTree = "<group>"; };
		F02563E62AB74F0800D10150 /* UIViewController+CopyToClipboard.swift */ = {isa = PBXFileReference; lastKnownFileType = sourcecode.swift; path = "UIViewController+CopyToClipboard.swift"; sourceTree = "<group>"; };
		F02563E82AB7626900D10150 /* UIView+Snapshot.swift */ = {isa = PBXFileReference; lastKnownFileType = sourcecode.swift; path = "UIView+Snapshot.swift"; sourceTree = "<group>"; };
		F027532F2AB0C474003220B9 /* AssistantsCoordinator.swift */ = {isa = PBXFileReference; lastKnownFileType = sourcecode.swift; path = AssistantsCoordinator.swift; sourceTree = "<group>"; };
		F02753322AB0C4DD003220B9 /* AssistantsViewController.swift */ = {isa = PBXFileReference; lastKnownFileType = sourcecode.swift; path = AssistantsViewController.swift; sourceTree = "<group>"; };
		F02753352AB0C50C003220B9 /* AssistantsViewModel.swift */ = {isa = PBXFileReference; lastKnownFileType = sourcecode.swift; path = AssistantsViewModel.swift; sourceTree = "<group>"; };
		F02753372AB0CE80003220B9 /* AssistantsView.swift */ = {isa = PBXFileReference; lastKnownFileType = sourcecode.swift; path = AssistantsView.swift; sourceTree = "<group>"; };
		F02FA0852AA49A3A0089B680 /* SuggestionModel.swift */ = {isa = PBXFileReference; lastKnownFileType = sourcecode.swift; path = SuggestionModel.swift; sourceTree = "<group>"; };
		F02FA08A2AA4D5810089B680 /* SuggestionsCollectionCell.swift */ = {isa = PBXFileReference; lastKnownFileType = sourcecode.swift; path = SuggestionsCollectionCell.swift; sourceTree = "<group>"; };
		F04879D22AB598AB0075A0C6 /* AssistantsPromptEditCoordinator.swift */ = {isa = PBXFileReference; lastKnownFileType = sourcecode.swift; path = AssistantsPromptEditCoordinator.swift; sourceTree = "<group>"; };
		F04879D62AB5991B0075A0C6 /* AssistantsPromptEditViewModel.swift */ = {isa = PBXFileReference; lastKnownFileType = sourcecode.swift; path = AssistantsPromptEditViewModel.swift; sourceTree = "<group>"; };
		F04879D82AB5992F0075A0C6 /* AssistantsPromptEditViewController.swift */ = {isa = PBXFileReference; lastKnownFileType = sourcecode.swift; path = AssistantsPromptEditViewController.swift; sourceTree = "<group>"; };
		F04879DA2AB5997C0075A0C6 /* AssistantsPromptEditView.swift */ = {isa = PBXFileReference; lastKnownFileType = sourcecode.swift; path = AssistantsPromptEditView.swift; sourceTree = "<group>"; };
		F04879DD2AB59BC20075A0C6 /* AssistantsPromptEditCollectionCell.swift */ = {isa = PBXFileReference; lastKnownFileType = sourcecode.swift; path = AssistantsPromptEditCollectionCell.swift; sourceTree = "<group>"; };
		F04879E02AB5A94B0075A0C6 /* AssistantsPromptEditCollectionSectionHeader.swift */ = {isa = PBXFileReference; lastKnownFileType = sourcecode.swift; path = AssistantsPromptEditCollectionSectionHeader.swift; sourceTree = "<group>"; };
		F04879E22AB5B67D0075A0C6 /* SubmitButtonPromptEditScreen.swift */ = {isa = PBXFileReference; lastKnownFileType = sourcecode.swift; path = SubmitButtonPromptEditScreen.swift; sourceTree = "<group>"; };
		F04879E82AB5D8FD0075A0C6 /* KeyboardManager.swift */ = {isa = PBXFileReference; lastKnownFileType = sourcecode.swift; path = KeyboardManager.swift; sourceTree = "<group>"; };
		F04879EB2AB5E82B0075A0C6 /* AssistantsResponseCoordinator.swift */ = {isa = PBXFileReference; lastKnownFileType = sourcecode.swift; path = AssistantsResponseCoordinator.swift; sourceTree = "<group>"; };
		F04879EE2AB5E9590075A0C6 /* AssistantsResponseViewController.swift */ = {isa = PBXFileReference; lastKnownFileType = sourcecode.swift; path = AssistantsResponseViewController.swift; sourceTree = "<group>"; };
		F04879F12AB5E98D0075A0C6 /* AssistantsResponseViewModel.swift */ = {isa = PBXFileReference; lastKnownFileType = sourcecode.swift; path = AssistantsResponseViewModel.swift; sourceTree = "<group>"; };
		F04879F32AB5EE220075A0C6 /* AssistantsResponseView.swift */ = {isa = PBXFileReference; lastKnownFileType = sourcecode.swift; path = AssistantsResponseView.swift; sourceTree = "<group>"; };
		F066E99B2A9B8F61004A6964 /* ModelSelectCoordinator.swift */ = {isa = PBXFileReference; lastKnownFileType = sourcecode.swift; path = ModelSelectCoordinator.swift; sourceTree = "<group>"; };
		F066E99D2A9B8FD3004A6964 /* ModelSelectView.swift */ = {isa = PBXFileReference; lastKnownFileType = sourcecode.swift; path = ModelSelectView.swift; sourceTree = "<group>"; };
		F066E9A02A9B9022004A6964 /* ModelSelectCollectionCell.swift */ = {isa = PBXFileReference; lastKnownFileType = sourcecode.swift; path = ModelSelectCollectionCell.swift; sourceTree = "<group>"; };
		F066E9A22A9B9654004A6964 /* ModelConstants.swift */ = {isa = PBXFileReference; lastKnownFileType = sourcecode.swift; path = ModelConstants.swift; sourceTree = "<group>"; };
		F066E9A42A9B9894004A6964 /* ModelSelectViewController.swift */ = {isa = PBXFileReference; lastKnownFileType = sourcecode.swift; path = ModelSelectViewController.swift; sourceTree = "<group>"; };
		F066E9A72A9B9994004A6964 /* ModelSelectViewModel.swift */ = {isa = PBXFileReference; lastKnownFileType = sourcecode.swift; path = ModelSelectViewModel.swift; sourceTree = "<group>"; };
		F066E9AA2A9BA1DE004A6964 /* ChatModelSelectButton.swift */ = {isa = PBXFileReference; lastKnownFileType = sourcecode.swift; path = ChatModelSelectButton.swift; sourceTree = "<group>"; };
		F066E9AD2A9BB19E004A6964 /* CustomPresentationController.swift */ = {isa = PBXFileReference; lastKnownFileType = sourcecode.swift; path = CustomPresentationController.swift; sourceTree = "<group>"; };
		F06AA07F2AA507B900B5B424 /* SuggestionsProvider.swift */ = {isa = PBXFileReference; lastKnownFileType = sourcecode.swift; path = SuggestionsProvider.swift; sourceTree = "<group>"; };
		F07F3E792AA7934500075CE5 /* AppName.swift */ = {isa = PBXFileReference; lastKnownFileType = sourcecode.swift; path = AppName.swift; sourceTree = "<group>"; };
		F07FBDAC2A7FBA1C00ACA10F /* AI-Chat-Assistant.app */ = {isa = PBXFileReference; explicitFileType = wrapper.application; includeInIndex = 0; path = "AI-Chat-Assistant.app"; sourceTree = BUILT_PRODUCTS_DIR; };
		F07FBDAF2A7FBA1C00ACA10F /* AppDelegate.swift */ = {isa = PBXFileReference; lastKnownFileType = sourcecode.swift; path = AppDelegate.swift; sourceTree = "<group>"; };
		F07FBDB12A7FBA1C00ACA10F /* SceneDelegate.swift */ = {isa = PBXFileReference; lastKnownFileType = sourcecode.swift; path = SceneDelegate.swift; sourceTree = "<group>"; };
		F07FBDB82A7FBA1D00ACA10F /* Assets.xcassets */ = {isa = PBXFileReference; lastKnownFileType = folder.assetcatalog; path = Assets.xcassets; sourceTree = "<group>"; };
		F07FBDBB2A7FBA1D00ACA10F /* Base */ = {isa = PBXFileReference; lastKnownFileType = file.storyboard; name = Base; path = Base.lproj/LaunchScreen.storyboard; sourceTree = "<group>"; };
		F07FBDBD2A7FBA1D00ACA10F /* Info.plist */ = {isa = PBXFileReference; lastKnownFileType = text.plist.xml; path = Info.plist; sourceTree = "<group>"; };
		F07FBDC82A7FBABD00ACA10F /* Coordinator.swift */ = {isa = PBXFileReference; lastKnownFileType = sourcecode.swift; path = Coordinator.swift; sourceTree = "<group>"; };
		F07FBDCA2A7FBADF00ACA10F /* AppCoordinator.swift */ = {isa = PBXFileReference; lastKnownFileType = sourcecode.swift; path = AppCoordinator.swift; sourceTree = "<group>"; };
		F07FBDCF2A7FBB9D00ACA10F /* MainTabBarController.swift */ = {isa = PBXFileReference; lastKnownFileType = sourcecode.swift; path = MainTabBarController.swift; sourceTree = "<group>"; };
		F07FBDD12A7FBBB700ACA10F /* MainCoordinator.swift */ = {isa = PBXFileReference; lastKnownFileType = sourcecode.swift; path = MainCoordinator.swift; sourceTree = "<group>"; };
		F07FBDD42A7FBC9400ACA10F /* ChatCoordinator.swift */ = {isa = PBXFileReference; lastKnownFileType = sourcecode.swift; path = ChatCoordinator.swift; sourceTree = "<group>"; };
		F07FBDDA2A7FBD4A00ACA10F /* ChatViewController.swift */ = {isa = PBXFileReference; lastKnownFileType = sourcecode.swift; path = ChatViewController.swift; sourceTree = "<group>"; };
		F07FBDE12A7FD03E00ACA10F /* NetworkEndPointCases.swift */ = {isa = PBXFileReference; lastKnownFileType = sourcecode.swift; path = NetworkEndPointCases.swift; sourceTree = "<group>"; };
		F07FBDE32A7FD07900ACA10F /* NetworkManager.swift */ = {isa = PBXFileReference; lastKnownFileType = sourcecode.swift; path = NetworkManager.swift; sourceTree = "<group>"; };
		F07FBDE62A7FD1B900ACA10F /* OpenAIChatBody.swift */ = {isa = PBXFileReference; lastKnownFileType = sourcecode.swift; path = OpenAIChatBody.swift; sourceTree = "<group>"; };
		F07FBDEA2A7FD28400ACA10F /* NetworkConstants.swift */ = {isa = PBXFileReference; lastKnownFileType = sourcecode.swift; path = NetworkConstants.swift; sourceTree = "<group>"; };
		F07FBDED2A7FD2E900ACA10F /* OpenAIChatResponse.swift */ = {isa = PBXFileReference; lastKnownFileType = sourcecode.swift; path = OpenAIChatResponse.swift; sourceTree = "<group>"; };
		F07FBDF12A7FD57B00ACA10F /* ChatModel.swift */ = {isa = PBXFileReference; lastKnownFileType = sourcecode.swift; path = ChatModel.swift; sourceTree = "<group>"; };
		F07FBDF42A7FD72100ACA10F /* NetworkService.swift */ = {isa = PBXFileReference; lastKnownFileType = sourcecode.swift; path = NetworkService.swift; sourceTree = "<group>"; };
		F07FBDF62A7FD74B00ACA10F /* OpenAIChatService.swift */ = {isa = PBXFileReference; lastKnownFileType = sourcecode.swift; path = OpenAIChatService.swift; sourceTree = "<group>"; };
		F07FBDF92A7FD84F00ACA10F /* ChatViewModel.swift */ = {isa = PBXFileReference; lastKnownFileType = sourcecode.swift; path = ChatViewModel.swift; sourceTree = "<group>"; };
		F07FBDFB2A7FE1F400ACA10F /* ChatView.swift */ = {isa = PBXFileReference; lastKnownFileType = sourcecode.swift; path = ChatView.swift; sourceTree = "<group>"; };
		F07FBDFE2A7FE37E00ACA10F /* UserChatCollectionCell.swift */ = {isa = PBXFileReference; lastKnownFileType = sourcecode.swift; path = UserChatCollectionCell.swift; sourceTree = "<group>"; };
		F07FBE032A7FE96D00ACA10F /* AssistantChatCollectionCell.swift */ = {isa = PBXFileReference; lastKnownFileType = sourcecode.swift; path = AssistantChatCollectionCell.swift; sourceTree = "<group>"; };
		F07FBE0E2A801CB600ACA10F /* ColorSet.swift */ = {isa = PBXFileReference; lastKnownFileType = sourcecode.swift; path = ColorSet.swift; sourceTree = "<group>"; };
		F0817FEF2A9BCEBB0054C15E /* SuggestionsCoordinator.swift */ = {isa = PBXFileReference; lastKnownFileType = sourcecode.swift; path = SuggestionsCoordinator.swift; sourceTree = "<group>"; };
		F0817FF22A9BD1160054C15E /* SuggestionsView.swift */ = {isa = PBXFileReference; lastKnownFileType = sourcecode.swift; path = SuggestionsView.swift; sourceTree = "<group>"; };
		F0817FF52A9BD1F00054C15E /* SuggestionsCollectionHeader.swift */ = {isa = PBXFileReference; lastKnownFileType = sourcecode.swift; path = SuggestionsCollectionHeader.swift; sourceTree = "<group>"; };
		F0817FF72A9BD49B0054C15E /* SuggestionsViewController.swift */ = {isa = PBXFileReference; lastKnownFileType = sourcecode.swift; path = SuggestionsViewController.swift; sourceTree = "<group>"; };
		F0817FFA2A9BD5090054C15E /* SuggestionsViewModel.swift */ = {isa = PBXFileReference; lastKnownFileType = sourcecode.swift; path = SuggestionsViewModel.swift; sourceTree = "<group>"; };
		F0817FFD2A9BE5930054C15E /* SuggestionCategoryCollectionCell.swift */ = {isa = PBXFileReference; lastKnownFileType = sourcecode.swift; path = SuggestionCategoryCollectionCell.swift; sourceTree = "<group>"; };
		F08D005B2AB8B4630071E324 /* SuggestionsChatCollectionHeader.swift */ = {isa = PBXFileReference; lastKnownFileType = sourcecode.swift; path = SuggestionsChatCollectionHeader.swift; sourceTree = "<group>"; };
		F08D005E2AB8C1DC0071E324 /* ChatHistoryCoordinator.swift */ = {isa = PBXFileReference; lastKnownFileType = sourcecode.swift; path = ChatHistoryCoordinator.swift; sourceTree = "<group>"; };
		F08D00612AB8C2710071E324 /* ChatHistoryViewController.swift */ = {isa = PBXFileReference; lastKnownFileType = sourcecode.swift; path = ChatHistoryViewController.swift; sourceTree = "<group>"; };
		F08D00642AB8C2C10071E324 /* ChatHistoryViewModel.swift */ = {isa = PBXFileReference; lastKnownFileType = sourcecode.swift; path = ChatHistoryViewModel.swift; sourceTree = "<group>"; };
		F08D00662AB8C2FD0071E324 /* ChatHistoryView.swift */ = {isa = PBXFileReference; lastKnownFileType = sourcecode.swift; path = ChatHistoryView.swift; sourceTree = "<group>"; };
		F08D00692AB8C4D60071E324 /* ChatHistoryCollectionCell.swift */ = {isa = PBXFileReference; lastKnownFileType = sourcecode.swift; path = ChatHistoryCollectionCell.swift; sourceTree = "<group>"; };
		F08D006C2AB8C6A10071E324 /* ChatHistorySenderView.swift */ = {isa = PBXFileReference; lastKnownFileType = sourcecode.swift; path = ChatHistorySenderView.swift; sourceTree = "<group>"; };
		F08D00702AB8CCBC0071E324 /* ChatAssistantDataModel.xcdatamodel */ = {isa = PBXFileReference; lastKnownFileType = wrapper.xcdatamodel; path = ChatAssistantDataModel.xcdatamodel; sourceTree = "<group>"; };
		F08D00732AB8CCDC0071E324 /* CoreDataManager.swift */ = {isa = PBXFileReference; lastKnownFileType = sourcecode.swift; path = CoreDataManager.swift; sourceTree = "<group>"; };
		F08D007F2AB8D8360071E324 /* CoreDataService.swift */ = {isa = PBXFileReference; lastKnownFileType = sourcecode.swift; path = CoreDataService.swift; sourceTree = "<group>"; };
		F08D00812AB8D8A10071E324 /* ChatHistoryService.swift */ = {isa = PBXFileReference; lastKnownFileType = sourcecode.swift; path = ChatHistoryService.swift; sourceTree = "<group>"; };
		F0A384992ABA0204001D627C /* ChatMessageItem+CoreDataClass.swift */ = {isa = PBXFileReference; lastKnownFileType = sourcecode.swift; path = "ChatMessageItem+CoreDataClass.swift"; sourceTree = "<group>"; };
		F0A3849A2ABA0204001D627C /* ChatMessageItem+CoreDataProperties.swift */ = {isa = PBXFileReference; lastKnownFileType = sourcecode.swift; path = "ChatMessageItem+CoreDataProperties.swift"; sourceTree = "<group>"; };
		F0A3849B2ABA0204001D627C /* ChatHistoryItem+CoreDataClass.swift */ = {isa = PBXFileReference; lastKnownFileType = sourcecode.swift; path = "ChatHistoryItem+CoreDataClass.swift"; sourceTree = "<group>"; };
		F0A3849C2ABA0204001D627C /* ChatHistoryItem+CoreDataProperties.swift */ = {isa = PBXFileReference; lastKnownFileType = sourcecode.swift; path = "ChatHistoryItem+CoreDataProperties.swift"; sourceTree = "<group>"; };
		F0A384A12ABA0C50001D627C /* Date+LocalizedString.swift */ = {isa = PBXFileReference; lastKnownFileType = sourcecode.swift; path = "Date+LocalizedString.swift"; sourceTree = "<group>"; };
		F0A5E3962A93E87C000AE129 /* AssistantTypingAnimation.json */ = {isa = PBXFileReference; fileEncoding = 4; lastKnownFileType = text.json; path = AssistantTypingAnimation.json; sourceTree = "<group>"; };
		F0ADEF962AA65B2F008403CA /* EducationSuggestions.swift */ = {isa = PBXFileReference; lastKnownFileType = sourcecode.swift; path = EducationSuggestions.swift; sourceTree = "<group>"; };
		F0ADEF982AA65BAD008403CA /* FunSuggestions.swift */ = {isa = PBXFileReference; lastKnownFileType = sourcecode.swift; path = FunSuggestions.swift; sourceTree = "<group>"; };
		F0ADEF9A2AA65BF3008403CA /* BeautyLifestyleSuggestions.swift */ = {isa = PBXFileReference; lastKnownFileType = sourcecode.swift; path = BeautyLifestyleSuggestions.swift; sourceTree = "<group>"; };
		F0ADEF9C2AA65C26008403CA /* HealthNutritionSuggestions.swift */ = {isa = PBXFileReference; lastKnownFileType = sourcecode.swift; path = HealthNutritionSuggestions.swift; sourceTree = "<group>"; };
		F0ADEF9E2AA65C48008403CA /* AstrologySuggestions.swift */ = {isa = PBXFileReference; lastKnownFileType = sourcecode.swift; path = AstrologySuggestions.swift; sourceTree = "<group>"; };
		F0ADEFA22AA65C94008403CA /* TravelSuggestions.swift */ = {isa = PBXFileReference; lastKnownFileType = sourcecode.swift; path = TravelSuggestions.swift; sourceTree = "<group>"; };
		F0ADEFA42AA65CB9008403CA /* BusinessMarketingSuggestions.swift */ = {isa = PBXFileReference; lastKnownFileType = sourcecode.swift; path = BusinessMarketingSuggestions.swift; sourceTree = "<group>"; };
		F0ADEFA62AA65CDD008403CA /* FashionSuggestions.swift */ = {isa = PBXFileReference; lastKnownFileType = sourcecode.swift; path = FashionSuggestions.swift; sourceTree = "<group>"; };
		F0ADEFA82AA65CFD008403CA /* SocialMediaSuggestions.swift */ = {isa = PBXFileReference; lastKnownFileType = sourcecode.swift; path = SocialMediaSuggestions.swift; sourceTree = "<group>"; };
		F0ADEFAA2AA65D23008403CA /* CareerSuggestions.swift */ = {isa = PBXFileReference; lastKnownFileType = sourcecode.swift; path = CareerSuggestions.swift; sourceTree = "<group>"; };
		F0ADEFAC2AA65D47008403CA /* EmailSuggestions.swift */ = {isa = PBXFileReference; lastKnownFileType = sourcecode.swift; path = EmailSuggestions.swift; sourceTree = "<group>"; };
		F0ADEFB02AA65D7C008403CA /* CreativeIdeaSuggestions.swift */ = {isa = PBXFileReference; lastKnownFileType = sourcecode.swift; path = CreativeIdeaSuggestions.swift; sourceTree = "<group>"; };
		F0E493702AB3718C00767FF2 /* AssistantTagModel.swift */ = {isa = PBXFileReference; lastKnownFileType = sourcecode.swift; path = AssistantTagModel.swift; sourceTree = "<group>"; };
		F0E493722AB37E3000767FF2 /* AssistantModel.swift */ = {isa = PBXFileReference; lastKnownFileType = sourcecode.swift; path = AssistantModel.swift; sourceTree = "<group>"; };
		F0E493742AB37FB200767FF2 /* AssistantsService.swift */ = {isa = PBXFileReference; lastKnownFileType = sourcecode.swift; path = AssistantsService.swift; sourceTree = "<group>"; };
		F0E493762AB3887800767FF2 /* UIColor+HEXString.swift */ = {isa = PBXFileReference; lastKnownFileType = sourcecode.swift; path = "UIColor+HEXString.swift"; sourceTree = "<group>"; };
		F0F272EA2AB215BF00D63259 /* AssistantsCollectionCell.swift */ = {isa = PBXFileReference; lastKnownFileType = sourcecode.swift; path = AssistantsCollectionCell.swift; sourceTree = "<group>"; };
		F0F272EC2AB217DE00D63259 /* AssistantsCollectionHeader.swift */ = {isa = PBXFileReference; lastKnownFileType = sourcecode.swift; path = AssistantsCollectionHeader.swift; sourceTree = "<group>"; };
		F0F272EE2AB2185500D63259 /* AssistantsCategoryCollectionCell.swift */ = {isa = PBXFileReference; lastKnownFileType = sourcecode.swift; path = AssistantsCategoryCollectionCell.swift; sourceTree = "<group>"; };
/* End PBXFileReference section */

/* Begin PBXFrameworksBuildPhase section */
		F07FBDA92A7FBA1C00ACA10F /* Frameworks */ = {
			isa = PBXFrameworksBuildPhase;
			buildActionMask = 2147483647;
			files = (
				F0A5E39A2A93E8D8000AE129 /* Lottie in Frameworks */,
				F0DADC2F2A81893F00BFC78D /* ProgressHUD in Frameworks */,
				F07FBDE02A7FD01B00ACA10F /* Moya in Frameworks */,
				F07FBE022A7FE66C00ACA10F /* SnapKit in Frameworks */,
				F02563D92AB7369A00D10150 /* BetterSegmentedControl in Frameworks */,
				F0A5E3922A93D036000AE129 /* GhostTypewriter in Frameworks */,
				F04879E62AB5D7680075A0C6 /* IQKeyboardManagerSwift in Frameworks */,
			);
			runOnlyForDeploymentPostprocessing = 0;
		};
/* End PBXFrameworksBuildPhase section */

/* Begin PBXGroup section */
		F02563DA2AB7483E00D10150 /* SuggestionsTab */ = {
			isa = PBXGroup;
			children = (
				F0817FEF2A9BCEBB0054C15E /* SuggestionsCoordinator.swift */,
				F02FA0822AA496830089B680 /* Model */,
				F0817FF12A9BD1030054C15E /* View */,
				F0817FF92A9BD4FD0054C15E /* ViewModel */,
			);
			path = SuggestionsTab;
			sourceTree = "<group>";
		};
		F02563DB2AB7484D00D10150 /* SuggestionsResponse */ = {
			isa = PBXGroup;
			children = (
				F02563DC2AB7486000D10150 /* SuggestionsResponseCoordinator.swift */,
				F02563DE2AB7492800D10150 /* View */,
				F02563E32AB7498600D10150 /* ViewModel */,
			);
			path = SuggestionsResponse;
			sourceTree = "<group>";
		};
		F02563DE2AB7492800D10150 /* View */ = {
			isa = PBXGroup;
			children = (
				F08D005A2AB8B4150071E324 /* Header */,
				F02563DF2AB7493B00D10150 /* SuggestionsResponseView.swift */,
				F02563E12AB7497E00D10150 /* SuggestionsResponseViewController.swift */,
			);
			path = View;
			sourceTree = "<group>";
		};
		F02563E32AB7498600D10150 /* ViewModel */ = {
			isa = PBXGroup;
			children = (
				F02563E42AB7499300D10150 /* SuggestionsResponseViewModel.swift */,
			);
			path = ViewModel;
			sourceTree = "<group>";
		};
		F027532E2AB0C1CA003220B9 /* Assistants */ = {
			isa = PBXGroup;
			children = (
				F04879D02AB5982F0075A0C6 /* AssistantsTab */,
				F04879D12AB5983C0075A0C6 /* AssistantsPromptEdit */,
				F04879EA2AB5E8150075A0C6 /* AssistantsResponse */,
			);
			path = Assistants;
			sourceTree = "<group>";
		};
		F02753312AB0C4C5003220B9 /* View */ = {
			isa = PBXGroup;
			children = (
				F027533C2AB0ED0D003220B9 /* Cells */,
				F027533F2AB0EDF1003220B9 /* Headers */,
				F02753322AB0C4DD003220B9 /* AssistantsViewController.swift */,
				F02753372AB0CE80003220B9 /* AssistantsView.swift */,
			);
			path = View;
			sourceTree = "<group>";
		};
		F02753342AB0C4F7003220B9 /* ViewModel */ = {
			isa = PBXGroup;
			children = (
				F02753352AB0C50C003220B9 /* AssistantsViewModel.swift */,
			);
			path = ViewModel;
			sourceTree = "<group>";
		};
		F027533C2AB0ED0D003220B9 /* Cells */ = {
			isa = PBXGroup;
			children = (
				F0F272EA2AB215BF00D63259 /* AssistantsCollectionCell.swift */,
				F0F272EE2AB2185500D63259 /* AssistantsCategoryCollectionCell.swift */,
			);
			path = Cells;
			sourceTree = "<group>";
		};
		F027533F2AB0EDF1003220B9 /* Headers */ = {
			isa = PBXGroup;
			children = (
				F0F272EC2AB217DE00D63259 /* AssistantsCollectionHeader.swift */,
			);
			path = Headers;
			sourceTree = "<group>";
		};
		F02FA0822AA496830089B680 /* Model */ = {
			isa = PBXGroup;
			children = (
				F02FA0852AA49A3A0089B680 /* SuggestionModel.swift */,
				F06AA07F2AA507B900B5B424 /* SuggestionsProvider.swift */,
				F0ADEF962AA65B2F008403CA /* EducationSuggestions.swift */,
				F0ADEF982AA65BAD008403CA /* FunSuggestions.swift */,
				F0ADEF9A2AA65BF3008403CA /* BeautyLifestyleSuggestions.swift */,
				F0ADEF9C2AA65C26008403CA /* HealthNutritionSuggestions.swift */,
				F0ADEF9E2AA65C48008403CA /* AstrologySuggestions.swift */,
				F0ADEFA22AA65C94008403CA /* TravelSuggestions.swift */,
				F0ADEFA42AA65CB9008403CA /* BusinessMarketingSuggestions.swift */,
				F0ADEFA62AA65CDD008403CA /* FashionSuggestions.swift */,
				F0ADEFA82AA65CFD008403CA /* SocialMediaSuggestions.swift */,
				F0ADEFAA2AA65D23008403CA /* CareerSuggestions.swift */,
				F0ADEFAC2AA65D47008403CA /* EmailSuggestions.swift */,
				F0ADEFB02AA65D7C008403CA /* CreativeIdeaSuggestions.swift */,
			);
			path = Model;
			sourceTree = "<group>";
		};
		F02FA0872AA4D50C0089B680 /* Cell */ = {
			isa = PBXGroup;
			children = (
				F02FA08A2AA4D5810089B680 /* SuggestionsCollectionCell.swift */,
			);
			path = Cell;
			sourceTree = "<group>";
		};
		F04879D02AB5982F0075A0C6 /* AssistantsTab */ = {
			isa = PBXGroup;
			children = (
				F027532F2AB0C474003220B9 /* AssistantsCoordinator.swift */,
				F0E4936F2AB3713F00767FF2 /* Model */,
				F02753312AB0C4C5003220B9 /* View */,
				F02753342AB0C4F7003220B9 /* ViewModel */,
			);
			path = AssistantsTab;
			sourceTree = "<group>";
		};
		F04879D12AB5983C0075A0C6 /* AssistantsPromptEdit */ = {
			isa = PBXGroup;
			children = (
				F04879D22AB598AB0075A0C6 /* AssistantsPromptEditCoordinator.swift */,
				F04879D42AB599030075A0C6 /* View */,
				F04879D52AB599060075A0C6 /* ViewModel */,
			);
			path = AssistantsPromptEdit;
			sourceTree = "<group>";
		};
		F04879D42AB599030075A0C6 /* View */ = {
			isa = PBXGroup;
			children = (
				F04879DC2AB59BAF0075A0C6 /* Cell */,
				F04879DF2AB5A92D0075A0C6 /* Header */,
				F04879D82AB5992F0075A0C6 /* AssistantsPromptEditViewController.swift */,
				F04879DA2AB5997C0075A0C6 /* AssistantsPromptEditView.swift */,
			);
			path = View;
			sourceTree = "<group>";
		};
		F04879D52AB599060075A0C6 /* ViewModel */ = {
			isa = PBXGroup;
			children = (
				F04879D62AB5991B0075A0C6 /* AssistantsPromptEditViewModel.swift */,
			);
			path = ViewModel;
			sourceTree = "<group>";
		};
		F04879DC2AB59BAF0075A0C6 /* Cell */ = {
			isa = PBXGroup;
			children = (
				F04879DD2AB59BC20075A0C6 /* AssistantsPromptEditCollectionCell.swift */,
			);
			path = Cell;
			sourceTree = "<group>";
		};
		F04879DF2AB5A92D0075A0C6 /* Header */ = {
			isa = PBXGroup;
			children = (
				F04879E02AB5A94B0075A0C6 /* AssistantsPromptEditCollectionSectionHeader.swift */,
			);
			path = Header;
			sourceTree = "<group>";
		};
		F04879E72AB5D8F00075A0C6 /* Managers */ = {
			isa = PBXGroup;
			children = (
				F04879E82AB5D8FD0075A0C6 /* KeyboardManager.swift */,
			);
			path = Managers;
			sourceTree = "<group>";
		};
		F04879EA2AB5E8150075A0C6 /* AssistantsResponse */ = {
			isa = PBXGroup;
			children = (
				F04879EB2AB5E82B0075A0C6 /* AssistantsResponseCoordinator.swift */,
				F04879ED2AB5E9300075A0C6 /* View */,
				F04879F02AB5E97E0075A0C6 /* ViewModel */,
			);
			path = AssistantsResponse;
			sourceTree = "<group>";
		};
		F04879ED2AB5E9300075A0C6 /* View */ = {
			isa = PBXGroup;
			children = (
				F04879EE2AB5E9590075A0C6 /* AssistantsResponseViewController.swift */,
				F04879F32AB5EE220075A0C6 /* AssistantsResponseView.swift */,
			);
			path = View;
			sourceTree = "<group>";
		};
		F04879F02AB5E97E0075A0C6 /* ViewModel */ = {
			isa = PBXGroup;
			children = (
				F04879F12AB5E98D0075A0C6 /* AssistantsResponseViewModel.swift */,
			);
			path = ViewModel;
			sourceTree = "<group>";
		};
		F066E9992A9B8EB9004A6964 /* ModelSelect */ = {
			isa = PBXGroup;
			children = (
				F066E99B2A9B8F61004A6964 /* ModelSelectCoordinator.swift */,
				F066E99A2A9B8F55004A6964 /* View */,
				F066E9A62A9B994F004A6964 /* ViewModel */,
			);
			path = ModelSelect;
			sourceTree = "<group>";
		};
		F066E99A2A9B8F55004A6964 /* View */ = {
			isa = PBXGroup;
			children = (
				F066E99F2A9B900F004A6964 /* Cell */,
				F066E99D2A9B8FD3004A6964 /* ModelSelectView.swift */,
				F066E9A42A9B9894004A6964 /* ModelSelectViewController.swift */,
			);
			path = View;
			sourceTree = "<group>";
		};
		F066E99F2A9B900F004A6964 /* Cell */ = {
			isa = PBXGroup;
			children = (
				F066E9A02A9B9022004A6964 /* ModelSelectCollectionCell.swift */,
			);
			path = Cell;
			sourceTree = "<group>";
		};
		F066E9A62A9B994F004A6964 /* ViewModel */ = {
			isa = PBXGroup;
			children = (
				F066E9A72A9B9994004A6964 /* ModelSelectViewModel.swift */,
			);
			path = ViewModel;
			sourceTree = "<group>";
		};
		F066E9A92A9BA1C8004A6964 /* Buttons */ = {
			isa = PBXGroup;
			children = (
				F066E9AA2A9BA1DE004A6964 /* ChatModelSelectButton.swift */,
				F04879E22AB5B67D0075A0C6 /* SubmitButtonPromptEditScreen.swift */,
			);
			path = Buttons;
			sourceTree = "<group>";
		};
		F066E9AC2A9BB18E004A6964 /* PresentationController */ = {
			isa = PBXGroup;
			children = (
				F066E9AD2A9BB19E004A6964 /* CustomPresentationController.swift */,
			);
			path = PresentationController;
			sourceTree = "<group>";
		};
		F07F3E782AA7932600075CE5 /* Constants */ = {
			isa = PBXGroup;
			children = (
				F07F3E792AA7934500075CE5 /* AppName.swift */,
			);
			path = Constants;
			sourceTree = "<group>";
		};
		F07FBDA32A7FBA1C00ACA10F = {
			isa = PBXGroup;
			children = (
				F07FBDAE2A7FBA1C00ACA10F /* AI-Chat-Assistant */,
				F07FBDAD2A7FBA1C00ACA10F /* Products */,
			);
			sourceTree = "<group>";
		};
		F07FBDAD2A7FBA1C00ACA10F /* Products */ = {
			isa = PBXGroup;
			children = (
				F07FBDAC2A7FBA1C00ACA10F /* AI-Chat-Assistant.app */,
			);
			name = Products;
			sourceTree = "<group>";
		};
		F07FBDAE2A7FBA1C00ACA10F /* AI-Chat-Assistant */ = {
			isa = PBXGroup;
			children = (
				F07FBDC32A7FBA3A00ACA10F /* App */,
				F07FBDC62A7FBA8C00ACA10F /* Helper */,
				F07FBDCC2A7FBB5800ACA10F /* Scenes */,
				F07FBDDC2A7FCFF000ACA10F /* Network */,
				F07F3E782AA7932600075CE5 /* Constants */,
				F08D006E2AB8CC720071E324 /* CoreData */,
				F07FBDC52A7FBA5500ACA10F /* Support */,
				F07FBDC42A7FBA4700ACA10F /* Resources */,
			);
			path = "AI-Chat-Assistant";
			sourceTree = "<group>";
		};
		F07FBDC32A7FBA3A00ACA10F /* App */ = {
			isa = PBXGroup;
			children = (
				F07FBDAF2A7FBA1C00ACA10F /* AppDelegate.swift */,
				F07FBDB12A7FBA1C00ACA10F /* SceneDelegate.swift */,
				F07FBDCA2A7FBADF00ACA10F /* AppCoordinator.swift */,
			);
			path = App;
			sourceTree = "<group>";
		};
		F07FBDC42A7FBA4700ACA10F /* Resources */ = {
			isa = PBXGroup;
			children = (
				F0A5E3952A93E868000AE129 /* LottieAnimation */,
				F07FBDB82A7FBA1D00ACA10F /* Assets.xcassets */,
				F07FBDBA2A7FBA1D00ACA10F /* LaunchScreen.storyboard */,
			);
			path = Resources;
			sourceTree = "<group>";
		};
		F07FBDC52A7FBA5500ACA10F /* Support */ = {
			isa = PBXGroup;
			children = (
				F07FBDBD2A7FBA1D00ACA10F /* Info.plist */,
			);
			path = Support;
			sourceTree = "<group>";
		};
		F07FBDC62A7FBA8C00ACA10F /* Helper */ = {
			isa = PBXGroup;
			children = (
				F04879E72AB5D8F00075A0C6 /* Managers */,
				F07FBE0C2A801C2800ACA10F /* Assets */,
				F07FBE092A7FFADD00ACA10F /* Extensions */,
				F07FBE052A7FED3500ACA10F /* Components */,
				F07FBDC72A7FBAB400ACA10F /* Protocols */,
			);
			path = Helper;
			sourceTree = "<group>";
		};
		F07FBDC72A7FBAB400ACA10F /* Protocols */ = {
			isa = PBXGroup;
			children = (
				F07FBDC82A7FBABD00ACA10F /* Coordinator.swift */,
			);
			path = Protocols;
			sourceTree = "<group>";
		};
		F07FBDCC2A7FBB5800ACA10F /* Scenes */ = {
			isa = PBXGroup;
			children = (
				F07FBDCD2A7FBB5F00ACA10F /* TabBar */,
				F0817FEE2A9BCE510054C15E /* Suggestions */,
				F027532E2AB0C1CA003220B9 /* Assistants */,
				F07FBDD32A7FBBE700ACA10F /* Chat */,
				F08D005D2AB8C1BC0071E324 /* ChatHistory */,
				F066E9992A9B8EB9004A6964 /* ModelSelect */,
			);
			path = Scenes;
			sourceTree = "<group>";
		};
		F07FBDCD2A7FBB5F00ACA10F /* TabBar */ = {
			isa = PBXGroup;
			children = (
				F07FBDD12A7FBBB700ACA10F /* MainCoordinator.swift */,
				F07FBDCE2A7FBB6D00ACA10F /* View */,
			);
			path = TabBar;
			sourceTree = "<group>";
		};
		F07FBDCE2A7FBB6D00ACA10F /* View */ = {
			isa = PBXGroup;
			children = (
				F07FBDCF2A7FBB9D00ACA10F /* MainTabBarController.swift */,
			);
			path = View;
			sourceTree = "<group>";
		};
		F07FBDD32A7FBBE700ACA10F /* Chat */ = {
			isa = PBXGroup;
			children = (
				F07FBDD42A7FBC9400ACA10F /* ChatCoordinator.swift */,
				F07FBDF02A7FD57100ACA10F /* Model */,
				F07FBDD62A7FBD0B00ACA10F /* View */,
				F07FBDF82A7FD83D00ACA10F /* ViewModel */,
			);
			path = Chat;
			sourceTree = "<group>";
		};
		F07FBDD62A7FBD0B00ACA10F /* View */ = {
			isa = PBXGroup;
			children = (
				F07FBDFD2A7FE35900ACA10F /* Cell */,
				F07FBDDA2A7FBD4A00ACA10F /* ChatViewController.swift */,
				F07FBDFB2A7FE1F400ACA10F /* ChatView.swift */,
			);
			path = View;
			sourceTree = "<group>";
		};
		F07FBDDC2A7FCFF000ACA10F /* Network */ = {
			isa = PBXGroup;
			children = (
				F07FBDF32A7FD6C400ACA10F /* Service */,
				F07FBDEC2A7FD2DD00ACA10F /* Model */,
				F07FBDDD2A7FCFF600ACA10F /* Core */,
				F07FBDE52A7FD1A000ACA10F /* RequestBody */,
			);
			path = Network;
			sourceTree = "<group>";
		};
		F07FBDDD2A7FCFF600ACA10F /* Core */ = {
			isa = PBXGroup;
			children = (
				F07FBDE82A7FD25B00ACA10F /* Manager */,
				F07FBDE92A7FD26400ACA10F /* Constants */,
			);
			path = Core;
			sourceTree = "<group>";
		};
		F07FBDE52A7FD1A000ACA10F /* RequestBody */ = {
			isa = PBXGroup;
			children = (
				F07FBDE62A7FD1B900ACA10F /* OpenAIChatBody.swift */,
			);
			path = RequestBody;
			sourceTree = "<group>";
		};
		F07FBDE82A7FD25B00ACA10F /* Manager */ = {
			isa = PBXGroup;
			children = (
				F07FBDE32A7FD07900ACA10F /* NetworkManager.swift */,
				F07FBDE12A7FD03E00ACA10F /* NetworkEndPointCases.swift */,
			);
			path = Manager;
			sourceTree = "<group>";
		};
		F07FBDE92A7FD26400ACA10F /* Constants */ = {
			isa = PBXGroup;
			children = (
				F07FBDEA2A7FD28400ACA10F /* NetworkConstants.swift */,
				F066E9A22A9B9654004A6964 /* ModelConstants.swift */,
			);
			path = Constants;
			sourceTree = "<group>";
		};
		F07FBDEC2A7FD2DD00ACA10F /* Model */ = {
			isa = PBXGroup;
			children = (
				F07FBDED2A7FD2E900ACA10F /* OpenAIChatResponse.swift */,
			);
			path = Model;
			sourceTree = "<group>";
		};
		F07FBDF02A7FD57100ACA10F /* Model */ = {
			isa = PBXGroup;
			children = (
				F07FBDF12A7FD57B00ACA10F /* ChatModel.swift */,
			);
			path = Model;
			sourceTree = "<group>";
		};
		F07FBDF32A7FD6C400ACA10F /* Service */ = {
			isa = PBXGroup;
			children = (
				F07FBDF42A7FD72100ACA10F /* NetworkService.swift */,
				F07FBDF62A7FD74B00ACA10F /* OpenAIChatService.swift */,
				F0E493742AB37FB200767FF2 /* AssistantsService.swift */,
			);
			path = Service;
			sourceTree = "<group>";
		};
		F07FBDF82A7FD83D00ACA10F /* ViewModel */ = {
			isa = PBXGroup;
			children = (
				F07FBDF92A7FD84F00ACA10F /* ChatViewModel.swift */,
			);
			path = ViewModel;
			sourceTree = "<group>";
		};
		F07FBDFD2A7FE35900ACA10F /* Cell */ = {
			isa = PBXGroup;
			children = (
				F07FBDFE2A7FE37E00ACA10F /* UserChatCollectionCell.swift */,
				F07FBE032A7FE96D00ACA10F /* AssistantChatCollectionCell.swift */,
			);
			path = Cell;
			sourceTree = "<group>";
		};
		F07FBE052A7FED3500ACA10F /* Components */ = {
			isa = PBXGroup;
			children = (
				F08D006B2AB8C65F0071E324 /* Views */,
				F066E9AC2A9BB18E004A6964 /* PresentationController */,
				F066E9A92A9BA1C8004A6964 /* Buttons */,
			);
			path = Components;
			sourceTree = "<group>";
		};
		F07FBE092A7FFADD00ACA10F /* Extensions */ = {
			isa = PBXGroup;
			children = (
				F01BA7F02A968E2C008E0DA3 /* String+CopyToClipboard.swift */,
				F01BA7F22A968F5C008E0DA3 /* UIViewController+ShowToast.swift */,
				F0E493762AB3887800767FF2 /* UIColor+HEXString.swift */,
				F02563E62AB74F0800D10150 /* UIViewController+CopyToClipboard.swift */,
				F02563E82AB7626900D10150 /* UIView+Snapshot.swift */,
				F0A384A12ABA0C50001D627C /* Date+LocalizedString.swift */,
			);
			path = Extensions;
			sourceTree = "<group>";
		};
		F07FBE0C2A801C2800ACA10F /* Assets */ = {
			isa = PBXGroup;
			children = (
				F07FBE0E2A801CB600ACA10F /* ColorSet.swift */,
			);
			path = Assets;
			sourceTree = "<group>";
		};
		F0817FEE2A9BCE510054C15E /* Suggestions */ = {
			isa = PBXGroup;
			children = (
				F02563DA2AB7483E00D10150 /* SuggestionsTab */,
				F02563DB2AB7484D00D10150 /* SuggestionsResponse */,
			);
			path = Suggestions;
			sourceTree = "<group>";
		};
		F0817FF12A9BD1030054C15E /* View */ = {
			isa = PBXGroup;
			children = (
				F02FA0872AA4D50C0089B680 /* Cell */,
				F0817FF42A9BD1AD0054C15E /* Header */,
				F0817FF22A9BD1160054C15E /* SuggestionsView.swift */,
				F0817FF72A9BD49B0054C15E /* SuggestionsViewController.swift */,
			);
			path = View;
			sourceTree = "<group>";
		};
		F0817FF42A9BD1AD0054C15E /* Header */ = {
			isa = PBXGroup;
			children = (
				F0817FFC2A9BE56F0054C15E /* Cell */,
				F0817FF52A9BD1F00054C15E /* SuggestionsCollectionHeader.swift */,
			);
			path = Header;
			sourceTree = "<group>";
		};
		F0817FF92A9BD4FD0054C15E /* ViewModel */ = {
			isa = PBXGroup;
			children = (
				F0817FFA2A9BD5090054C15E /* SuggestionsViewModel.swift */,
			);
			path = ViewModel;
			sourceTree = "<group>";
		};
		F0817FFC2A9BE56F0054C15E /* Cell */ = {
			isa = PBXGroup;
			children = (
				F0817FFD2A9BE5930054C15E /* SuggestionCategoryCollectionCell.swift */,
			);
			path = Cell;
			sourceTree = "<group>";
		};
		F08D005A2AB8B4150071E324 /* Header */ = {
			isa = PBXGroup;
			children = (
				F08D005B2AB8B4630071E324 /* SuggestionsChatCollectionHeader.swift */,
			);
			path = Header;
			sourceTree = "<group>";
		};
		F08D005D2AB8C1BC0071E324 /* ChatHistory */ = {
			isa = PBXGroup;
			children = (
				F08D005E2AB8C1DC0071E324 /* ChatHistoryCoordinator.swift */,
				F08D007C2AB8D73D0071E324 /* Model */,
				F08D00602AB8C25E0071E324 /* View */,
				F08D00632AB8C2B10071E324 /* ViewModel */,
			);
			path = ChatHistory;
			sourceTree = "<group>";
		};
		F08D00602AB8C25E0071E324 /* View */ = {
			isa = PBXGroup;
			children = (
				F08D00682AB8C4BE0071E324 /* Cell */,
				F08D00612AB8C2710071E324 /* ChatHistoryViewController.swift */,
				F08D00662AB8C2FD0071E324 /* ChatHistoryView.swift */,
			);
			path = View;
			sourceTree = "<group>";
		};
		F08D00632AB8C2B10071E324 /* ViewModel */ = {
			isa = PBXGroup;
			children = (
				F08D00642AB8C2C10071E324 /* ChatHistoryViewModel.swift */,
			);
			path = ViewModel;
			sourceTree = "<group>";
		};
		F08D00682AB8C4BE0071E324 /* Cell */ = {
			isa = PBXGroup;
			children = (
				F08D00692AB8C4D60071E324 /* ChatHistoryCollectionCell.swift */,
			);
			path = Cell;
			sourceTree = "<group>";
		};
		F08D006B2AB8C65F0071E324 /* Views */ = {
			isa = PBXGroup;
			children = (
				F08D006C2AB8C6A10071E324 /* ChatHistorySenderView.swift */,
			);
			path = Views;
			sourceTree = "<group>";
		};
		F08D006E2AB8CC720071E324 /* CoreData */ = {
			isa = PBXGroup;
			children = (
				F08D006F2AB8CCBC0071E324 /* ChatAssistantDataModel.xcdatamodeld */,
				F08D00752AB8CE640071E324 /* Models */,
				F08D00722AB8CCD20071E324 /* Manager */,
				F08D007E2AB8D8210071E324 /* Services */,
				F0A3848E2AB9FB2B001D627C /* ValueTransformer */,
			);
			path = CoreData;
			sourceTree = "<group>";
		};
		F08D00722AB8CCD20071E324 /* Manager */ = {
			isa = PBXGroup;
			children = (
				F08D00732AB8CCDC0071E324 /* CoreDataManager.swift */,
			);
			path = Manager;
			sourceTree = "<group>";
		};
		F08D00752AB8CE640071E324 /* Models */ = {
			isa = PBXGroup;
			children = (
				F08D007D2AB8D7490071E324 /* ChatHistoryModel */,
			);
			path = Models;
			sourceTree = "<group>";
		};
		F08D007C2AB8D73D0071E324 /* Model */ = {
			isa = PBXGroup;
			children = (
			);
			path = Model;
			sourceTree = "<group>";
		};
		F08D007D2AB8D7490071E324 /* ChatHistoryModel */ = {
			isa = PBXGroup;
			children = (
				F0A384992ABA0204001D627C /* ChatMessageItem+CoreDataClass.swift */,
				F0A3849A2ABA0204001D627C /* ChatMessageItem+CoreDataProperties.swift */,
				F0A3849B2ABA0204001D627C /* ChatHistoryItem+CoreDataClass.swift */,
				F0A3849C2ABA0204001D627C /* ChatHistoryItem+CoreDataProperties.swift */,
			);
			path = ChatHistoryModel;
			sourceTree = "<group>";
		};
		F08D007E2AB8D8210071E324 /* Services */ = {
			isa = PBXGroup;
			children = (
				F08D007F2AB8D8360071E324 /* CoreDataService.swift */,
				F08D00812AB8D8A10071E324 /* ChatHistoryService.swift */,
			);
			path = Services;
			sourceTree = "<group>";
		};
		F0A3848E2AB9FB2B001D627C /* ValueTransformer */ = {
			isa = PBXGroup;
			children = (
			);
			path = ValueTransformer;
			sourceTree = "<group>";
		};
		F0A5E3952A93E868000AE129 /* LottieAnimation */ = {
			isa = PBXGroup;
			children = (
				F0A5E3962A93E87C000AE129 /* AssistantTypingAnimation.json */,
			);
			path = LottieAnimation;
			sourceTree = "<group>";
		};
		F0E4936F2AB3713F00767FF2 /* Model */ = {
			isa = PBXGroup;
			children = (
				F0E493702AB3718C00767FF2 /* AssistantTagModel.swift */,
				F0E493722AB37E3000767FF2 /* AssistantModel.swift */,
			);
			path = Model;
			sourceTree = "<group>";
		};
/* End PBXGroup section */

/* Begin PBXNativeTarget section */
		F07FBDAB2A7FBA1C00ACA10F /* AI-Chat-Assistant */ = {
			isa = PBXNativeTarget;
			buildConfigurationList = F07FBDC02A7FBA1D00ACA10F /* Build configuration list for PBXNativeTarget "AI-Chat-Assistant" */;
			buildPhases = (
				F07FBDA82A7FBA1C00ACA10F /* Sources */,
				F07FBDA92A7FBA1C00ACA10F /* Frameworks */,
				F07FBDAA2A7FBA1C00ACA10F /* Resources */,
			);
			buildRules = (
			);
			dependencies = (
			);
			name = "AI-Chat-Assistant";
			packageProductDependencies = (
				F07FBDDF2A7FD01B00ACA10F /* Moya */,
				F07FBE012A7FE66C00ACA10F /* SnapKit */,
				F0DADC2E2A81893F00BFC78D /* ProgressHUD */,
				F0A5E3912A93D036000AE129 /* GhostTypewriter */,
				F0A5E3992A93E8D8000AE129 /* Lottie */,
				F04879E52AB5D7680075A0C6 /* IQKeyboardManagerSwift */,
				F02563D82AB7369A00D10150 /* BetterSegmentedControl */,
			);
			productName = "AI-Chat-Assistant";
			productReference = F07FBDAC2A7FBA1C00ACA10F /* AI-Chat-Assistant.app */;
			productType = "com.apple.product-type.application";
		};
/* End PBXNativeTarget section */

/* Begin PBXProject section */
		F07FBDA42A7FBA1C00ACA10F /* Project object */ = {
			isa = PBXProject;
			attributes = {
				BuildIndependentTargetsInParallel = 1;
				LastSwiftUpdateCheck = 1430;
				LastUpgradeCheck = 1430;
				TargetAttributes = {
					F07FBDAB2A7FBA1C00ACA10F = {
						CreatedOnToolsVersion = 14.3.1;
					};
				};
			};
			buildConfigurationList = F07FBDA72A7FBA1C00ACA10F /* Build configuration list for PBXProject "AI-Chat-Assistant" */;
			compatibilityVersion = "Xcode 14.0";
			developmentRegion = en;
			hasScannedForEncodings = 0;
			knownRegions = (
				en,
				Base,
			);
			mainGroup = F07FBDA32A7FBA1C00ACA10F;
			packageReferences = (
				F07FBDDE2A7FD01B00ACA10F /* XCRemoteSwiftPackageReference "Moya" */,
				F07FBE002A7FE66C00ACA10F /* XCRemoteSwiftPackageReference "SnapKit" */,
				F0DADC2D2A81893F00BFC78D /* XCRemoteSwiftPackageReference "ProgressHUD" */,
				F0A5E3902A93D036000AE129 /* XCRemoteSwiftPackageReference "GhostTypewriter" */,
				F0A5E3982A93E8D8000AE129 /* XCRemoteSwiftPackageReference "lottie-ios" */,
				F04879E42AB5D7680075A0C6 /* XCRemoteSwiftPackageReference "IQKeyboardManager" */,
				F02563D72AB7369A00D10150 /* XCRemoteSwiftPackageReference "BetterSegmentedControl" */,
			);
			productRefGroup = F07FBDAD2A7FBA1C00ACA10F /* Products */;
			projectDirPath = "";
			projectRoot = "";
			targets = (
				F07FBDAB2A7FBA1C00ACA10F /* AI-Chat-Assistant */,
			);
		};
/* End PBXProject section */

/* Begin PBXResourcesBuildPhase section */
		F07FBDAA2A7FBA1C00ACA10F /* Resources */ = {
			isa = PBXResourcesBuildPhase;
			buildActionMask = 2147483647;
			files = (
				F07FBDBC2A7FBA1D00ACA10F /* LaunchScreen.storyboard in Resources */,
				F0A5E3972A93E87C000AE129 /* AssistantTypingAnimation.json in Resources */,
				F07FBDB92A7FBA1D00ACA10F /* Assets.xcassets in Resources */,
			);
			runOnlyForDeploymentPostprocessing = 0;
		};
/* End PBXResourcesBuildPhase section */

/* Begin PBXSourcesBuildPhase section */
		F07FBDA82A7FBA1C00ACA10F /* Sources */ = {
			isa = PBXSourcesBuildPhase;
			buildActionMask = 2147483647;
			files = (
				F0ADEFAD2AA65D47008403CA /* EmailSuggestions.swift in Sources */,
				F04879EC2AB5E82B0075A0C6 /* AssistantsResponseCoordinator.swift in Sources */,
				F04879E32AB5B67D0075A0C6 /* SubmitButtonPromptEditScreen.swift in Sources */,
				F066E9A82A9B9994004A6964 /* ModelSelectViewModel.swift in Sources */,
				F0A3849D2ABA0204001D627C /* ChatMessageItem+CoreDataClass.swift in Sources */,
				F04879E92AB5D8FD0075A0C6 /* KeyboardManager.swift in Sources */,
				F07FBDEB2A7FD28400ACA10F /* NetworkConstants.swift in Sources */,
				F07FBDCB2A7FBADF00ACA10F /* AppCoordinator.swift in Sources */,
				F07FBDD22A7FBBB700ACA10F /* MainCoordinator.swift in Sources */,
				F07FBDE42A7FD07900ACA10F /* NetworkManager.swift in Sources */,
				F0F272ED2AB217DF00D63259 /* AssistantsCollectionHeader.swift in Sources */,
				F0817FF32A9BD1160054C15E /* SuggestionsView.swift in Sources */,
				F07FBDE72A7FD1B900ACA10F /* OpenAIChatBody.swift in Sources */,
				F02563E22AB7497E00D10150 /* SuggestionsResponseViewController.swift in Sources */,
				F04879DB2AB5997C0075A0C6 /* AssistantsPromptEditView.swift in Sources */,
				F02753302AB0C474003220B9 /* AssistantsCoordinator.swift in Sources */,
				F0ADEFB12AA65D7C008403CA /* CreativeIdeaSuggestions.swift in Sources */,
				F08D006A2AB8C4D60071E324 /* ChatHistoryCollectionCell.swift in Sources */,
				F0E493732AB37E3000767FF2 /* AssistantModel.swift in Sources */,
				F08D00652AB8C2C10071E324 /* ChatHistoryViewModel.swift in Sources */,
				F07FBDFC2A7FE1F400ACA10F /* ChatView.swift in Sources */,
				F0F272EF2AB2185500D63259 /* AssistantsCategoryCollectionCell.swift in Sources */,
				F01BA7F32A968F5C008E0DA3 /* UIViewController+ShowToast.swift in Sources */,
				F08D00822AB8D8A10071E324 /* ChatHistoryService.swift in Sources */,
				F04879F22AB5E98D0075A0C6 /* AssistantsResponseViewModel.swift in Sources */,
				F02FA08B2AA4D5810089B680 /* SuggestionsCollectionCell.swift in Sources */,
				F07FBE0F2A801CB600ACA10F /* ColorSet.swift in Sources */,
				F04879F42AB5EE220075A0C6 /* AssistantsResponseView.swift in Sources */,
				F04879DE2AB59BC20075A0C6 /* AssistantsPromptEditCollectionCell.swift in Sources */,
				F0ADEFA92AA65CFD008403CA /* SocialMediaSuggestions.swift in Sources */,
				F08D006D2AB8C6A10071E324 /* ChatHistorySenderView.swift in Sources */,
				F08D005C2AB8B4630071E324 /* SuggestionsChatCollectionHeader.swift in Sources */,
				F0817FFB2A9BD5090054C15E /* SuggestionsViewModel.swift in Sources */,
				F0E493772AB3887800767FF2 /* UIColor+HEXString.swift in Sources */,
				F08D00802AB8D8360071E324 /* CoreDataService.swift in Sources */,
				F08D005F2AB8C1DC0071E324 /* ChatHistoryCoordinator.swift in Sources */,
				F08D00742AB8CCDC0071E324 /* CoreDataManager.swift in Sources */,
				F0A3849E2ABA0204001D627C /* ChatMessageItem+CoreDataProperties.swift in Sources */,
				F0A384A02ABA0204001D627C /* ChatHistoryItem+CoreDataProperties.swift in Sources */,
				F07FBDB02A7FBA1C00ACA10F /* AppDelegate.swift in Sources */,
				F066E9A32A9B9654004A6964 /* ModelConstants.swift in Sources */,
				F0ADEFAB2AA65D23008403CA /* CareerSuggestions.swift in Sources */,
				F02563E52AB7499300D10150 /* SuggestionsResponseViewModel.swift in Sources */,
				F04879D92AB5992F0075A0C6 /* AssistantsPromptEditViewController.swift in Sources */,
				F0ADEF9B2AA65BF3008403CA /* BeautyLifestyleSuggestions.swift in Sources */,
				F066E99C2A9B8F61004A6964 /* ModelSelectCoordinator.swift in Sources */,
				F0A384A22ABA0C50001D627C /* Date+LocalizedString.swift in Sources */,
				F066E9A12A9B9022004A6964 /* ModelSelectCollectionCell.swift in Sources */,
				F07FBDD52A7FBC9400ACA10F /* ChatCoordinator.swift in Sources */,
				F0ADEF9F2AA65C48008403CA /* AstrologySuggestions.swift in Sources */,
				F07FBDD02A7FBB9D00ACA10F /* MainTabBarController.swift in Sources */,
				F08D00672AB8C2FD0071E324 /* ChatHistoryView.swift in Sources */,
				F02FA0862AA49A3A0089B680 /* SuggestionModel.swift in Sources */,
				F07FBDFA2A7FD84F00ACA10F /* ChatViewModel.swift in Sources */,
				F07FBDB22A7FBA1C00ACA10F /* SceneDelegate.swift in Sources */,
				F0ADEFA52AA65CB9008403CA /* BusinessMarketingSuggestions.swift in Sources */,
				F0F272EB2AB215BF00D63259 /* AssistantsCollectionCell.swift in Sources */,
				F02753332AB0C4DD003220B9 /* AssistantsViewController.swift in Sources */,
				F0ADEF972AA65B2F008403CA /* EducationSuggestions.swift in Sources */,
				F07FBDFF2A7FE37E00ACA10F /* UserChatCollectionCell.swift in Sources */,
				F06AA0802AA507B900B5B424 /* SuggestionsProvider.swift in Sources */,
				F0817FF62A9BD1F00054C15E /* SuggestionsCollectionHeader.swift in Sources */,
				F0ADEF992AA65BAD008403CA /* FunSuggestions.swift in Sources */,
				F04879E12AB5A94B0075A0C6 /* AssistantsPromptEditCollectionSectionHeader.swift in Sources */,
				F02563E02AB7493B00D10150 /* SuggestionsResponseView.swift in Sources */,
				F07FBDE22A7FD03E00ACA10F /* NetworkEndPointCases.swift in Sources */,
				F07FBDF52A7FD72100ACA10F /* NetworkService.swift in Sources */,
				F0ADEF9D2AA65C26008403CA /* HealthNutritionSuggestions.swift in Sources */,
				F0817FF82A9BD49B0054C15E /* SuggestionsViewController.swift in Sources */,
				F066E99E2A9B8FD3004A6964 /* ModelSelectView.swift in Sources */,
				F07FBE042A7FE96D00ACA10F /* AssistantChatCollectionCell.swift in Sources */,
				F0ADEFA72AA65CDD008403CA /* FashionSuggestions.swift in Sources */,
				F07F3E7A2AA7934500075CE5 /* AppName.swift in Sources */,
				F02563E72AB74F0800D10150 /* UIViewController+CopyToClipboard.swift in Sources */,
				F0817FFE2A9BE5930054C15E /* SuggestionCategoryCollectionCell.swift in Sources */,
				F07FBDF22A7FD57B00ACA10F /* ChatModel.swift in Sources */,
				F02563E92AB7626900D10150 /* UIView+Snapshot.swift in Sources */,
				F04879D32AB598AB0075A0C6 /* AssistantsPromptEditCoordinator.swift in Sources */,
				F02753362AB0C50C003220B9 /* AssistantsViewModel.swift in Sources */,
				F02753382AB0CE80003220B9 /* AssistantsView.swift in Sources */,
				F066E9AE2A9BB19E004A6964 /* CustomPresentationController.swift in Sources */,
				F07FBDEE2A7FD2E900ACA10F /* OpenAIChatResponse.swift in Sources */,
				F07FBDC92A7FBABD00ACA10F /* Coordinator.swift in Sources */,
				F0E493712AB3718C00767FF2 /* AssistantTagModel.swift in Sources */,
				F066E9AB2A9BA1DE004A6964 /* ChatModelSelectButton.swift in Sources */,
				F08D00712AB8CCBC0071E324 /* ChatAssistantDataModel.xcdatamodeld in Sources */,
				F01BA7F12A968E2C008E0DA3 /* String+CopyToClipboard.swift in Sources */,
				F0ADEFA32AA65C94008403CA /* TravelSuggestions.swift in Sources */,
				F066E9A52A9B9894004A6964 /* ModelSelectViewController.swift in Sources */,
				F0E493752AB37FB200767FF2 /* AssistantsService.swift in Sources */,
				F02563DD2AB7486000D10150 /* SuggestionsResponseCoordinator.swift in Sources */,
				F07FBDDB2A7FBD4A00ACA10F /* ChatViewController.swift in Sources */,
				F08D00622AB8C2710071E324 /* ChatHistoryViewController.swift in Sources */,
				F0A3849F2ABA0204001D627C /* ChatHistoryItem+CoreDataClass.swift in Sources */,
				F07FBDF72A7FD74B00ACA10F /* OpenAIChatService.swift in Sources */,
				F04879D72AB5991B0075A0C6 /* AssistantsPromptEditViewModel.swift in Sources */,
				F04879EF2AB5E9590075A0C6 /* AssistantsResponseViewController.swift in Sources */,
				F0817FF02A9BCEBB0054C15E /* SuggestionsCoordinator.swift in Sources */,
			);
			runOnlyForDeploymentPostprocessing = 0;
		};
/* End PBXSourcesBuildPhase section */

/* Begin PBXVariantGroup section */
		F07FBDBA2A7FBA1D00ACA10F /* LaunchScreen.storyboard */ = {
			isa = PBXVariantGroup;
			children = (
				F07FBDBB2A7FBA1D00ACA10F /* Base */,
			);
			name = LaunchScreen.storyboard;
			sourceTree = "<group>";
		};
/* End PBXVariantGroup section */

/* Begin XCBuildConfiguration section */
		F07FBDBE2A7FBA1D00ACA10F /* Debug */ = {
			isa = XCBuildConfiguration;
			buildSettings = {
				ALWAYS_SEARCH_USER_PATHS = NO;
				CLANG_ANALYZER_NONNULL = YES;
				CLANG_ANALYZER_NUMBER_OBJECT_CONVERSION = YES_AGGRESSIVE;
				CLANG_CXX_LANGUAGE_STANDARD = "gnu++20";
				CLANG_ENABLE_MODULES = YES;
				CLANG_ENABLE_OBJC_ARC = YES;
				CLANG_ENABLE_OBJC_WEAK = YES;
				CLANG_WARN_BLOCK_CAPTURE_AUTORELEASING = YES;
				CLANG_WARN_BOOL_CONVERSION = YES;
				CLANG_WARN_COMMA = YES;
				CLANG_WARN_CONSTANT_CONVERSION = YES;
				CLANG_WARN_DEPRECATED_OBJC_IMPLEMENTATIONS = YES;
				CLANG_WARN_DIRECT_OBJC_ISA_USAGE = YES_ERROR;
				CLANG_WARN_DOCUMENTATION_COMMENTS = YES;
				CLANG_WARN_EMPTY_BODY = YES;
				CLANG_WARN_ENUM_CONVERSION = YES;
				CLANG_WARN_INFINITE_RECURSION = YES;
				CLANG_WARN_INT_CONVERSION = YES;
				CLANG_WARN_NON_LITERAL_NULL_CONVERSION = YES;
				CLANG_WARN_OBJC_IMPLICIT_RETAIN_SELF = YES;
				CLANG_WARN_OBJC_LITERAL_CONVERSION = YES;
				CLANG_WARN_OBJC_ROOT_CLASS = YES_ERROR;
				CLANG_WARN_QUOTED_INCLUDE_IN_FRAMEWORK_HEADER = YES;
				CLANG_WARN_RANGE_LOOP_ANALYSIS = YES;
				CLANG_WARN_STRICT_PROTOTYPES = YES;
				CLANG_WARN_SUSPICIOUS_MOVE = YES;
				CLANG_WARN_UNGUARDED_AVAILABILITY = YES_AGGRESSIVE;
				CLANG_WARN_UNREACHABLE_CODE = YES;
				CLANG_WARN__DUPLICATE_METHOD_MATCH = YES;
				COPY_PHASE_STRIP = NO;
				DEBUG_INFORMATION_FORMAT = dwarf;
				ENABLE_STRICT_OBJC_MSGSEND = YES;
				ENABLE_TESTABILITY = YES;
				GCC_C_LANGUAGE_STANDARD = gnu11;
				GCC_DYNAMIC_NO_PIC = NO;
				GCC_NO_COMMON_BLOCKS = YES;
				GCC_OPTIMIZATION_LEVEL = 0;
				GCC_PREPROCESSOR_DEFINITIONS = (
					"DEBUG=1",
					"$(inherited)",
				);
				GCC_WARN_64_TO_32_BIT_CONVERSION = YES;
				GCC_WARN_ABOUT_RETURN_TYPE = YES_ERROR;
				GCC_WARN_UNDECLARED_SELECTOR = YES;
				GCC_WARN_UNINITIALIZED_AUTOS = YES_AGGRESSIVE;
				GCC_WARN_UNUSED_FUNCTION = YES;
				GCC_WARN_UNUSED_VARIABLE = YES;
				IPHONEOS_DEPLOYMENT_TARGET = 16.4;
				MTL_ENABLE_DEBUG_INFO = INCLUDE_SOURCE;
				MTL_FAST_MATH = YES;
				ONLY_ACTIVE_ARCH = YES;
				SDKROOT = iphoneos;
				SWIFT_ACTIVE_COMPILATION_CONDITIONS = DEBUG;
				SWIFT_OPTIMIZATION_LEVEL = "-Onone";
			};
			name = Debug;
		};
		F07FBDBF2A7FBA1D00ACA10F /* Release */ = {
			isa = XCBuildConfiguration;
			buildSettings = {
				ALWAYS_SEARCH_USER_PATHS = NO;
				CLANG_ANALYZER_NONNULL = YES;
				CLANG_ANALYZER_NUMBER_OBJECT_CONVERSION = YES_AGGRESSIVE;
				CLANG_CXX_LANGUAGE_STANDARD = "gnu++20";
				CLANG_ENABLE_MODULES = YES;
				CLANG_ENABLE_OBJC_ARC = YES;
				CLANG_ENABLE_OBJC_WEAK = YES;
				CLANG_WARN_BLOCK_CAPTURE_AUTORELEASING = YES;
				CLANG_WARN_BOOL_CONVERSION = YES;
				CLANG_WARN_COMMA = YES;
				CLANG_WARN_CONSTANT_CONVERSION = YES;
				CLANG_WARN_DEPRECATED_OBJC_IMPLEMENTATIONS = YES;
				CLANG_WARN_DIRECT_OBJC_ISA_USAGE = YES_ERROR;
				CLANG_WARN_DOCUMENTATION_COMMENTS = YES;
				CLANG_WARN_EMPTY_BODY = YES;
				CLANG_WARN_ENUM_CONVERSION = YES;
				CLANG_WARN_INFINITE_RECURSION = YES;
				CLANG_WARN_INT_CONVERSION = YES;
				CLANG_WARN_NON_LITERAL_NULL_CONVERSION = YES;
				CLANG_WARN_OBJC_IMPLICIT_RETAIN_SELF = YES;
				CLANG_WARN_OBJC_LITERAL_CONVERSION = YES;
				CLANG_WARN_OBJC_ROOT_CLASS = YES_ERROR;
				CLANG_WARN_QUOTED_INCLUDE_IN_FRAMEWORK_HEADER = YES;
				CLANG_WARN_RANGE_LOOP_ANALYSIS = YES;
				CLANG_WARN_STRICT_PROTOTYPES = YES;
				CLANG_WARN_SUSPICIOUS_MOVE = YES;
				CLANG_WARN_UNGUARDED_AVAILABILITY = YES_AGGRESSIVE;
				CLANG_WARN_UNREACHABLE_CODE = YES;
				CLANG_WARN__DUPLICATE_METHOD_MATCH = YES;
				COPY_PHASE_STRIP = NO;
				DEBUG_INFORMATION_FORMAT = "dwarf-with-dsym";
				ENABLE_NS_ASSERTIONS = NO;
				ENABLE_STRICT_OBJC_MSGSEND = YES;
				GCC_C_LANGUAGE_STANDARD = gnu11;
				GCC_NO_COMMON_BLOCKS = YES;
				GCC_WARN_64_TO_32_BIT_CONVERSION = YES;
				GCC_WARN_ABOUT_RETURN_TYPE = YES_ERROR;
				GCC_WARN_UNDECLARED_SELECTOR = YES;
				GCC_WARN_UNINITIALIZED_AUTOS = YES_AGGRESSIVE;
				GCC_WARN_UNUSED_FUNCTION = YES;
				GCC_WARN_UNUSED_VARIABLE = YES;
				IPHONEOS_DEPLOYMENT_TARGET = 16.4;
				MTL_ENABLE_DEBUG_INFO = NO;
				MTL_FAST_MATH = YES;
				SDKROOT = iphoneos;
				SWIFT_COMPILATION_MODE = wholemodule;
				SWIFT_OPTIMIZATION_LEVEL = "-O";
				VALIDATE_PRODUCT = YES;
			};
			name = Release;
		};
		F07FBDC12A7FBA1D00ACA10F /* Debug */ = {
			isa = XCBuildConfiguration;
			buildSettings = {
				ASSETCATALOG_COMPILER_APPICON_NAME = AppIcon;
				ASSETCATALOG_COMPILER_GLOBAL_ACCENT_COLOR_NAME = AccentColor;
				CODE_SIGN_STYLE = Automatic;
				CURRENT_PROJECT_VERSION = 1;
				DEVELOPMENT_TEAM = 78Y3UD747G;
				GENERATE_INFOPLIST_FILE = YES;
				INFOPLIST_FILE = "AI-Chat-Assistant/Support/Info.plist";
				INFOPLIST_KEY_UIApplicationSupportsIndirectInputEvents = YES;
				INFOPLIST_KEY_UILaunchStoryboardName = LaunchScreen;
				INFOPLIST_KEY_UISupportedInterfaceOrientations = UIInterfaceOrientationPortrait;
				INFOPLIST_KEY_UISupportedInterfaceOrientations_iPad = "UIInterfaceOrientationLandscapeLeft UIInterfaceOrientationLandscapeRight UIInterfaceOrientationPortrait UIInterfaceOrientationPortraitUpsideDown";
				IPHONEOS_DEPLOYMENT_TARGET = 14.0;
				LD_RUNPATH_SEARCH_PATHS = (
					"$(inherited)",
					"@executable_path/Frameworks",
				);
				MARKETING_VERSION = 1.0.0;
				PRODUCT_BUNDLE_IDENTIFIER = "com.ekremalkan.AI-Chat-Assistant";
				PRODUCT_NAME = "$(TARGET_NAME)";
				SUPPORTED_PLATFORMS = "iphoneos iphonesimulator";
				SUPPORTS_MACCATALYST = NO;
				SUPPORTS_MAC_DESIGNED_FOR_IPHONE_IPAD = NO;
				SWIFT_EMIT_LOC_STRINGS = YES;
				SWIFT_VERSION = 5.0;
				TARGETED_DEVICE_FAMILY = "1,2";
			};
			name = Debug;
		};
		F07FBDC22A7FBA1D00ACA10F /* Release */ = {
			isa = XCBuildConfiguration;
			buildSettings = {
				ASSETCATALOG_COMPILER_APPICON_NAME = AppIcon;
				ASSETCATALOG_COMPILER_GLOBAL_ACCENT_COLOR_NAME = AccentColor;
				CODE_SIGN_STYLE = Automatic;
				CURRENT_PROJECT_VERSION = 1;
				DEVELOPMENT_TEAM = 78Y3UD747G;
				GENERATE_INFOPLIST_FILE = YES;
				INFOPLIST_FILE = "AI-Chat-Assistant/Support/Info.plist";
				INFOPLIST_KEY_UIApplicationSupportsIndirectInputEvents = YES;
				INFOPLIST_KEY_UILaunchStoryboardName = LaunchScreen;
				INFOPLIST_KEY_UISupportedInterfaceOrientations = UIInterfaceOrientationPortrait;
				INFOPLIST_KEY_UISupportedInterfaceOrientations_iPad = "UIInterfaceOrientationLandscapeLeft UIInterfaceOrientationLandscapeRight UIInterfaceOrientationPortrait UIInterfaceOrientationPortraitUpsideDown";
				IPHONEOS_DEPLOYMENT_TARGET = 14.0;
				LD_RUNPATH_SEARCH_PATHS = (
					"$(inherited)",
					"@executable_path/Frameworks",
				);
				MARKETING_VERSION = 1.0.0;
				PRODUCT_BUNDLE_IDENTIFIER = "com.ekremalkan.AI-Chat-Assistant";
				PRODUCT_NAME = "$(TARGET_NAME)";
				SUPPORTED_PLATFORMS = "iphoneos iphonesimulator";
				SUPPORTS_MACCATALYST = NO;
				SUPPORTS_MAC_DESIGNED_FOR_IPHONE_IPAD = NO;
				SWIFT_EMIT_LOC_STRINGS = YES;
				SWIFT_VERSION = 5.0;
				TARGETED_DEVICE_FAMILY = "1,2";
			};
			name = Release;
		};
/* End XCBuildConfiguration section */

/* Begin XCConfigurationList section */
		F07FBDA72A7FBA1C00ACA10F /* Build configuration list for PBXProject "AI-Chat-Assistant" */ = {
			isa = XCConfigurationList;
			buildConfigurations = (
				F07FBDBE2A7FBA1D00ACA10F /* Debug */,
				F07FBDBF2A7FBA1D00ACA10F /* Release */,
			);
			defaultConfigurationIsVisible = 0;
			defaultConfigurationName = Release;
		};
		F07FBDC02A7FBA1D00ACA10F /* Build configuration list for PBXNativeTarget "AI-Chat-Assistant" */ = {
			isa = XCConfigurationList;
			buildConfigurations = (
				F07FBDC12A7FBA1D00ACA10F /* Debug */,
				F07FBDC22A7FBA1D00ACA10F /* Release */,
			);
			defaultConfigurationIsVisible = 0;
			defaultConfigurationName = Release;
		};
/* End XCConfigurationList section */

/* Begin XCRemoteSwiftPackageReference section */
		F02563D72AB7369A00D10150 /* XCRemoteSwiftPackageReference "BetterSegmentedControl" */ = {
			isa = XCRemoteSwiftPackageReference;
			repositoryURL = "https://github.com/gmarm/BetterSegmentedControl.git";
			requirement = {
				kind = upToNextMajorVersion;
				minimumVersion = 2.0.0;
			};
		};
		F04879E42AB5D7680075A0C6 /* XCRemoteSwiftPackageReference "IQKeyboardManager" */ = {
			isa = XCRemoteSwiftPackageReference;
			repositoryURL = "https://github.com/hackiftekhar/IQKeyboardManager.git";
			requirement = {
				kind = upToNextMajorVersion;
				minimumVersion = 6.0.0;
			};
		};
		F07FBDDE2A7FD01B00ACA10F /* XCRemoteSwiftPackageReference "Moya" */ = {
			isa = XCRemoteSwiftPackageReference;
			repositoryURL = "https://github.com/Moya/Moya.git";
			requirement = {
				kind = upToNextMajorVersion;
				minimumVersion = 15.0.0;
			};
		};
		F07FBE002A7FE66C00ACA10F /* XCRemoteSwiftPackageReference "SnapKit" */ = {
			isa = XCRemoteSwiftPackageReference;
			repositoryURL = "https://github.com/SnapKit/SnapKit.git";
			requirement = {
				kind = upToNextMajorVersion;
				minimumVersion = 5.0.0;
			};
		};
		F0A5E3902A93D036000AE129 /* XCRemoteSwiftPackageReference "GhostTypewriter" */ = {
			isa = XCRemoteSwiftPackageReference;
			repositoryURL = "https://github.com/wibosco/GhostTypewriter.git";
			requirement = {
				kind = upToNextMajorVersion;
				minimumVersion = 2.0.0;
			};
		};
		F0A5E3982A93E8D8000AE129 /* XCRemoteSwiftPackageReference "lottie-ios" */ = {
			isa = XCRemoteSwiftPackageReference;
			repositoryURL = "https://github.com/airbnb/lottie-ios.git";
			requirement = {
				kind = upToNextMajorVersion;
				minimumVersion = 4.0.0;
			};
		};
		F0DADC2D2A81893F00BFC78D /* XCRemoteSwiftPackageReference "ProgressHUD" */ = {
			isa = XCRemoteSwiftPackageReference;
			repositoryURL = "https://github.com/relatedcode/ProgressHUD";
			requirement = {
				kind = upToNextMajorVersion;
				minimumVersion = 13.0.0;
			};
		};
/* End XCRemoteSwiftPackageReference section */

/* Begin XCSwiftPackageProductDependency section */
		F02563D82AB7369A00D10150 /* BetterSegmentedControl */ = {
			isa = XCSwiftPackageProductDependency;
			package = F02563D72AB7369A00D10150 /* XCRemoteSwiftPackageReference "BetterSegmentedControl" */;
			productName = BetterSegmentedControl;
		};
		F04879E52AB5D7680075A0C6 /* IQKeyboardManagerSwift */ = {
			isa = XCSwiftPackageProductDependency;
			package = F04879E42AB5D7680075A0C6 /* XCRemoteSwiftPackageReference "IQKeyboardManager" */;
			productName = IQKeyboardManagerSwift;
		};
		F07FBDDF2A7FD01B00ACA10F /* Moya */ = {
			isa = XCSwiftPackageProductDependency;
			package = F07FBDDE2A7FD01B00ACA10F /* XCRemoteSwiftPackageReference "Moya" */;
			productName = Moya;
		};
		F07FBE012A7FE66C00ACA10F /* SnapKit */ = {
			isa = XCSwiftPackageProductDependency;
			package = F07FBE002A7FE66C00ACA10F /* XCRemoteSwiftPackageReference "SnapKit" */;
			productName = SnapKit;
		};
		F0A5E3912A93D036000AE129 /* GhostTypewriter */ = {
			isa = XCSwiftPackageProductDependency;
			package = F0A5E3902A93D036000AE129 /* XCRemoteSwiftPackageReference "GhostTypewriter" */;
			productName = GhostTypewriter;
		};
		F0A5E3992A93E8D8000AE129 /* Lottie */ = {
			isa = XCSwiftPackageProductDependency;
			package = F0A5E3982A93E8D8000AE129 /* XCRemoteSwiftPackageReference "lottie-ios" */;
			productName = Lottie;
		};
		F0DADC2E2A81893F00BFC78D /* ProgressHUD */ = {
			isa = XCSwiftPackageProductDependency;
			package = F0DADC2D2A81893F00BFC78D /* XCRemoteSwiftPackageReference "ProgressHUD" */;
			productName = ProgressHUD;
		};
/* End XCSwiftPackageProductDependency section */

/* Begin XCVersionGroup section */
		F08D006F2AB8CCBC0071E324 /* ChatAssistantDataModel.xcdatamodeld */ = {
			isa = XCVersionGroup;
			children = (
				F08D00702AB8CCBC0071E324 /* ChatAssistantDataModel.xcdatamodel */,
			);
			currentVersion = F08D00702AB8CCBC0071E324 /* ChatAssistantDataModel.xcdatamodel */;
			path = ChatAssistantDataModel.xcdatamodeld;
			sourceTree = "<group>";
			versionGroupType = wrapper.xcdatamodel;
		};
/* End XCVersionGroup section */
	};
	rootObject = F07FBDA42A7FBA1C00ACA10F /* Project object */;
}
