// !$*UTF8*$!
{
	archiveVersion = 1;
	classes = {
	};
	objectVersion = 56;
	objects = {

/* Begin PBXBuildFile section */
		F01BA7F12A968E2C008E0DA3 /* String+CopyToClipboard.swift in Sources */ = {isa = PBXBuildFile; fileRef = F01BA7F02A968E2C008E0DA3 /* String+CopyToClipboard.swift */; };
		F01BA7F32A968F5C008E0DA3 /* UIViewController+ShowToast.swift in Sources */ = {isa = PBXBuildFile; fileRef = F01BA7F22A968F5C008E0DA3 /* UIViewController+ShowToast.swift */; };
		F02FA0862AA49A3A0089B680 /* SuggestionModel.swift in Sources */ = {isa = PBXBuildFile; fileRef = F02FA0852AA49A3A0089B680 /* SuggestionModel.swift */; };
		F02FA08B2AA4D5810089B680 /* SuggestionsCollectionCell.swift in Sources */ = {isa = PBXBuildFile; fileRef = F02FA08A2AA4D5810089B680 /* SuggestionsCollectionCell.swift */; };
		F066E99C2A9B8F61004A6964 /* ModelSelectCoordinator.swift in Sources */ = {isa = PBXBuildFile; fileRef = F066E99B2A9B8F61004A6964 /* ModelSelectCoordinator.swift */; };
		F066E99E2A9B8FD3004A6964 /* ModelSelectView.swift in Sources */ = {isa = PBXBuildFile; fileRef = F066E99D2A9B8FD3004A6964 /* ModelSelectView.swift */; };
		F066E9A12A9B9022004A6964 /* ModelSelectCollectionCell.swift in Sources */ = {isa = PBXBuildFile; fileRef = F066E9A02A9B9022004A6964 /* ModelSelectCollectionCell.swift */; };
		F066E9A32A9B9654004A6964 /* ModelConstants.swift in Sources */ = {isa = PBXBuildFile; fileRef = F066E9A22A9B9654004A6964 /* ModelConstants.swift */; };
		F066E9A52A9B9894004A6964 /* ModelSelectViewController.swift in Sources */ = {isa = PBXBuildFile; fileRef = F066E9A42A9B9894004A6964 /* ModelSelectViewController.swift */; };
		F066E9A82A9B9994004A6964 /* ModelSelectViewModel.swift in Sources */ = {isa = PBXBuildFile; fileRef = F066E9A72A9B9994004A6964 /* ModelSelectViewModel.swift */; };
		F066E9AB2A9BA1DE004A6964 /* ChatModelSelectButton.swift in Sources */ = {isa = PBXBuildFile; fileRef = F066E9AA2A9BA1DE004A6964 /* ChatModelSelectButton.swift */; };
		F066E9AE2A9BB19E004A6964 /* CustomPresentationController.swift in Sources */ = {isa = PBXBuildFile; fileRef = F066E9AD2A9BB19E004A6964 /* CustomPresentationController.swift */; };
		F06AA0802AA507B900B5B424 /* SuggestionsProvider.swift in Sources */ = {isa = PBXBuildFile; fileRef = F06AA07F2AA507B900B5B424 /* SuggestionsProvider.swift */; };
		F07F3E7A2AA7934500075CE5 /* AppName.swift in Sources */ = {isa = PBXBuildFile; fileRef = F07F3E792AA7934500075CE5 /* AppName.swift */; };
		F07FBDB02A7FBA1C00ACA10F /* AppDelegate.swift in Sources */ = {isa = PBXBuildFile; fileRef = F07FBDAF2A7FBA1C00ACA10F /* AppDelegate.swift */; };
		F07FBDB22A7FBA1C00ACA10F /* SceneDelegate.swift in Sources */ = {isa = PBXBuildFile; fileRef = F07FBDB12A7FBA1C00ACA10F /* SceneDelegate.swift */; };
		F07FBDB92A7FBA1D00ACA10F /* Assets.xcassets in Resources */ = {isa = PBXBuildFile; fileRef = F07FBDB82A7FBA1D00ACA10F /* Assets.xcassets */; };
		F07FBDBC2A7FBA1D00ACA10F /* LaunchScreen.storyboard in Resources */ = {isa = PBXBuildFile; fileRef = F07FBDBA2A7FBA1D00ACA10F /* LaunchScreen.storyboard */; };
		F07FBDC92A7FBABD00ACA10F /* Coordinator.swift in Sources */ = {isa = PBXBuildFile; fileRef = F07FBDC82A7FBABD00ACA10F /* Coordinator.swift */; };
		F07FBDCB2A7FBADF00ACA10F /* AppCoordinator.swift in Sources */ = {isa = PBXBuildFile; fileRef = F07FBDCA2A7FBADF00ACA10F /* AppCoordinator.swift */; };
		F07FBDD02A7FBB9D00ACA10F /* MainTabBarController.swift in Sources */ = {isa = PBXBuildFile; fileRef = F07FBDCF2A7FBB9D00ACA10F /* MainTabBarController.swift */; };
		F07FBDD22A7FBBB700ACA10F /* MainCoordinator.swift in Sources */ = {isa = PBXBuildFile; fileRef = F07FBDD12A7FBBB700ACA10F /* MainCoordinator.swift */; };
		F07FBDD52A7FBC9400ACA10F /* ChatCoordinator.swift in Sources */ = {isa = PBXBuildFile; fileRef = F07FBDD42A7FBC9400ACA10F /* ChatCoordinator.swift */; };
		F07FBDDB2A7FBD4A00ACA10F /* ChatViewController.swift in Sources */ = {isa = PBXBuildFile; fileRef = F07FBDDA2A7FBD4A00ACA10F /* ChatViewController.swift */; };
		F07FBDE02A7FD01B00ACA10F /* Moya in Frameworks */ = {isa = PBXBuildFile; productRef = F07FBDDF2A7FD01B00ACA10F /* Moya */; };
		F07FBDE22A7FD03E00ACA10F /* NetworkEndPointCases.swift in Sources */ = {isa = PBXBuildFile; fileRef = F07FBDE12A7FD03E00ACA10F /* NetworkEndPointCases.swift */; };
		F07FBDE42A7FD07900ACA10F /* NetworkManager.swift in Sources */ = {isa = PBXBuildFile; fileRef = F07FBDE32A7FD07900ACA10F /* NetworkManager.swift */; };
		F07FBDE72A7FD1B900ACA10F /* OpenAIChatBody.swift in Sources */ = {isa = PBXBuildFile; fileRef = F07FBDE62A7FD1B900ACA10F /* OpenAIChatBody.swift */; };
		F07FBDEB2A7FD28400ACA10F /* NetworkConstants.swift in Sources */ = {isa = PBXBuildFile; fileRef = F07FBDEA2A7FD28400ACA10F /* NetworkConstants.swift */; };
		F07FBDEE2A7FD2E900ACA10F /* OpenAIChatResponse.swift in Sources */ = {isa = PBXBuildFile; fileRef = F07FBDED2A7FD2E900ACA10F /* OpenAIChatResponse.swift */; };
		F07FBDF22A7FD57B00ACA10F /* HomeModel.swift in Sources */ = {isa = PBXBuildFile; fileRef = F07FBDF12A7FD57B00ACA10F /* HomeModel.swift */; };
		F07FBDF52A7FD72100ACA10F /* NetworkService.swift in Sources */ = {isa = PBXBuildFile; fileRef = F07FBDF42A7FD72100ACA10F /* NetworkService.swift */; };
		F07FBDF72A7FD74B00ACA10F /* OpenAIChatService.swift in Sources */ = {isa = PBXBuildFile; fileRef = F07FBDF62A7FD74B00ACA10F /* OpenAIChatService.swift */; };
		F07FBDFA2A7FD84F00ACA10F /* ChatViewModel.swift in Sources */ = {isa = PBXBuildFile; fileRef = F07FBDF92A7FD84F00ACA10F /* ChatViewModel.swift */; };
		F07FBDFC2A7FE1F400ACA10F /* ChatView.swift in Sources */ = {isa = PBXBuildFile; fileRef = F07FBDFB2A7FE1F400ACA10F /* ChatView.swift */; };
		F07FBDFF2A7FE37E00ACA10F /* UserChatCollectionCell.swift in Sources */ = {isa = PBXBuildFile; fileRef = F07FBDFE2A7FE37E00ACA10F /* UserChatCollectionCell.swift */; };
		F07FBE022A7FE66C00ACA10F /* SnapKit in Frameworks */ = {isa = PBXBuildFile; productRef = F07FBE012A7FE66C00ACA10F /* SnapKit */; };
		F07FBE042A7FE96D00ACA10F /* AssistantChatCollectionCell.swift in Sources */ = {isa = PBXBuildFile; fileRef = F07FBE032A7FE96D00ACA10F /* AssistantChatCollectionCell.swift */; };
		F07FBE0B2A7FFAF300ACA10F /* UIViewController+KeyboardAppears.swift in Sources */ = {isa = PBXBuildFile; fileRef = F07FBE0A2A7FFAF300ACA10F /* UIViewController+KeyboardAppears.swift */; };
		F07FBE0F2A801CB600ACA10F /* ColorSet.swift in Sources */ = {isa = PBXBuildFile; fileRef = F07FBE0E2A801CB600ACA10F /* ColorSet.swift */; };
		F0817FF02A9BCEBB0054C15E /* HomeCoordinator.swift in Sources */ = {isa = PBXBuildFile; fileRef = F0817FEF2A9BCEBB0054C15E /* HomeCoordinator.swift */; };
		F0817FF32A9BD1160054C15E /* HomeView.swift in Sources */ = {isa = PBXBuildFile; fileRef = F0817FF22A9BD1160054C15E /* HomeView.swift */; };
		F0817FF62A9BD1F00054C15E /* SuggestionsCollectionHeader.swift in Sources */ = {isa = PBXBuildFile; fileRef = F0817FF52A9BD1F00054C15E /* SuggestionsCollectionHeader.swift */; };
		F0817FF82A9BD49B0054C15E /* HomeViewController.swift in Sources */ = {isa = PBXBuildFile; fileRef = F0817FF72A9BD49B0054C15E /* HomeViewController.swift */; };
		F0817FFB2A9BD5090054C15E /* HomeViewModel.swift in Sources */ = {isa = PBXBuildFile; fileRef = F0817FFA2A9BD5090054C15E /* HomeViewModel.swift */; };
		F0817FFE2A9BE5930054C15E /* SuggestionCategoryCollectionCell.swift in Sources */ = {isa = PBXBuildFile; fileRef = F0817FFD2A9BE5930054C15E /* SuggestionCategoryCollectionCell.swift */; };
		F0A5E3922A93D036000AE129 /* GhostTypewriter in Frameworks */ = {isa = PBXBuildFile; productRef = F0A5E3912A93D036000AE129 /* GhostTypewriter */; };
		F0A5E3972A93E87C000AE129 /* AssistantTypingAnimation.json in Resources */ = {isa = PBXBuildFile; fileRef = F0A5E3962A93E87C000AE129 /* AssistantTypingAnimation.json */; };
		F0A5E39A2A93E8D8000AE129 /* Lottie in Frameworks */ = {isa = PBXBuildFile; productRef = F0A5E3992A93E8D8000AE129 /* Lottie */; };
		F0ADEF972AA65B2F008403CA /* EducationSuggestions.swift in Sources */ = {isa = PBXBuildFile; fileRef = F0ADEF962AA65B2F008403CA /* EducationSuggestions.swift */; };
		F0ADEF992AA65BAD008403CA /* FunSuggestions.swift in Sources */ = {isa = PBXBuildFile; fileRef = F0ADEF982AA65BAD008403CA /* FunSuggestions.swift */; };
		F0ADEF9B2AA65BF3008403CA /* BeautyLifestyleSuggestions.swift in Sources */ = {isa = PBXBuildFile; fileRef = F0ADEF9A2AA65BF3008403CA /* BeautyLifestyleSuggestions.swift */; };
		F0ADEF9D2AA65C26008403CA /* HealthNutritionSuggestions.swift in Sources */ = {isa = PBXBuildFile; fileRef = F0ADEF9C2AA65C26008403CA /* HealthNutritionSuggestions.swift */; };
		F0ADEF9F2AA65C48008403CA /* AstrologySuggestions.swift in Sources */ = {isa = PBXBuildFile; fileRef = F0ADEF9E2AA65C48008403CA /* AstrologySuggestions.swift */; };
		F0ADEFA32AA65C94008403CA /* TravelSuggestions.swift in Sources */ = {isa = PBXBuildFile; fileRef = F0ADEFA22AA65C94008403CA /* TravelSuggestions.swift */; };
		F0ADEFA52AA65CB9008403CA /* BusinessMarketing.swift in Sources */ = {isa = PBXBuildFile; fileRef = F0ADEFA42AA65CB9008403CA /* BusinessMarketing.swift */; };
		F0ADEFA72AA65CDD008403CA /* SocialSuggestions.swift in Sources */ = {isa = PBXBuildFile; fileRef = F0ADEFA62AA65CDD008403CA /* SocialSuggestions.swift */; };
		F0ADEFA92AA65CFD008403CA /* SocialMediaSuggestions.swift in Sources */ = {isa = PBXBuildFile; fileRef = F0ADEFA82AA65CFD008403CA /* SocialMediaSuggestions.swift */; };
		F0ADEFAB2AA65D23008403CA /* CareerSuggestions.swift in Sources */ = {isa = PBXBuildFile; fileRef = F0ADEFAA2AA65D23008403CA /* CareerSuggestions.swift */; };
		F0ADEFAD2AA65D47008403CA /* EmailSuggestions.swift in Sources */ = {isa = PBXBuildFile; fileRef = F0ADEFAC2AA65D47008403CA /* EmailSuggestions.swift */; };
		F0ADEFAF2AA65D5C008403CA /* ScienceSuggestions.swift in Sources */ = {isa = PBXBuildFile; fileRef = F0ADEFAE2AA65D5C008403CA /* ScienceSuggestions.swift */; };
		F0ADEFB12AA65D7C008403CA /* CreativeIdeaSuggestions.swift in Sources */ = {isa = PBXBuildFile; fileRef = F0ADEFB02AA65D7C008403CA /* CreativeIdeaSuggestions.swift */; };
		F0DADC2F2A81893F00BFC78D /* ProgressHUD in Frameworks */ = {isa = PBXBuildFile; productRef = F0DADC2E2A81893F00BFC78D /* ProgressHUD */; };
/* End PBXBuildFile section */

/* Begin PBXFileReference section */
		F01BA7F02A968E2C008E0DA3 /* String+CopyToClipboard.swift */ = {isa = PBXFileReference; lastKnownFileType = sourcecode.swift; path = "String+CopyToClipboard.swift"; sourceTree = "<group>"; };
		F01BA7F22A968F5C008E0DA3 /* UIViewController+ShowToast.swift */ = {isa = PBXFileReference; lastKnownFileType = sourcecode.swift; path = "UIViewController+ShowToast.swift"; sourceTree = "<group>"; };
		F02FA0852AA49A3A0089B680 /* SuggestionModel.swift */ = {isa = PBXFileReference; lastKnownFileType = sourcecode.swift; path = SuggestionModel.swift; sourceTree = "<group>"; };
		F02FA08A2AA4D5810089B680 /* SuggestionsCollectionCell.swift */ = {isa = PBXFileReference; lastKnownFileType = sourcecode.swift; path = SuggestionsCollectionCell.swift; sourceTree = "<group>"; };
		F066E99B2A9B8F61004A6964 /* ModelSelectCoordinator.swift */ = {isa = PBXFileReference; lastKnownFileType = sourcecode.swift; path = ModelSelectCoordinator.swift; sourceTree = "<group>"; };
		F066E99D2A9B8FD3004A6964 /* ModelSelectView.swift */ = {isa = PBXFileReference; lastKnownFileType = sourcecode.swift; path = ModelSelectView.swift; sourceTree = "<group>"; };
		F066E9A02A9B9022004A6964 /* ModelSelectCollectionCell.swift */ = {isa = PBXFileReference; lastKnownFileType = sourcecode.swift; path = ModelSelectCollectionCell.swift; sourceTree = "<group>"; };
		F066E9A22A9B9654004A6964 /* ModelConstants.swift */ = {isa = PBXFileReference; lastKnownFileType = sourcecode.swift; path = ModelConstants.swift; sourceTree = "<group>"; };
		F066E9A42A9B9894004A6964 /* ModelSelectViewController.swift */ = {isa = PBXFileReference; lastKnownFileType = sourcecode.swift; path = ModelSelectViewController.swift; sourceTree = "<group>"; };
		F066E9A72A9B9994004A6964 /* ModelSelectViewModel.swift */ = {isa = PBXFileReference; lastKnownFileType = sourcecode.swift; path = ModelSelectViewModel.swift; sourceTree = "<group>"; };
		F066E9AA2A9BA1DE004A6964 /* ChatModelSelectButton.swift */ = {isa = PBXFileReference; lastKnownFileType = sourcecode.swift; path = ChatModelSelectButton.swift; sourceTree = "<group>"; };
		F066E9AD2A9BB19E004A6964 /* CustomPresentationController.swift */ = {isa = PBXFileReference; lastKnownFileType = sourcecode.swift; path = CustomPresentationController.swift; sourceTree = "<group>"; };
		F06AA07F2AA507B900B5B424 /* SuggestionsProvider.swift */ = {isa = PBXFileReference; lastKnownFileType = sourcecode.swift; path = SuggestionsProvider.swift; sourceTree = "<group>"; };
		F07F3E792AA7934500075CE5 /* AppName.swift */ = {isa = PBXFileReference; lastKnownFileType = sourcecode.swift; path = AppName.swift; sourceTree = "<group>"; };
		F07FBDAC2A7FBA1C00ACA10F /* AI-Chat-Assistant.app */ = {isa = PBXFileReference; explicitFileType = wrapper.application; includeInIndex = 0; path = "AI-Chat-Assistant.app"; sourceTree = BUILT_PRODUCTS_DIR; };
		F07FBDAF2A7FBA1C00ACA10F /* AppDelegate.swift */ = {isa = PBXFileReference; lastKnownFileType = sourcecode.swift; path = AppDelegate.swift; sourceTree = "<group>"; };
		F07FBDB12A7FBA1C00ACA10F /* SceneDelegate.swift */ = {isa = PBXFileReference; lastKnownFileType = sourcecode.swift; path = SceneDelegate.swift; sourceTree = "<group>"; };
		F07FBDB82A7FBA1D00ACA10F /* Assets.xcassets */ = {isa = PBXFileReference; lastKnownFileType = folder.assetcatalog; path = Assets.xcassets; sourceTree = "<group>"; };
		F07FBDBB2A7FBA1D00ACA10F /* Base */ = {isa = PBXFileReference; lastKnownFileType = file.storyboard; name = Base; path = Base.lproj/LaunchScreen.storyboard; sourceTree = "<group>"; };
		F07FBDBD2A7FBA1D00ACA10F /* Info.plist */ = {isa = PBXFileReference; lastKnownFileType = text.plist.xml; path = Info.plist; sourceTree = "<group>"; };
		F07FBDC82A7FBABD00ACA10F /* Coordinator.swift */ = {isa = PBXFileReference; lastKnownFileType = sourcecode.swift; path = Coordinator.swift; sourceTree = "<group>"; };
		F07FBDCA2A7FBADF00ACA10F /* AppCoordinator.swift */ = {isa = PBXFileReference; lastKnownFileType = sourcecode.swift; path = AppCoordinator.swift; sourceTree = "<group>"; };
		F07FBDCF2A7FBB9D00ACA10F /* MainTabBarController.swift */ = {isa = PBXFileReference; lastKnownFileType = sourcecode.swift; path = MainTabBarController.swift; sourceTree = "<group>"; };
		F07FBDD12A7FBBB700ACA10F /* MainCoordinator.swift */ = {isa = PBXFileReference; lastKnownFileType = sourcecode.swift; path = MainCoordinator.swift; sourceTree = "<group>"; };
		F07FBDD42A7FBC9400ACA10F /* ChatCoordinator.swift */ = {isa = PBXFileReference; lastKnownFileType = sourcecode.swift; path = ChatCoordinator.swift; sourceTree = "<group>"; };
		F07FBDDA2A7FBD4A00ACA10F /* ChatViewController.swift */ = {isa = PBXFileReference; lastKnownFileType = sourcecode.swift; path = ChatViewController.swift; sourceTree = "<group>"; };
		F07FBDE12A7FD03E00ACA10F /* NetworkEndPointCases.swift */ = {isa = PBXFileReference; lastKnownFileType = sourcecode.swift; path = NetworkEndPointCases.swift; sourceTree = "<group>"; };
		F07FBDE32A7FD07900ACA10F /* NetworkManager.swift */ = {isa = PBXFileReference; lastKnownFileType = sourcecode.swift; path = NetworkManager.swift; sourceTree = "<group>"; };
		F07FBDE62A7FD1B900ACA10F /* OpenAIChatBody.swift */ = {isa = PBXFileReference; lastKnownFileType = sourcecode.swift; path = OpenAIChatBody.swift; sourceTree = "<group>"; };
		F07FBDEA2A7FD28400ACA10F /* NetworkConstants.swift */ = {isa = PBXFileReference; lastKnownFileType = sourcecode.swift; path = NetworkConstants.swift; sourceTree = "<group>"; };
		F07FBDED2A7FD2E900ACA10F /* OpenAIChatResponse.swift */ = {isa = PBXFileReference; lastKnownFileType = sourcecode.swift; path = OpenAIChatResponse.swift; sourceTree = "<group>"; };
		F07FBDF12A7FD57B00ACA10F /* HomeModel.swift */ = {isa = PBXFileReference; lastKnownFileType = sourcecode.swift; path = HomeModel.swift; sourceTree = "<group>"; };
		F07FBDF42A7FD72100ACA10F /* NetworkService.swift */ = {isa = PBXFileReference; lastKnownFileType = sourcecode.swift; path = NetworkService.swift; sourceTree = "<group>"; };
		F07FBDF62A7FD74B00ACA10F /* OpenAIChatService.swift */ = {isa = PBXFileReference; lastKnownFileType = sourcecode.swift; path = OpenAIChatService.swift; sourceTree = "<group>"; };
		F07FBDF92A7FD84F00ACA10F /* ChatViewModel.swift */ = {isa = PBXFileReference; lastKnownFileType = sourcecode.swift; path = ChatViewModel.swift; sourceTree = "<group>"; };
		F07FBDFB2A7FE1F400ACA10F /* ChatView.swift */ = {isa = PBXFileReference; lastKnownFileType = sourcecode.swift; path = ChatView.swift; sourceTree = "<group>"; };
		F07FBDFE2A7FE37E00ACA10F /* UserChatCollectionCell.swift */ = {isa = PBXFileReference; lastKnownFileType = sourcecode.swift; path = UserChatCollectionCell.swift; sourceTree = "<group>"; };
		F07FBE032A7FE96D00ACA10F /* AssistantChatCollectionCell.swift */ = {isa = PBXFileReference; lastKnownFileType = sourcecode.swift; path = AssistantChatCollectionCell.swift; sourceTree = "<group>"; };
		F07FBE0A2A7FFAF300ACA10F /* UIViewController+KeyboardAppears.swift */ = {isa = PBXFileReference; lastKnownFileType = sourcecode.swift; path = "UIViewController+KeyboardAppears.swift"; sourceTree = "<group>"; };
		F07FBE0E2A801CB600ACA10F /* ColorSet.swift */ = {isa = PBXFileReference; lastKnownFileType = sourcecode.swift; path = ColorSet.swift; sourceTree = "<group>"; };
		F0817FEF2A9BCEBB0054C15E /* HomeCoordinator.swift */ = {isa = PBXFileReference; lastKnownFileType = sourcecode.swift; path = HomeCoordinator.swift; sourceTree = "<group>"; };
		F0817FF22A9BD1160054C15E /* HomeView.swift */ = {isa = PBXFileReference; lastKnownFileType = sourcecode.swift; path = HomeView.swift; sourceTree = "<group>"; };
		F0817FF52A9BD1F00054C15E /* SuggestionsCollectionHeader.swift */ = {isa = PBXFileReference; lastKnownFileType = sourcecode.swift; path = SuggestionsCollectionHeader.swift; sourceTree = "<group>"; };
		F0817FF72A9BD49B0054C15E /* HomeViewController.swift */ = {isa = PBXFileReference; lastKnownFileType = sourcecode.swift; path = HomeViewController.swift; sourceTree = "<group>"; };
		F0817FFA2A9BD5090054C15E /* HomeViewModel.swift */ = {isa = PBXFileReference; lastKnownFileType = sourcecode.swift; path = HomeViewModel.swift; sourceTree = "<group>"; };
		F0817FFD2A9BE5930054C15E /* SuggestionCategoryCollectionCell.swift */ = {isa = PBXFileReference; lastKnownFileType = sourcecode.swift; path = SuggestionCategoryCollectionCell.swift; sourceTree = "<group>"; };
		F0A5E3962A93E87C000AE129 /* AssistantTypingAnimation.json */ = {isa = PBXFileReference; fileEncoding = 4; lastKnownFileType = text.json; path = AssistantTypingAnimation.json; sourceTree = "<group>"; };
		F0ADEF962AA65B2F008403CA /* EducationSuggestions.swift */ = {isa = PBXFileReference; lastKnownFileType = sourcecode.swift; path = EducationSuggestions.swift; sourceTree = "<group>"; };
		F0ADEF982AA65BAD008403CA /* FunSuggestions.swift */ = {isa = PBXFileReference; lastKnownFileType = sourcecode.swift; path = FunSuggestions.swift; sourceTree = "<group>"; };
		F0ADEF9A2AA65BF3008403CA /* BeautyLifestyleSuggestions.swift */ = {isa = PBXFileReference; lastKnownFileType = sourcecode.swift; path = BeautyLifestyleSuggestions.swift; sourceTree = "<group>"; };
		F0ADEF9C2AA65C26008403CA /* HealthNutritionSuggestions.swift */ = {isa = PBXFileReference; lastKnownFileType = sourcecode.swift; path = HealthNutritionSuggestions.swift; sourceTree = "<group>"; };
		F0ADEF9E2AA65C48008403CA /* AstrologySuggestions.swift */ = {isa = PBXFileReference; lastKnownFileType = sourcecode.swift; path = AstrologySuggestions.swift; sourceTree = "<group>"; };
		F0ADEFA22AA65C94008403CA /* TravelSuggestions.swift */ = {isa = PBXFileReference; lastKnownFileType = sourcecode.swift; path = TravelSuggestions.swift; sourceTree = "<group>"; };
		F0ADEFA42AA65CB9008403CA /* BusinessMarketing.swift */ = {isa = PBXFileReference; lastKnownFileType = sourcecode.swift; path = BusinessMarketing.swift; sourceTree = "<group>"; };
		F0ADEFA62AA65CDD008403CA /* SocialSuggestions.swift */ = {isa = PBXFileReference; lastKnownFileType = sourcecode.swift; path = SocialSuggestions.swift; sourceTree = "<group>"; };
		F0ADEFA82AA65CFD008403CA /* SocialMediaSuggestions.swift */ = {isa = PBXFileReference; lastKnownFileType = sourcecode.swift; path = SocialMediaSuggestions.swift; sourceTree = "<group>"; };
		F0ADEFAA2AA65D23008403CA /* CareerSuggestions.swift */ = {isa = PBXFileReference; lastKnownFileType = sourcecode.swift; path = CareerSuggestions.swift; sourceTree = "<group>"; };
		F0ADEFAC2AA65D47008403CA /* EmailSuggestions.swift */ = {isa = PBXFileReference; lastKnownFileType = sourcecode.swift; path = EmailSuggestions.swift; sourceTree = "<group>"; };
		F0ADEFAE2AA65D5C008403CA /* ScienceSuggestions.swift */ = {isa = PBXFileReference; lastKnownFileType = sourcecode.swift; path = ScienceSuggestions.swift; sourceTree = "<group>"; };
		F0ADEFB02AA65D7C008403CA /* CreativeIdeaSuggestions.swift */ = {isa = PBXFileReference; lastKnownFileType = sourcecode.swift; path = CreativeIdeaSuggestions.swift; sourceTree = "<group>"; };
/* End PBXFileReference section */

/* Begin PBXFrameworksBuildPhase section */
		F07FBDA92A7FBA1C00ACA10F /* Frameworks */ = {
			isa = PBXFrameworksBuildPhase;
			buildActionMask = 2147483647;
			files = (
				F0A5E39A2A93E8D8000AE129 /* Lottie in Frameworks */,
				F0DADC2F2A81893F00BFC78D /* ProgressHUD in Frameworks */,
				F07FBDE02A7FD01B00ACA10F /* Moya in Frameworks */,
				F07FBE022A7FE66C00ACA10F /* SnapKit in Frameworks */,
				F0A5E3922A93D036000AE129 /* GhostTypewriter in Frameworks */,
			);
			runOnlyForDeploymentPostprocessing = 0;
		};
/* End PBXFrameworksBuildPhase section */

/* Begin PBXGroup section */
		F02FA0822AA496830089B680 /* Model */ = {
			isa = PBXGroup;
			children = (
				F02FA0852AA49A3A0089B680 /* SuggestionModel.swift */,
				F06AA07F2AA507B900B5B424 /* SuggestionsProvider.swift */,
				F0ADEF962AA65B2F008403CA /* EducationSuggestions.swift */,
				F0ADEF982AA65BAD008403CA /* FunSuggestions.swift */,
				F0ADEF9A2AA65BF3008403CA /* BeautyLifestyleSuggestions.swift */,
				F0ADEF9C2AA65C26008403CA /* HealthNutritionSuggestions.swift */,
				F0ADEF9E2AA65C48008403CA /* AstrologySuggestions.swift */,
				F0ADEFA22AA65C94008403CA /* TravelSuggestions.swift */,
				F0ADEFA42AA65CB9008403CA /* BusinessMarketing.swift */,
				F0ADEFA62AA65CDD008403CA /* SocialSuggestions.swift */,
				F0ADEFA82AA65CFD008403CA /* SocialMediaSuggestions.swift */,
				F0ADEFAA2AA65D23008403CA /* CareerSuggestions.swift */,
				F0ADEFAC2AA65D47008403CA /* EmailSuggestions.swift */,
				F0ADEFAE2AA65D5C008403CA /* ScienceSuggestions.swift */,
				F0ADEFB02AA65D7C008403CA /* CreativeIdeaSuggestions.swift */,
			);
			path = Model;
			sourceTree = "<group>";
		};
		F02FA0872AA4D50C0089B680 /* Cell */ = {
			isa = PBXGroup;
			children = (
				F02FA08A2AA4D5810089B680 /* SuggestionsCollectionCell.swift */,
			);
			path = Cell;
			sourceTree = "<group>";
		};
		F066E9992A9B8EB9004A6964 /* ModelSelect */ = {
			isa = PBXGroup;
			children = (
				F066E99B2A9B8F61004A6964 /* ModelSelectCoordinator.swift */,
				F066E99A2A9B8F55004A6964 /* View */,
				F066E9A62A9B994F004A6964 /* ViewModel */,
			);
			path = ModelSelect;
			sourceTree = "<group>";
		};
		F066E99A2A9B8F55004A6964 /* View */ = {
			isa = PBXGroup;
			children = (
				F066E99F2A9B900F004A6964 /* Cell */,
				F066E99D2A9B8FD3004A6964 /* ModelSelectView.swift */,
				F066E9A42A9B9894004A6964 /* ModelSelectViewController.swift */,
			);
			path = View;
			sourceTree = "<group>";
		};
		F066E99F2A9B900F004A6964 /* Cell */ = {
			isa = PBXGroup;
			children = (
				F066E9A02A9B9022004A6964 /* ModelSelectCollectionCell.swift */,
			);
			path = Cell;
			sourceTree = "<group>";
		};
		F066E9A62A9B994F004A6964 /* ViewModel */ = {
			isa = PBXGroup;
			children = (
				F066E9A72A9B9994004A6964 /* ModelSelectViewModel.swift */,
			);
			path = ViewModel;
			sourceTree = "<group>";
		};
		F066E9A92A9BA1C8004A6964 /* Buttons */ = {
			isa = PBXGroup;
			children = (
				F066E9AA2A9BA1DE004A6964 /* ChatModelSelectButton.swift */,
			);
			path = Buttons;
			sourceTree = "<group>";
		};
		F066E9AC2A9BB18E004A6964 /* PresentationController */ = {
			isa = PBXGroup;
			children = (
				F066E9AD2A9BB19E004A6964 /* CustomPresentationController.swift */,
			);
			path = PresentationController;
			sourceTree = "<group>";
		};
		F07F3E782AA7932600075CE5 /* Constants */ = {
			isa = PBXGroup;
			children = (
				F07F3E792AA7934500075CE5 /* AppName.swift */,
			);
			path = Constants;
			sourceTree = "<group>";
		};
		F07FBDA32A7FBA1C00ACA10F = {
			isa = PBXGroup;
			children = (
				F07FBDAE2A7FBA1C00ACA10F /* AI-Chat-Assistant */,
				F07FBDAD2A7FBA1C00ACA10F /* Products */,
			);
			sourceTree = "<group>";
		};
		F07FBDAD2A7FBA1C00ACA10F /* Products */ = {
			isa = PBXGroup;
			children = (
				F07FBDAC2A7FBA1C00ACA10F /* AI-Chat-Assistant.app */,
			);
			name = Products;
			sourceTree = "<group>";
		};
		F07FBDAE2A7FBA1C00ACA10F /* AI-Chat-Assistant */ = {
			isa = PBXGroup;
			children = (
				F07FBDC32A7FBA3A00ACA10F /* App */,
				F07FBDC62A7FBA8C00ACA10F /* Helper */,
				F07FBDCC2A7FBB5800ACA10F /* Scenes */,
				F07FBDDC2A7FCFF000ACA10F /* Network */,
				F07F3E782AA7932600075CE5 /* Constants */,
				F07FBDC52A7FBA5500ACA10F /* Support */,
				F07FBDC42A7FBA4700ACA10F /* Resources */,
			);
			path = "AI-Chat-Assistant";
			sourceTree = "<group>";
		};
		F07FBDC32A7FBA3A00ACA10F /* App */ = {
			isa = PBXGroup;
			children = (
				F07FBDAF2A7FBA1C00ACA10F /* AppDelegate.swift */,
				F07FBDB12A7FBA1C00ACA10F /* SceneDelegate.swift */,
				F07FBDCA2A7FBADF00ACA10F /* AppCoordinator.swift */,
			);
			path = App;
			sourceTree = "<group>";
		};
		F07FBDC42A7FBA4700ACA10F /* Resources */ = {
			isa = PBXGroup;
			children = (
				F0A5E3952A93E868000AE129 /* LottieAnimation */,
				F07FBDB82A7FBA1D00ACA10F /* Assets.xcassets */,
				F07FBDBA2A7FBA1D00ACA10F /* LaunchScreen.storyboard */,
			);
			path = Resources;
			sourceTree = "<group>";
		};
		F07FBDC52A7FBA5500ACA10F /* Support */ = {
			isa = PBXGroup;
			children = (
				F07FBDBD2A7FBA1D00ACA10F /* Info.plist */,
			);
			path = Support;
			sourceTree = "<group>";
		};
		F07FBDC62A7FBA8C00ACA10F /* Helper */ = {
			isa = PBXGroup;
			children = (
				F07FBE0C2A801C2800ACA10F /* Assets */,
				F07FBE092A7FFADD00ACA10F /* Extensions */,
				F07FBE052A7FED3500ACA10F /* Components */,
				F07FBDC72A7FBAB400ACA10F /* Protocols */,
			);
			path = Helper;
			sourceTree = "<group>";
		};
		F07FBDC72A7FBAB400ACA10F /* Protocols */ = {
			isa = PBXGroup;
			children = (
				F07FBDC82A7FBABD00ACA10F /* Coordinator.swift */,
			);
			path = Protocols;
			sourceTree = "<group>";
		};
		F07FBDCC2A7FBB5800ACA10F /* Scenes */ = {
			isa = PBXGroup;
			children = (
				F07FBDCD2A7FBB5F00ACA10F /* TabBar */,
				F0817FEE2A9BCE510054C15E /* Home */,
				F07FBDD32A7FBBE700ACA10F /* Chat */,
				F066E9992A9B8EB9004A6964 /* ModelSelect */,
			);
			path = Scenes;
			sourceTree = "<group>";
		};
		F07FBDCD2A7FBB5F00ACA10F /* TabBar */ = {
			isa = PBXGroup;
			children = (
				F07FBDD12A7FBBB700ACA10F /* MainCoordinator.swift */,
				F07FBDCE2A7FBB6D00ACA10F /* View */,
			);
			path = TabBar;
			sourceTree = "<group>";
		};
		F07FBDCE2A7FBB6D00ACA10F /* View */ = {
			isa = PBXGroup;
			children = (
				F07FBDCF2A7FBB9D00ACA10F /* MainTabBarController.swift */,
			);
			path = View;
			sourceTree = "<group>";
		};
		F07FBDD32A7FBBE700ACA10F /* Chat */ = {
			isa = PBXGroup;
			children = (
				F07FBDD42A7FBC9400ACA10F /* ChatCoordinator.swift */,
				F07FBDF02A7FD57100ACA10F /* Model */,
				F07FBDD62A7FBD0B00ACA10F /* View */,
				F07FBDF82A7FD83D00ACA10F /* ViewModel */,
			);
			path = Chat;
			sourceTree = "<group>";
		};
		F07FBDD62A7FBD0B00ACA10F /* View */ = {
			isa = PBXGroup;
			children = (
				F07FBDFD2A7FE35900ACA10F /* Cell */,
				F07FBDDA2A7FBD4A00ACA10F /* ChatViewController.swift */,
				F07FBDFB2A7FE1F400ACA10F /* ChatView.swift */,
			);
			path = View;
			sourceTree = "<group>";
		};
		F07FBDDC2A7FCFF000ACA10F /* Network */ = {
			isa = PBXGroup;
			children = (
				F07FBDF32A7FD6C400ACA10F /* Service */,
				F07FBDEC2A7FD2DD00ACA10F /* Model */,
				F07FBDDD2A7FCFF600ACA10F /* Core */,
				F07FBDE52A7FD1A000ACA10F /* RequestBody */,
			);
			path = Network;
			sourceTree = "<group>";
		};
		F07FBDDD2A7FCFF600ACA10F /* Core */ = {
			isa = PBXGroup;
			children = (
				F07FBDE82A7FD25B00ACA10F /* Manager */,
				F07FBDE92A7FD26400ACA10F /* Constants */,
			);
			path = Core;
			sourceTree = "<group>";
		};
		F07FBDE52A7FD1A000ACA10F /* RequestBody */ = {
			isa = PBXGroup;
			children = (
				F07FBDE62A7FD1B900ACA10F /* OpenAIChatBody.swift */,
			);
			path = RequestBody;
			sourceTree = "<group>";
		};
		F07FBDE82A7FD25B00ACA10F /* Manager */ = {
			isa = PBXGroup;
			children = (
				F07FBDE32A7FD07900ACA10F /* NetworkManager.swift */,
				F07FBDE12A7FD03E00ACA10F /* NetworkEndPointCases.swift */,
			);
			path = Manager;
			sourceTree = "<group>";
		};
		F07FBDE92A7FD26400ACA10F /* Constants */ = {
			isa = PBXGroup;
			children = (
				F07FBDEA2A7FD28400ACA10F /* NetworkConstants.swift */,
				F066E9A22A9B9654004A6964 /* ModelConstants.swift */,
			);
			path = Constants;
			sourceTree = "<group>";
		};
		F07FBDEC2A7FD2DD00ACA10F /* Model */ = {
			isa = PBXGroup;
			children = (
				F07FBDED2A7FD2E900ACA10F /* OpenAIChatResponse.swift */,
			);
			path = Model;
			sourceTree = "<group>";
		};
		F07FBDF02A7FD57100ACA10F /* Model */ = {
			isa = PBXGroup;
			children = (
				F07FBDF12A7FD57B00ACA10F /* HomeModel.swift */,
			);
			path = Model;
			sourceTree = "<group>";
		};
		F07FBDF32A7FD6C400ACA10F /* Service */ = {
			isa = PBXGroup;
			children = (
				F07FBDF42A7FD72100ACA10F /* NetworkService.swift */,
				F07FBDF62A7FD74B00ACA10F /* OpenAIChatService.swift */,
			);
			path = Service;
			sourceTree = "<group>";
		};
		F07FBDF82A7FD83D00ACA10F /* ViewModel */ = {
			isa = PBXGroup;
			children = (
				F07FBDF92A7FD84F00ACA10F /* ChatViewModel.swift */,
			);
			path = ViewModel;
			sourceTree = "<group>";
		};
		F07FBDFD2A7FE35900ACA10F /* Cell */ = {
			isa = PBXGroup;
			children = (
				F07FBDFE2A7FE37E00ACA10F /* UserChatCollectionCell.swift */,
				F07FBE032A7FE96D00ACA10F /* AssistantChatCollectionCell.swift */,
			);
			path = Cell;
			sourceTree = "<group>";
		};
		F07FBE052A7FED3500ACA10F /* Components */ = {
			isa = PBXGroup;
			children = (
				F066E9AC2A9BB18E004A6964 /* PresentationController */,
				F066E9A92A9BA1C8004A6964 /* Buttons */,
			);
			path = Components;
			sourceTree = "<group>";
		};
		F07FBE092A7FFADD00ACA10F /* Extensions */ = {
			isa = PBXGroup;
			children = (
				F07FBE0A2A7FFAF300ACA10F /* UIViewController+KeyboardAppears.swift */,
				F01BA7F02A968E2C008E0DA3 /* String+CopyToClipboard.swift */,
				F01BA7F22A968F5C008E0DA3 /* UIViewController+ShowToast.swift */,
			);
			path = Extensions;
			sourceTree = "<group>";
		};
		F07FBE0C2A801C2800ACA10F /* Assets */ = {
			isa = PBXGroup;
			children = (
				F07FBE0E2A801CB600ACA10F /* ColorSet.swift */,
			);
			path = Assets;
			sourceTree = "<group>";
		};
		F0817FEE2A9BCE510054C15E /* Home */ = {
			isa = PBXGroup;
			children = (
				F0817FEF2A9BCEBB0054C15E /* HomeCoordinator.swift */,
				F02FA0822AA496830089B680 /* Model */,
				F0817FF12A9BD1030054C15E /* View */,
				F0817FF92A9BD4FD0054C15E /* ViewModel */,
			);
			path = Home;
			sourceTree = "<group>";
		};
		F0817FF12A9BD1030054C15E /* View */ = {
			isa = PBXGroup;
			children = (
				F02FA0872AA4D50C0089B680 /* Cell */,
				F0817FF42A9BD1AD0054C15E /* Header */,
				F0817FF22A9BD1160054C15E /* HomeView.swift */,
				F0817FF72A9BD49B0054C15E /* HomeViewController.swift */,
			);
			path = View;
			sourceTree = "<group>";
		};
		F0817FF42A9BD1AD0054C15E /* Header */ = {
			isa = PBXGroup;
			children = (
				F0817FFC2A9BE56F0054C15E /* Cell */,
				F0817FF52A9BD1F00054C15E /* SuggestionsCollectionHeader.swift */,
			);
			path = Header;
			sourceTree = "<group>";
		};
		F0817FF92A9BD4FD0054C15E /* ViewModel */ = {
			isa = PBXGroup;
			children = (
				F0817FFA2A9BD5090054C15E /* HomeViewModel.swift */,
			);
			path = ViewModel;
			sourceTree = "<group>";
		};
		F0817FFC2A9BE56F0054C15E /* Cell */ = {
			isa = PBXGroup;
			children = (
				F0817FFD2A9BE5930054C15E /* SuggestionCategoryCollectionCell.swift */,
			);
			path = Cell;
			sourceTree = "<group>";
		};
		F0A5E3952A93E868000AE129 /* LottieAnimation */ = {
			isa = PBXGroup;
			children = (
				F0A5E3962A93E87C000AE129 /* AssistantTypingAnimation.json */,
			);
			path = LottieAnimation;
			sourceTree = "<group>";
		};
/* End PBXGroup section */

/* Begin PBXNativeTarget section */
		F07FBDAB2A7FBA1C00ACA10F /* AI-Chat-Assistant */ = {
			isa = PBXNativeTarget;
			buildConfigurationList = F07FBDC02A7FBA1D00ACA10F /* Build configuration list for PBXNativeTarget "AI-Chat-Assistant" */;
			buildPhases = (
				F07FBDA82A7FBA1C00ACA10F /* Sources */,
				F07FBDA92A7FBA1C00ACA10F /* Frameworks */,
				F07FBDAA2A7FBA1C00ACA10F /* Resources */,
			);
			buildRules = (
			);
			dependencies = (
			);
			name = "AI-Chat-Assistant";
			packageProductDependencies = (
				F07FBDDF2A7FD01B00ACA10F /* Moya */,
				F07FBE012A7FE66C00ACA10F /* SnapKit */,
				F0DADC2E2A81893F00BFC78D /* ProgressHUD */,
				F0A5E3912A93D036000AE129 /* GhostTypewriter */,
				F0A5E3992A93E8D8000AE129 /* Lottie */,
			);
			productName = "AI-Chat-Assistant";
			productReference = F07FBDAC2A7FBA1C00ACA10F /* AI-Chat-Assistant.app */;
			productType = "com.apple.product-type.application";
		};
/* End PBXNativeTarget section */

/* Begin PBXProject section */
		F07FBDA42A7FBA1C00ACA10F /* Project object */ = {
			isa = PBXProject;
			attributes = {
				BuildIndependentTargetsInParallel = 1;
				LastSwiftUpdateCheck = 1430;
				LastUpgradeCheck = 1430;
				TargetAttributes = {
					F07FBDAB2A7FBA1C00ACA10F = {
						CreatedOnToolsVersion = 14.3.1;
					};
				};
			};
			buildConfigurationList = F07FBDA72A7FBA1C00ACA10F /* Build configuration list for PBXProject "AI-Chat-Assistant" */;
			compatibilityVersion = "Xcode 14.0";
			developmentRegion = en;
			hasScannedForEncodings = 0;
			knownRegions = (
				en,
				Base,
			);
			mainGroup = F07FBDA32A7FBA1C00ACA10F;
			packageReferences = (
				F07FBDDE2A7FD01B00ACA10F /* XCRemoteSwiftPackageReference "Moya" */,
				F07FBE002A7FE66C00ACA10F /* XCRemoteSwiftPackageReference "SnapKit" */,
				F0DADC2D2A81893F00BFC78D /* XCRemoteSwiftPackageReference "ProgressHUD" */,
				F0A5E3902A93D036000AE129 /* XCRemoteSwiftPackageReference "GhostTypewriter" */,
				F0A5E3982A93E8D8000AE129 /* XCRemoteSwiftPackageReference "lottie-ios" */,
			);
			productRefGroup = F07FBDAD2A7FBA1C00ACA10F /* Products */;
			projectDirPath = "";
			projectRoot = "";
			targets = (
				F07FBDAB2A7FBA1C00ACA10F /* AI-Chat-Assistant */,
			);
		};
/* End PBXProject section */

/* Begin PBXResourcesBuildPhase section */
		F07FBDAA2A7FBA1C00ACA10F /* Resources */ = {
			isa = PBXResourcesBuildPhase;
			buildActionMask = 2147483647;
			files = (
				F07FBDBC2A7FBA1D00ACA10F /* LaunchScreen.storyboard in Resources */,
				F0A5E3972A93E87C000AE129 /* AssistantTypingAnimation.json in Resources */,
				F07FBDB92A7FBA1D00ACA10F /* Assets.xcassets in Resources */,
			);
			runOnlyForDeploymentPostprocessing = 0;
		};
/* End PBXResourcesBuildPhase section */

/* Begin PBXSourcesBuildPhase section */
		F07FBDA82A7FBA1C00ACA10F /* Sources */ = {
			isa = PBXSourcesBuildPhase;
			buildActionMask = 2147483647;
			files = (
				F0ADEFAD2AA65D47008403CA /* EmailSuggestions.swift in Sources */,
				F066E9A82A9B9994004A6964 /* ModelSelectViewModel.swift in Sources */,
				F07FBDEB2A7FD28400ACA10F /* NetworkConstants.swift in Sources */,
				F07FBDCB2A7FBADF00ACA10F /* AppCoordinator.swift in Sources */,
				F07FBDD22A7FBBB700ACA10F /* MainCoordinator.swift in Sources */,
				F07FBDE42A7FD07900ACA10F /* NetworkManager.swift in Sources */,
				F0817FF32A9BD1160054C15E /* HomeView.swift in Sources */,
				F07FBDE72A7FD1B900ACA10F /* OpenAIChatBody.swift in Sources */,
				F0ADEFB12AA65D7C008403CA /* CreativeIdeaSuggestions.swift in Sources */,
				F07FBDFC2A7FE1F400ACA10F /* ChatView.swift in Sources */,
				F01BA7F32A968F5C008E0DA3 /* UIViewController+ShowToast.swift in Sources */,
				F02FA08B2AA4D5810089B680 /* SuggestionsCollectionCell.swift in Sources */,
				F07FBE0F2A801CB600ACA10F /* ColorSet.swift in Sources */,
				F0ADEFA92AA65CFD008403CA /* SocialMediaSuggestions.swift in Sources */,
				F0817FFB2A9BD5090054C15E /* HomeViewModel.swift in Sources */,
				F07FBDB02A7FBA1C00ACA10F /* AppDelegate.swift in Sources */,
				F066E9A32A9B9654004A6964 /* ModelConstants.swift in Sources */,
				F0ADEFAB2AA65D23008403CA /* CareerSuggestions.swift in Sources */,
				F0ADEF9B2AA65BF3008403CA /* BeautyLifestyleSuggestions.swift in Sources */,
				F066E99C2A9B8F61004A6964 /* ModelSelectCoordinator.swift in Sources */,
				F066E9A12A9B9022004A6964 /* ModelSelectCollectionCell.swift in Sources */,
				F07FBDD52A7FBC9400ACA10F /* ChatCoordinator.swift in Sources */,
				F0ADEF9F2AA65C48008403CA /* AstrologySuggestions.swift in Sources */,
				F07FBDD02A7FBB9D00ACA10F /* MainTabBarController.swift in Sources */,
				F02FA0862AA49A3A0089B680 /* SuggestionModel.swift in Sources */,
				F0ADEFAF2AA65D5C008403CA /* ScienceSuggestions.swift in Sources */,
				F07FBDFA2A7FD84F00ACA10F /* ChatViewModel.swift in Sources */,
				F07FBDB22A7FBA1C00ACA10F /* SceneDelegate.swift in Sources */,
				F0ADEFA52AA65CB9008403CA /* BusinessMarketing.swift in Sources */,
				F0ADEF972AA65B2F008403CA /* EducationSuggestions.swift in Sources */,
				F07FBDFF2A7FE37E00ACA10F /* UserChatCollectionCell.swift in Sources */,
				F06AA0802AA507B900B5B424 /* SuggestionsProvider.swift in Sources */,
				F0817FF62A9BD1F00054C15E /* SuggestionsCollectionHeader.swift in Sources */,
				F0ADEF992AA65BAD008403CA /* FunSuggestions.swift in Sources */,
				F07FBDE22A7FD03E00ACA10F /* NetworkEndPointCases.swift in Sources */,
				F07FBDF52A7FD72100ACA10F /* NetworkService.swift in Sources */,
				F0ADEF9D2AA65C26008403CA /* HealthNutritionSuggestions.swift in Sources */,
				F07FBE0B2A7FFAF300ACA10F /* UIViewController+KeyboardAppears.swift in Sources */,
				F0817FF82A9BD49B0054C15E /* HomeViewController.swift in Sources */,
				F066E99E2A9B8FD3004A6964 /* ModelSelectView.swift in Sources */,
				F07FBE042A7FE96D00ACA10F /* AssistantChatCollectionCell.swift in Sources */,
				F0ADEFA72AA65CDD008403CA /* SocialSuggestions.swift in Sources */,
				F07F3E7A2AA7934500075CE5 /* AppName.swift in Sources */,
				F0817FFE2A9BE5930054C15E /* SuggestionCategoryCollectionCell.swift in Sources */,
				F07FBDF22A7FD57B00ACA10F /* HomeModel.swift in Sources */,
				F066E9AE2A9BB19E004A6964 /* CustomPresentationController.swift in Sources */,
				F07FBDEE2A7FD2E900ACA10F /* OpenAIChatResponse.swift in Sources */,
				F07FBDC92A7FBABD00ACA10F /* Coordinator.swift in Sources */,
				F066E9AB2A9BA1DE004A6964 /* ChatModelSelectButton.swift in Sources */,
				F01BA7F12A968E2C008E0DA3 /* String+CopyToClipboard.swift in Sources */,
				F0ADEFA32AA65C94008403CA /* TravelSuggestions.swift in Sources */,
				F066E9A52A9B9894004A6964 /* ModelSelectViewController.swift in Sources */,
				F07FBDDB2A7FBD4A00ACA10F /* ChatViewController.swift in Sources */,
				F07FBDF72A7FD74B00ACA10F /* OpenAIChatService.swift in Sources */,
				F0817FF02A9BCEBB0054C15E /* HomeCoordinator.swift in Sources */,
			);
			runOnlyForDeploymentPostprocessing = 0;
		};
/* End PBXSourcesBuildPhase section */

/* Begin PBXVariantGroup section */
		F07FBDBA2A7FBA1D00ACA10F /* LaunchScreen.storyboard */ = {
			isa = PBXVariantGroup;
			children = (
				F07FBDBB2A7FBA1D00ACA10F /* Base */,
			);
			name = LaunchScreen.storyboard;
			sourceTree = "<group>";
		};
/* End PBXVariantGroup section */

/* Begin XCBuildConfiguration section */
		F07FBDBE2A7FBA1D00ACA10F /* Debug */ = {
			isa = XCBuildConfiguration;
			buildSettings = {
				ALWAYS_SEARCH_USER_PATHS = NO;
				CLANG_ANALYZER_NONNULL = YES;
				CLANG_ANALYZER_NUMBER_OBJECT_CONVERSION = YES_AGGRESSIVE;
				CLANG_CXX_LANGUAGE_STANDARD = "gnu++20";
				CLANG_ENABLE_MODULES = YES;
				CLANG_ENABLE_OBJC_ARC = YES;
				CLANG_ENABLE_OBJC_WEAK = YES;
				CLANG_WARN_BLOCK_CAPTURE_AUTORELEASING = YES;
				CLANG_WARN_BOOL_CONVERSION = YES;
				CLANG_WARN_COMMA = YES;
				CLANG_WARN_CONSTANT_CONVERSION = YES;
				CLANG_WARN_DEPRECATED_OBJC_IMPLEMENTATIONS = YES;
				CLANG_WARN_DIRECT_OBJC_ISA_USAGE = YES_ERROR;
				CLANG_WARN_DOCUMENTATION_COMMENTS = YES;
				CLANG_WARN_EMPTY_BODY = YES;
				CLANG_WARN_ENUM_CONVERSION = YES;
				CLANG_WARN_INFINITE_RECURSION = YES;
				CLANG_WARN_INT_CONVERSION = YES;
				CLANG_WARN_NON_LITERAL_NULL_CONVERSION = YES;
				CLANG_WARN_OBJC_IMPLICIT_RETAIN_SELF = YES;
				CLANG_WARN_OBJC_LITERAL_CONVERSION = YES;
				CLANG_WARN_OBJC_ROOT_CLASS = YES_ERROR;
				CLANG_WARN_QUOTED_INCLUDE_IN_FRAMEWORK_HEADER = YES;
				CLANG_WARN_RANGE_LOOP_ANALYSIS = YES;
				CLANG_WARN_STRICT_PROTOTYPES = YES;
				CLANG_WARN_SUSPICIOUS_MOVE = YES;
				CLANG_WARN_UNGUARDED_AVAILABILITY = YES_AGGRESSIVE;
				CLANG_WARN_UNREACHABLE_CODE = YES;
				CLANG_WARN__DUPLICATE_METHOD_MATCH = YES;
				COPY_PHASE_STRIP = NO;
				DEBUG_INFORMATION_FORMAT = dwarf;
				ENABLE_STRICT_OBJC_MSGSEND = YES;
				ENABLE_TESTABILITY = YES;
				GCC_C_LANGUAGE_STANDARD = gnu11;
				GCC_DYNAMIC_NO_PIC = NO;
				GCC_NO_COMMON_BLOCKS = YES;
				GCC_OPTIMIZATION_LEVEL = 0;
				GCC_PREPROCESSOR_DEFINITIONS = (
					"DEBUG=1",
					"$(inherited)",
				);
				GCC_WARN_64_TO_32_BIT_CONVERSION = YES;
				GCC_WARN_ABOUT_RETURN_TYPE = YES_ERROR;
				GCC_WARN_UNDECLARED_SELECTOR = YES;
				GCC_WARN_UNINITIALIZED_AUTOS = YES_AGGRESSIVE;
				GCC_WARN_UNUSED_FUNCTION = YES;
				GCC_WARN_UNUSED_VARIABLE = YES;
				IPHONEOS_DEPLOYMENT_TARGET = 16.4;
				MTL_ENABLE_DEBUG_INFO = INCLUDE_SOURCE;
				MTL_FAST_MATH = YES;
				ONLY_ACTIVE_ARCH = YES;
				SDKROOT = iphoneos;
				SWIFT_ACTIVE_COMPILATION_CONDITIONS = DEBUG;
				SWIFT_OPTIMIZATION_LEVEL = "-Onone";
			};
			name = Debug;
		};
		F07FBDBF2A7FBA1D00ACA10F /* Release */ = {
			isa = XCBuildConfiguration;
			buildSettings = {
				ALWAYS_SEARCH_USER_PATHS = NO;
				CLANG_ANALYZER_NONNULL = YES;
				CLANG_ANALYZER_NUMBER_OBJECT_CONVERSION = YES_AGGRESSIVE;
				CLANG_CXX_LANGUAGE_STANDARD = "gnu++20";
				CLANG_ENABLE_MODULES = YES;
				CLANG_ENABLE_OBJC_ARC = YES;
				CLANG_ENABLE_OBJC_WEAK = YES;
				CLANG_WARN_BLOCK_CAPTURE_AUTORELEASING = YES;
				CLANG_WARN_BOOL_CONVERSION = YES;
				CLANG_WARN_COMMA = YES;
				CLANG_WARN_CONSTANT_CONVERSION = YES;
				CLANG_WARN_DEPRECATED_OBJC_IMPLEMENTATIONS = YES;
				CLANG_WARN_DIRECT_OBJC_ISA_USAGE = YES_ERROR;
				CLANG_WARN_DOCUMENTATION_COMMENTS = YES;
				CLANG_WARN_EMPTY_BODY = YES;
				CLANG_WARN_ENUM_CONVERSION = YES;
				CLANG_WARN_INFINITE_RECURSION = YES;
				CLANG_WARN_INT_CONVERSION = YES;
				CLANG_WARN_NON_LITERAL_NULL_CONVERSION = YES;
				CLANG_WARN_OBJC_IMPLICIT_RETAIN_SELF = YES;
				CLANG_WARN_OBJC_LITERAL_CONVERSION = YES;
				CLANG_WARN_OBJC_ROOT_CLASS = YES_ERROR;
				CLANG_WARN_QUOTED_INCLUDE_IN_FRAMEWORK_HEADER = YES;
				CLANG_WARN_RANGE_LOOP_ANALYSIS = YES;
				CLANG_WARN_STRICT_PROTOTYPES = YES;
				CLANG_WARN_SUSPICIOUS_MOVE = YES;
				CLANG_WARN_UNGUARDED_AVAILABILITY = YES_AGGRESSIVE;
				CLANG_WARN_UNREACHABLE_CODE = YES;
				CLANG_WARN__DUPLICATE_METHOD_MATCH = YES;
				COPY_PHASE_STRIP = NO;
				DEBUG_INFORMATION_FORMAT = "dwarf-with-dsym";
				ENABLE_NS_ASSERTIONS = NO;
				ENABLE_STRICT_OBJC_MSGSEND = YES;
				GCC_C_LANGUAGE_STANDARD = gnu11;
				GCC_NO_COMMON_BLOCKS = YES;
				GCC_WARN_64_TO_32_BIT_CONVERSION = YES;
				GCC_WARN_ABOUT_RETURN_TYPE = YES_ERROR;
				GCC_WARN_UNDECLARED_SELECTOR = YES;
				GCC_WARN_UNINITIALIZED_AUTOS = YES_AGGRESSIVE;
				GCC_WARN_UNUSED_FUNCTION = YES;
				GCC_WARN_UNUSED_VARIABLE = YES;
				IPHONEOS_DEPLOYMENT_TARGET = 16.4;
				MTL_ENABLE_DEBUG_INFO = NO;
				MTL_FAST_MATH = YES;
				SDKROOT = iphoneos;
				SWIFT_COMPILATION_MODE = wholemodule;
				SWIFT_OPTIMIZATION_LEVEL = "-O";
				VALIDATE_PRODUCT = YES;
			};
			name = Release;
		};
		F07FBDC12A7FBA1D00ACA10F /* Debug */ = {
			isa = XCBuildConfiguration;
			buildSettings = {
				ASSETCATALOG_COMPILER_APPICON_NAME = AppIcon;
				ASSETCATALOG_COMPILER_GLOBAL_ACCENT_COLOR_NAME = AccentColor;
				CODE_SIGN_STYLE = Automatic;
				CURRENT_PROJECT_VERSION = 1;
				DEVELOPMENT_TEAM = 78Y3UD747G;
				GENERATE_INFOPLIST_FILE = YES;
				INFOPLIST_FILE = "AI-Chat-Assistant/Support/Info.plist";
				INFOPLIST_KEY_UIApplicationSupportsIndirectInputEvents = YES;
				INFOPLIST_KEY_UILaunchStoryboardName = LaunchScreen;
				INFOPLIST_KEY_UISupportedInterfaceOrientations = UIInterfaceOrientationPortrait;
				INFOPLIST_KEY_UISupportedInterfaceOrientations_iPad = "UIInterfaceOrientationLandscapeLeft UIInterfaceOrientationLandscapeRight UIInterfaceOrientationPortrait UIInterfaceOrientationPortraitUpsideDown";
				IPHONEOS_DEPLOYMENT_TARGET = 14.0;
				LD_RUNPATH_SEARCH_PATHS = (
					"$(inherited)",
					"@executable_path/Frameworks",
				);
				MARKETING_VERSION = 1.0.0;
				PRODUCT_BUNDLE_IDENTIFIER = "com.ekremalkan.AI-Chat-Assistant";
				PRODUCT_NAME = "$(TARGET_NAME)";
				SUPPORTED_PLATFORMS = "iphoneos iphonesimulator";
				SUPPORTS_MACCATALYST = NO;
				SUPPORTS_MAC_DESIGNED_FOR_IPHONE_IPAD = NO;
				SWIFT_EMIT_LOC_STRINGS = YES;
				SWIFT_VERSION = 5.0;
				TARGETED_DEVICE_FAMILY = "1,2";
			};
			name = Debug;
		};
		F07FBDC22A7FBA1D00ACA10F /* Release */ = {
			isa = XCBuildConfiguration;
			buildSettings = {
				ASSETCATALOG_COMPILER_APPICON_NAME = AppIcon;
				ASSETCATALOG_COMPILER_GLOBAL_ACCENT_COLOR_NAME = AccentColor;
				CODE_SIGN_STYLE = Automatic;
				CURRENT_PROJECT_VERSION = 1;
				DEVELOPMENT_TEAM = 78Y3UD747G;
				GENERATE_INFOPLIST_FILE = YES;
				INFOPLIST_FILE = "AI-Chat-Assistant/Support/Info.plist";
				INFOPLIST_KEY_UIApplicationSupportsIndirectInputEvents = YES;
				INFOPLIST_KEY_UILaunchStoryboardName = LaunchScreen;
				INFOPLIST_KEY_UISupportedInterfaceOrientations = UIInterfaceOrientationPortrait;
				INFOPLIST_KEY_UISupportedInterfaceOrientations_iPad = "UIInterfaceOrientationLandscapeLeft UIInterfaceOrientationLandscapeRight UIInterfaceOrientationPortrait UIInterfaceOrientationPortraitUpsideDown";
				IPHONEOS_DEPLOYMENT_TARGET = 14.0;
				LD_RUNPATH_SEARCH_PATHS = (
					"$(inherited)",
					"@executable_path/Frameworks",
				);
				MARKETING_VERSION = 1.0.0;
				PRODUCT_BUNDLE_IDENTIFIER = "com.ekremalkan.AI-Chat-Assistant";
				PRODUCT_NAME = "$(TARGET_NAME)";
				SUPPORTED_PLATFORMS = "iphoneos iphonesimulator";
				SUPPORTS_MACCATALYST = NO;
				SUPPORTS_MAC_DESIGNED_FOR_IPHONE_IPAD = NO;
				SWIFT_EMIT_LOC_STRINGS = YES;
				SWIFT_VERSION = 5.0;
				TARGETED_DEVICE_FAMILY = "1,2";
			};
			name = Release;
		};
/* End XCBuildConfiguration section */

/* Begin XCConfigurationList section */
		F07FBDA72A7FBA1C00ACA10F /* Build configuration list for PBXProject "AI-Chat-Assistant" */ = {
			isa = XCConfigurationList;
			buildConfigurations = (
				F07FBDBE2A7FBA1D00ACA10F /* Debug */,
				F07FBDBF2A7FBA1D00ACA10F /* Release */,
			);
			defaultConfigurationIsVisible = 0;
			defaultConfigurationName = Release;
		};
		F07FBDC02A7FBA1D00ACA10F /* Build configuration list for PBXNativeTarget "AI-Chat-Assistant" */ = {
			isa = XCConfigurationList;
			buildConfigurations = (
				F07FBDC12A7FBA1D00ACA10F /* Debug */,
				F07FBDC22A7FBA1D00ACA10F /* Release */,
			);
			defaultConfigurationIsVisible = 0;
			defaultConfigurationName = Release;
		};
/* End XCConfigurationList section */

/* Begin XCRemoteSwiftPackageReference section */
		F07FBDDE2A7FD01B00ACA10F /* XCRemoteSwiftPackageReference "Moya" */ = {
			isa = XCRemoteSwiftPackageReference;
			repositoryURL = "https://github.com/Moya/Moya.git";
			requirement = {
				kind = upToNextMajorVersion;
				minimumVersion = 15.0.0;
			};
		};
		F07FBE002A7FE66C00ACA10F /* XCRemoteSwiftPackageReference "SnapKit" */ = {
			isa = XCRemoteSwiftPackageReference;
			repositoryURL = "https://github.com/SnapKit/SnapKit.git";
			requirement = {
				kind = upToNextMajorVersion;
				minimumVersion = 5.0.0;
			};
		};
		F0A5E3902A93D036000AE129 /* XCRemoteSwiftPackageReference "GhostTypewriter" */ = {
			isa = XCRemoteSwiftPackageReference;
			repositoryURL = "https://github.com/wibosco/GhostTypewriter.git";
			requirement = {
				kind = upToNextMajorVersion;
				minimumVersion = 2.0.0;
			};
		};
		F0A5E3982A93E8D8000AE129 /* XCRemoteSwiftPackageReference "lottie-ios" */ = {
			isa = XCRemoteSwiftPackageReference;
			repositoryURL = "https://github.com/airbnb/lottie-ios.git";
			requirement = {
				kind = upToNextMajorVersion;
				minimumVersion = 4.0.0;
			};
		};
		F0DADC2D2A81893F00BFC78D /* XCRemoteSwiftPackageReference "ProgressHUD" */ = {
			isa = XCRemoteSwiftPackageReference;
			repositoryURL = "https://github.com/relatedcode/ProgressHUD";
			requirement = {
				kind = upToNextMajorVersion;
				minimumVersion = 13.0.0;
			};
		};
/* End XCRemoteSwiftPackageReference section */

/* Begin XCSwiftPackageProductDependency section */
		F07FBDDF2A7FD01B00ACA10F /* Moya */ = {
			isa = XCSwiftPackageProductDependency;
			package = F07FBDDE2A7FD01B00ACA10F /* XCRemoteSwiftPackageReference "Moya" */;
			productName = Moya;
		};
		F07FBE012A7FE66C00ACA10F /* SnapKit */ = {
			isa = XCSwiftPackageProductDependency;
			package = F07FBE002A7FE66C00ACA10F /* XCRemoteSwiftPackageReference "SnapKit" */;
			productName = SnapKit;
		};
		F0A5E3912A93D036000AE129 /* GhostTypewriter */ = {
			isa = XCSwiftPackageProductDependency;
			package = F0A5E3902A93D036000AE129 /* XCRemoteSwiftPackageReference "GhostTypewriter" */;
			productName = GhostTypewriter;
		};
		F0A5E3992A93E8D8000AE129 /* Lottie */ = {
			isa = XCSwiftPackageProductDependency;
			package = F0A5E3982A93E8D8000AE129 /* XCRemoteSwiftPackageReference "lottie-ios" */;
			productName = Lottie;
		};
		F0DADC2E2A81893F00BFC78D /* ProgressHUD */ = {
			isa = XCSwiftPackageProductDependency;
			package = F0DADC2D2A81893F00BFC78D /* XCRemoteSwiftPackageReference "ProgressHUD" */;
			productName = ProgressHUD;
		};
/* End XCSwiftPackageProductDependency section */
	};
	rootObject = F07FBDA42A7FBA1C00ACA10F /* Project object */;
}
